{
  "version": 4,
  "terraform_version": "1.4.2",
  "serial": 15,
  "lineage": "56597cdb-6252-b139-d6c3-74de8498632b",
  "outputs": {},
  "resources": [
    {
      "mode": "managed",
      "type": "azurerm_linux_virtual_machine",
      "name": "linux_vm",
      "provider": "provider[\"registry.terraform.io/hashicorp/azurerm\"]",
      "instances": [
        {
          "schema_version": 0,
          "attributes": {
            "additional_capabilities": [],
            "admin_password": "Linux@123",
            "admin_ssh_key": [
              {
                "public_key": "ssh-rsa AAAAB3NzaC1yc2EAAAADAQABAAABgQCZlN6BlMxfINpOdpXc7NzE5GwLpD1lEqUgEHSckdeHjXTLSkmNYnKHAcWaXaEXwof+QHnjG/Xnibq/fU5CXSI3m7lvCeH1H0lR8+rrOz/jR63j6QTsk1grApmS/dG9pkjEKk5NsGTijTG3RUdRTSfVEWSfBv9FI4vASIdcm19FyGXnglpdcTlX7oNKFZPwyM63ADVjzF9z1TL2wqZovag3PZWr2i0rm0LubuMpLDtbWbDtpi06zDYStK3rbjIqqdTjwDtez+MPLNNCP6ofWdFJ0tbctkKZPxLPslAFp1/Cd3qkGazlQAgacc3W9i4Anfas7ElEn0St3UlqYgpfNP3DUNB5UTKizLI2t3wu4KTm3IhDfImfeeuHrfGrF85XRiA0PB+pg5qGkGGOCCVbvSancdYTHeapVqiZCh5epGKgIEByAWXT/TCd0kUG2C/bKwBBPbaZH2qikoc8LONPyo97omnsHqlO2LwhJoMT5IzHfFU7zzPMDCuz1GQmkh2LaYE= chaitanyavm@chaitanya-vm\r\n",
                "username": "Chaitanya"
              }
            ],
            "admin_username": "Chaitanya",
            "allow_extension_operations": true,
            "availability_set_id": "",
            "boot_diagnostics": [
              {
                "storage_account_uri": "https://diagdb2b27e118e16386.blob.core.windows.net/"
              }
            ],
            "capacity_reservation_group_id": "",
            "computer_name": "ChaituLinuxvm",
            "custom_data": null,
            "dedicated_host_group_id": "",
            "dedicated_host_id": "",
            "disable_password_authentication": true,
            "edge_zone": "",
            "encryption_at_host_enabled": false,
            "eviction_policy": "",
            "extensions_time_budget": "PT1H30M",
            "gallery_application": [],
            "id": "/subscriptions/e35bea4b-678e-4390-b4c2-7274791aa941/resourceGroups/Chaitulx-rg/providers/Microsoft.Compute/virtualMachines/Chaitu-linuxVM",
            "identity": [],
            "license_type": "",
            "location": "eastus",
            "max_bid_price": -1,
            "name": "Chaitu-linuxVM",
            "network_interface_ids": [
              "/subscriptions/e35bea4b-678e-4390-b4c2-7274791aa941/resourceGroups/Chaitulx-rg/providers/Microsoft.Network/networkInterfaces/myLinux-nic"
            ],
            "os_disk": [
              {
                "caching": "ReadWrite",
                "diff_disk_settings": [],
                "disk_encryption_set_id": "",
                "disk_size_gb": 30,
                "name": "mylinuxOsDisk",
                "secure_vm_disk_encryption_set_id": "",
                "security_encryption_type": "",
                "storage_account_type": "Standard_LRS",
                "write_accelerator_enabled": false
              }
            ],
            "patch_assessment_mode": "ImageDefault",
            "patch_mode": "ImageDefault",
            "plan": [],
            "platform_fault_domain": -1,
            "priority": "Regular",
            "private_ip_address": "10.0.1.4",
            "private_ip_addresses": [
              "10.0.1.4"
            ],
            "provision_vm_agent": true,
            "proximity_placement_group_id": "",
            "public_ip_address": "74.235.24.19",
            "public_ip_addresses": [
              "74.235.24.19"
            ],
            "resource_group_name": "Chaitulx-rg",
            "secret": [],
            "secure_boot_enabled": false,
            "size": "Standard_B1ls",
            "source_image_id": "",
            "source_image_reference": [
              {
                "offer": "UbuntuServer",
                "publisher": "Canonical",
                "sku": "18.04-LTS",
                "version": "latest"
              }
            ],
            "tags": null,
            "termination_notification": null,
            "timeouts": null,
            "user_data": "",
            "virtual_machine_id": "62a3fdfa-2a84-4e2d-8185-07830d03f16e",
            "virtual_machine_scale_set_id": "",
            "vtpm_enabled": false,
            "zone": ""
          },
          "sensitive_attributes": [],
          "private": "eyJlMmJmYjczMC1lY2FhLTExZTYtOGY4OC0zNDM2M2JjN2M0YzAiOnsiY3JlYXRlIjoyNzAwMDAwMDAwMDAwLCJkZWxldGUiOjI3MDAwMDAwMDAwMDAsInJlYWQiOjMwMDAwMDAwMDAwMCwidXBkYXRlIjoyNzAwMDAwMDAwMDAwfX0=",
          "dependencies": [
            "azurerm_network_interface.nic",
            "azurerm_public_ip.public_ip",
            "azurerm_resource_group.Chaitu-rg",
            "azurerm_storage_account.boodia",
            "azurerm_subnet.subnet",
            "azurerm_virtual_network.vnet",
            "random_id.random_id"
          ]
        }
      ]
    },
    {
      "mode": "managed",
      "type": "azurerm_network_interface",
      "name": "nic",
      "provider": "provider[\"registry.terraform.io/hashicorp/azurerm\"]",
      "instances": [
        {
          "schema_version": 0,
          "attributes": {
            "applied_dns_servers": [],
            "dns_servers": [],
            "edge_zone": "",
            "enable_accelerated_networking": false,
            "enable_ip_forwarding": false,
            "id": "/subscriptions/e35bea4b-678e-4390-b4c2-7274791aa941/resourceGroups/Chaitulx-rg/providers/Microsoft.Network/networkInterfaces/myLinux-nic",
            "internal_dns_name_label": "",
            "internal_domain_name_suffix": "j3yzgpbblgmufovylptatthcab.bx.internal.cloudapp.net",
            "ip_configuration": [
              {
                "gateway_load_balancer_frontend_ip_configuration_id": "",
                "name": "myLinux-ipconfig",
                "primary": true,
                "private_ip_address": "10.0.1.4",
                "private_ip_address_allocation": "Dynamic",
                "private_ip_address_version": "IPv4",
                "public_ip_address_id": "/subscriptions/e35bea4b-678e-4390-b4c2-7274791aa941/resourceGroups/Chaitulx-rg/providers/Microsoft.Network/publicIPAddresses/my-PIP",
                "subnet_id": "/subscriptions/e35bea4b-678e-4390-b4c2-7274791aa941/resourceGroups/Chaitulx-rg/providers/Microsoft.Network/virtualNetworks/my-vnet/subnets/my-subnet"
              }
            ],
            "location": "eastus",
            "mac_address": "",
            "name": "myLinux-nic",
            "private_ip_address": "10.0.1.4",
            "private_ip_addresses": [
              "10.0.1.4"
            ],
            "resource_group_name": "Chaitulx-rg",
            "tags": null,
            "timeouts": null,
            "virtual_machine_id": ""
          },
          "sensitive_attributes": [],
          "private": "eyJlMmJmYjczMC1lY2FhLTExZTYtOGY4OC0zNDM2M2JjN2M0YzAiOnsiY3JlYXRlIjoxODAwMDAwMDAwMDAwLCJkZWxldGUiOjE4MDAwMDAwMDAwMDAsInJlYWQiOjMwMDAwMDAwMDAwMCwidXBkYXRlIjoxODAwMDAwMDAwMDAwfX0=",
          "dependencies": [
            "azurerm_public_ip.public_ip",
            "azurerm_resource_group.Chaitu-rg",
            "azurerm_subnet.subnet",
            "azurerm_virtual_network.vnet"
          ]
        }
      ]
    },
    {
      "mode": "managed",
      "type": "azurerm_network_interface_security_group_association",
      "name": "nisg_association",
      "provider": "provider[\"registry.terraform.io/hashicorp/azurerm\"]",
      "instances": [
        {
          "schema_version": 0,
          "attributes": {
            "id": "/subscriptions/e35bea4b-678e-4390-b4c2-7274791aa941/resourceGroups/Chaitulx-rg/providers/Microsoft.Network/networkInterfaces/myLinux-nic|/subscriptions/e35bea4b-678e-4390-b4c2-7274791aa941/resourceGroups/Chaitulx-rg/providers/Microsoft.Network/networkSecurityGroups/my-nsg",
            "network_interface_id": "/subscriptions/e35bea4b-678e-4390-b4c2-7274791aa941/resourceGroups/Chaitulx-rg/providers/Microsoft.Network/networkInterfaces/myLinux-nic",
            "network_security_group_id": "/subscriptions/e35bea4b-678e-4390-b4c2-7274791aa941/resourceGroups/Chaitulx-rg/providers/Microsoft.Network/networkSecurityGroups/my-nsg",
            "timeouts": null
          },
          "sensitive_attributes": [],
          "private": "eyJlMmJmYjczMC1lY2FhLTExZTYtOGY4OC0zNDM2M2JjN2M0YzAiOnsiY3JlYXRlIjoxODAwMDAwMDAwMDAwLCJkZWxldGUiOjE4MDAwMDAwMDAwMDAsInJlYWQiOjMwMDAwMDAwMDAwMCwidXBkYXRlIjoxODAwMDAwMDAwMDAwfX0=",
          "dependencies": [
            "azurerm_network_interface.nic",
            "azurerm_network_security_group.nsg",
            "azurerm_public_ip.public_ip",
            "azurerm_resource_group.Chaitu-rg",
            "azurerm_subnet.subnet",
            "azurerm_virtual_network.vnet"
          ]
        }
      ]
    },
    {
      "mode": "managed",
      "type": "azurerm_network_security_group",
      "name": "nsg",
      "provider": "provider[\"registry.terraform.io/hashicorp/azurerm\"]",
      "instances": [
        {
          "schema_version": 0,
          "attributes": {
            "id": "/subscriptions/e35bea4b-678e-4390-b4c2-7274791aa941/resourceGroups/Chaitulx-rg/providers/Microsoft.Network/networkSecurityGroups/my-nsg",
            "location": "eastus",
            "name": "my-nsg",
            "resource_group_name": "Chaitulx-rg",
            "security_rule": [
              {
                "access": "Allow",
                "description": "",
                "destination_address_prefix": "*",
                "destination_address_prefixes": [],
                "destination_application_security_group_ids": [],
                "destination_port_range": "22",
                "destination_port_ranges": [],
                "direction": "Inbound",
                "name": "ssh",
                "priority": 1001,
                "protocol": "Tcp",
                "source_address_prefix": "*",
                "source_address_prefixes": [],
                "source_application_security_group_ids": [],
                "source_port_range": "*",
                "source_port_ranges": []
              }
            ],
            "tags": null,
            "timeouts": null
          },
          "sensitive_attributes": [],
          "private": "eyJlMmJmYjczMC1lY2FhLTExZTYtOGY4OC0zNDM2M2JjN2M0YzAiOnsiY3JlYXRlIjoxODAwMDAwMDAwMDAwLCJkZWxldGUiOjE4MDAwMDAwMDAwMDAsInJlYWQiOjMwMDAwMDAwMDAwMCwidXBkYXRlIjoxODAwMDAwMDAwMDAwfX0=",
          "dependencies": [
            "azurerm_resource_group.Chaitu-rg"
          ]
        }
      ]
    },
    {
      "mode": "managed",
      "type": "azurerm_public_ip",
      "name": "public_ip",
      "provider": "provider[\"registry.terraform.io/hashicorp/azurerm\"]",
      "instances": [
        {
          "schema_version": 0,
          "attributes": {
            "allocation_method": "Static",
            "ddos_protection_mode": "VirtualNetworkInherited",
            "ddos_protection_plan_id": null,
            "domain_name_label": null,
            "edge_zone": "",
            "fqdn": null,
            "id": "/subscriptions/e35bea4b-678e-4390-b4c2-7274791aa941/resourceGroups/Chaitulx-rg/providers/Microsoft.Network/publicIPAddresses/my-PIP",
            "idle_timeout_in_minutes": 4,
            "ip_address": "74.235.24.19",
            "ip_tags": null,
            "ip_version": "IPv4",
            "location": "eastus",
            "name": "my-PIP",
            "public_ip_prefix_id": null,
            "resource_group_name": "Chaitulx-rg",
            "reverse_fqdn": null,
            "sku": "Basic",
            "sku_tier": "Regional",
            "tags": null,
            "timeouts": null,
            "zones": null
          },
          "sensitive_attributes": [],
          "private": "eyJlMmJmYjczMC1lY2FhLTExZTYtOGY4OC0zNDM2M2JjN2M0YzAiOnsiY3JlYXRlIjoxODAwMDAwMDAwMDAwLCJkZWxldGUiOjE4MDAwMDAwMDAwMDAsInJlYWQiOjMwMDAwMDAwMDAwMCwidXBkYXRlIjoxODAwMDAwMDAwMDAwfX0=",
          "dependencies": [
            "azurerm_resource_group.Chaitu-rg"
          ]
        }
      ]
    },
    {
      "mode": "managed",
      "type": "azurerm_resource_group",
      "name": "Chaitu-rg",
      "provider": "provider[\"registry.terraform.io/hashicorp/azurerm\"]",
      "instances": [
        {
          "schema_version": 0,
          "attributes": {
            "id": "/subscriptions/e35bea4b-678e-4390-b4c2-7274791aa941/resourceGroups/Chaitulx-rg",
            "location": "eastus",
            "name": "Chaitulx-rg",
            "tags": null,
            "timeouts": null
          },
          "sensitive_attributes": [],
          "private": "eyJlMmJmYjczMC1lY2FhLTExZTYtOGY4OC0zNDM2M2JjN2M0YzAiOnsiY3JlYXRlIjo1NDAwMDAwMDAwMDAwLCJkZWxldGUiOjU0MDAwMDAwMDAwMDAsInJlYWQiOjMwMDAwMDAwMDAwMCwidXBkYXRlIjo1NDAwMDAwMDAwMDAwfX0="
        }
      ]
    },
    {
      "mode": "managed",
      "type": "azurerm_storage_account",
      "name": "boodia",
      "provider": "provider[\"registry.terraform.io/hashicorp/azurerm\"]",
      "instances": [
        {
          "schema_version": 3,
          "attributes": {
            "access_tier": "Hot",
            "account_kind": "StorageV2",
            "account_replication_type": "LRS",
            "account_tier": "Standard",
            "allow_nested_items_to_be_public": true,
            "allowed_copy_scope": "",
            "azure_files_authentication": [],
            "blob_properties": [
              {
                "change_feed_enabled": false,
                "change_feed_retention_in_days": 0,
                "container_delete_retention_policy": [],
                "cors_rule": [],
                "default_service_version": "",
                "delete_retention_policy": [],
                "last_access_time_enabled": false,
                "restore_policy": [],
                "versioning_enabled": false
              }
            ],
            "cross_tenant_replication_enabled": true,
            "custom_domain": [],
            "customer_managed_key": [],
            "default_to_oauth_authentication": false,
            "edge_zone": "",
            "enable_https_traffic_only": true,
            "id": "/subscriptions/e35bea4b-678e-4390-b4c2-7274791aa941/resourceGroups/Chaitulx-rg/providers/Microsoft.Storage/storageAccounts/diagdb2b27e118e16386",
            "identity": [],
            "immutability_policy": [],
            "infrastructure_encryption_enabled": false,
            "is_hns_enabled": false,
            "large_file_share_enabled": null,
            "location": "eastus",
            "min_tls_version": "TLS1_2",
            "name": "diagdb2b27e118e16386",
            "network_rules": [
              {
                "bypass": [
                  "AzureServices"
                ],
                "default_action": "Allow",
                "ip_rules": [],
                "private_link_access": [],
                "virtual_network_subnet_ids": []
              }
            ],
            "nfsv3_enabled": false,
            "primary_access_key": "jMV4ZO77zgw8biKoxkAtXZYkjgYMEuYXFSOdAMwXtX4zM25mT7jIEHtMmrKE3GLYir+6A/HMja3M+AStjLEo5Q==",
            "primary_blob_connection_string": "DefaultEndpointsProtocol=https;BlobEndpoint=https://diagdb2b27e118e16386.blob.core.windows.net/;AccountName=diagdb2b27e118e16386;AccountKey=jMV4ZO77zgw8biKoxkAtXZYkjgYMEuYXFSOdAMwXtX4zM25mT7jIEHtMmrKE3GLYir+6A/HMja3M+AStjLEo5Q==",
            "primary_blob_endpoint": "https://diagdb2b27e118e16386.blob.core.windows.net/",
            "primary_blob_host": "diagdb2b27e118e16386.blob.core.windows.net",
            "primary_connection_string": "DefaultEndpointsProtocol=https;AccountName=diagdb2b27e118e16386;AccountKey=jMV4ZO77zgw8biKoxkAtXZYkjgYMEuYXFSOdAMwXtX4zM25mT7jIEHtMmrKE3GLYir+6A/HMja3M+AStjLEo5Q==;EndpointSuffix=core.windows.net",
            "primary_dfs_endpoint": "https://diagdb2b27e118e16386.dfs.core.windows.net/",
            "primary_dfs_host": "diagdb2b27e118e16386.dfs.core.windows.net",
            "primary_file_endpoint": "https://diagdb2b27e118e16386.file.core.windows.net/",
            "primary_file_host": "diagdb2b27e118e16386.file.core.windows.net",
            "primary_location": "eastus",
            "primary_queue_endpoint": "https://diagdb2b27e118e16386.queue.core.windows.net/",
            "primary_queue_host": "diagdb2b27e118e16386.queue.core.windows.net",
            "primary_table_endpoint": "https://diagdb2b27e118e16386.table.core.windows.net/",
            "primary_table_host": "diagdb2b27e118e16386.table.core.windows.net",
            "primary_web_endpoint": "https://diagdb2b27e118e16386.z13.web.core.windows.net/",
            "primary_web_host": "diagdb2b27e118e16386.z13.web.core.windows.net",
            "public_network_access_enabled": true,
            "queue_encryption_key_type": "Service",
            "queue_properties": [
              {
                "cors_rule": [],
                "hour_metrics": [
                  {
                    "enabled": true,
                    "include_apis": true,
                    "retention_policy_days": 7,
                    "version": "1.0"
                  }
                ],
                "logging": [
                  {
                    "delete": false,
                    "read": false,
                    "retention_policy_days": 0,
                    "version": "1.0",
                    "write": false
                  }
                ],
                "minute_metrics": [
                  {
                    "enabled": false,
                    "include_apis": false,
                    "retention_policy_days": 0,
                    "version": "1.0"
                  }
                ]
              }
            ],
            "resource_group_name": "Chaitulx-rg",
            "routing": [],
            "sas_policy": [],
            "secondary_access_key": "3GrpDUvafpYAWkYsC6LaYPrvzwLsrXa6h9cfwgHgxQv8BYCRCcyTjHGa0fnm7SAdymXmhG/gSrEp+AStpcGWoQ==",
            "secondary_blob_connection_string": "",
            "secondary_blob_endpoint": null,
            "secondary_blob_host": null,
            "secondary_connection_string": "DefaultEndpointsProtocol=https;AccountName=diagdb2b27e118e16386;AccountKey=3GrpDUvafpYAWkYsC6LaYPrvzwLsrXa6h9cfwgHgxQv8BYCRCcyTjHGa0fnm7SAdymXmhG/gSrEp+AStpcGWoQ==;EndpointSuffix=core.windows.net",
            "secondary_dfs_endpoint": null,
            "secondary_dfs_host": null,
            "secondary_file_endpoint": null,
            "secondary_file_host": null,
            "secondary_location": "",
            "secondary_queue_endpoint": null,
            "secondary_queue_host": null,
            "secondary_table_endpoint": null,
            "secondary_table_host": null,
            "secondary_web_endpoint": null,
            "secondary_web_host": null,
            "sftp_enabled": false,
            "share_properties": [
              {
                "cors_rule": [],
                "retention_policy": [
                  {
                    "days": 7
                  }
                ],
                "smb": []
              }
            ],
            "shared_access_key_enabled": true,
            "static_website": [],
            "table_encryption_key_type": "Service",
            "tags": null,
            "timeouts": null
          },
          "sensitive_attributes": [],
          "private": "eyJlMmJmYjczMC1lY2FhLTExZTYtOGY4OC0zNDM2M2JjN2M0YzAiOnsiY3JlYXRlIjozNjAwMDAwMDAwMDAwLCJkZWxldGUiOjM2MDAwMDAwMDAwMDAsInJlYWQiOjMwMDAwMDAwMDAwMCwidXBkYXRlIjozNjAwMDAwMDAwMDAwfSwic2NoZW1hX3ZlcnNpb24iOiIzIn0=",
          "dependencies": [
            "azurerm_resource_group.Chaitu-rg",
            "random_id.random_id"
          ]
        }
      ]
    },
    {
      "mode": "managed",
      "type": "azurerm_subnet",
      "name": "subnet",
      "provider": "provider[\"registry.terraform.io/hashicorp/azurerm\"]",
      "instances": [
        {
          "schema_version": 0,
          "attributes": {
            "address_prefixes": [
              "10.0.1.0/24"
            ],
            "delegation": [],
            "enforce_private_link_endpoint_network_policies": false,
            "enforce_private_link_service_network_policies": false,
            "id": "/subscriptions/e35bea4b-678e-4390-b4c2-7274791aa941/resourceGroups/Chaitulx-rg/providers/Microsoft.Network/virtualNetworks/my-vnet/subnets/my-subnet",
            "name": "my-subnet",
            "private_endpoint_network_policies_enabled": true,
            "private_link_service_network_policies_enabled": true,
            "resource_group_name": "Chaitulx-rg",
            "service_endpoint_policy_ids": null,
            "service_endpoints": null,
            "timeouts": null,
            "virtual_network_name": "my-vnet"
          },
          "sensitive_attributes": [],
          "private": "eyJlMmJmYjczMC1lY2FhLTExZTYtOGY4OC0zNDM2M2JjN2M0YzAiOnsiY3JlYXRlIjoxODAwMDAwMDAwMDAwLCJkZWxldGUiOjE4MDAwMDAwMDAwMDAsInJlYWQiOjMwMDAwMDAwMDAwMCwidXBkYXRlIjoxODAwMDAwMDAwMDAwfX0=",
          "dependencies": [
            "azurerm_resource_group.Chaitu-rg",
            "azurerm_virtual_network.vnet"
          ]
        }
      ]
    },
    {
      "mode": "managed",
      "type": "azurerm_virtual_network",
      "name": "vnet",
      "provider": "provider[\"registry.terraform.io/hashicorp/azurerm\"]",
      "instances": [
        {
          "schema_version": 0,
          "attributes": {
            "address_space": [
              "10.0.0.0/16"
            ],
            "bgp_community": "",
            "ddos_protection_plan": [],
            "dns_servers": [],
            "edge_zone": "",
            "flow_timeout_in_minutes": 0,
            "guid": "3c93714f-5921-4299-bab8-5be609cce201",
            "id": "/subscriptions/e35bea4b-678e-4390-b4c2-7274791aa941/resourceGroups/Chaitulx-rg/providers/Microsoft.Network/virtualNetworks/my-vnet",
            "location": "eastus",
            "name": "my-vnet",
            "resource_group_name": "Chaitulx-rg",
            "subnet": [],
            "tags": null,
            "timeouts": null
          },
          "sensitive_attributes": [],
          "private": "eyJlMmJmYjczMC1lY2FhLTExZTYtOGY4OC0zNDM2M2JjN2M0YzAiOnsiY3JlYXRlIjoxODAwMDAwMDAwMDAwLCJkZWxldGUiOjE4MDAwMDAwMDAwMDAsInJlYWQiOjMwMDAwMDAwMDAwMCwidXBkYXRlIjoxODAwMDAwMDAwMDAwfX0=",
          "dependencies": [
            "azurerm_resource_group.Chaitu-rg"
          ]
        }
      ]
    },
    {
      "mode": "managed",
      "type": "local_file",
      "name": "Pemfile",
      "provider": "provider[\"registry.terraform.io/hashicorp/local\"]",
      "instances": [
        {
          "schema_version": 0,
          "attributes": {
            "content": "-----BEGIN RSA PRIVATE KEY-----\nMIIJKAIBAAKCAgEA2Z5gT/qbH3EWOOqF7iKONy6o8IOtSp85kQB+wZi6F/QEdH+/\nVxgeuqUwhG0XJpH7vTLZH59VjtYbLFesZg7GzqLLKqVNNHYEs8O9F+mcexrdgECV\nzfnsnmk8JgnGZZqkQLALRxiL7mYp0+PgfVG5+z6Rd+gBtYON03QMYN8OhPZG4oCE\nqmcA7ge1aP3P25FH8+Syiw2j8wBfI5Rs4Mpke0vMI9Ub1spb0DJwLphmY3gLk+u4\nonAl29g6GDgU29v7CPrJsmfRu5Snt25Ys2ctXBCZZmVQZ2svAABexb42/IlJEQAz\nwMvONNQ3pJUYOfss82ieimuG8Zum+p+50jnQJ3Iq9oFX7Dc/X2mJUVfKtCdVlwJu\nlQhRJZF5Gqv8MpubICHBgj073KY08fAv5bV/s1UBPS7pwxK55yRSVwonmic7mngG\nzMhKdGdVAcXUrTAuesX27wSFNWk07yCzqAonDNO/xyJ2qKvGJlqPj1R7NEIJH+iZ\nc2Pm/MxuctQ800yB+zHHY9yjGXulppPvoPBiW+b1v8HF6WpPdFwUUj7KM4S8BfTc\nrGitJy8BGiauqf+R1fewQNvXpWE2FHzC7y7myhDD5IIFHos/7sOFP4A+jmHe1frn\nvOZstkX12cLwuLYDWf0gXbg+r01/zI+ksRWBfBFwM1mOuWlX2pdT1UtgEnsCAwEA\nAQKCAgEApHhRPEEgGhxC+lMtU7QkHcqS/evW/a3nORLRuglupAnVkCK4ft+I4fFV\nANDeDVWJmA2lEYQ/iouAz/uXHS8PzD43JIz4E60akq5d7IOvs06zl2m4jorT7UmF\nnw4GNuYwO3+RlnMT1uK5vB3enXg2Ao/gK2paWFAL0YNEk7YhaBYlrqwJGCxvBHcp\nASfKf5yGb+spkXSGs3JVdTOJMj9kv9aie3Zl6ujXiTuFk4G06Hpi7bHawlHWGxiJ\nl6JTCXNxf/DinYZfedC5DSZFvZk+K/WTqlLp+K+GPw8IkZTYQ/aSFVo8wvqFZ2H4\nh9fzDmcqKvCn2d+4hkPoaERtkVgGW1Sju9ptP8J7dGEvsnL7Ej5ezJm5TkxV0VcS\nFtY+xPviOvbciUMFK0Tzeb/iFFcRaWc3m2ebYZIjDHS6S9BTGuLZtjEJeci7+2JM\nUv6fvQXvJMNfrqXsyNNNfE+0N0rHvIh3nbdhd2LSyATTyOWTE7EieTFafcVX4z7K\n36wKhJmDf6wWxcSNJhxfSUViC2pJ/jEzn7gaVTbv2q1M8U/BcnuOlEwkmgTb5Tv/\nFTykw1+sYEbxtPDeEJtajbp3II1GO0n5SyxI27q3wbxiXKAPRcYfpgOuauMEa5fs\nyErK2XRJKJC+JZ4UL7gUHvPY48RPpJDvOVg7aFcu+QpAbdRvc7ECggEBAONRUU74\nXQF0KSKhwchxmvYYkLI+eR7CbzXpeWeo0GWbaSg4ygIZ9Vt0QSgAT4AsiKJVzCdA\nn3ATtMmu7tW/X2wwqegO+eILVosGI3NQnkFXACd/WHjp1zD5HzdVbv+q9N+m5Pir\n8aNgNLGZRdP1QqtbBgeSCIKch5o/+l8ofKCEmO4cTA8DquxHDA528oalI8Nt+p+L\nzWCI/cMdbpLhlAd1j3c+M0tYbkg0QH9Wmo3xmMX7qTWZsxyZQmjqh+SCuZzKVW7a\nH+sMwYh4aaJB3LYwq8hVPKJ4SNO65y5xArCnIAkzLvCokDYFiLLhdkTDvQAnvtrb\n+joGGnEe7m+n2+MCggEBAPUTxHm/3NzedcyoxABC2iPHiPBO1JLbCXZU4VwHyHia\nnrvtqNDR2kGoUUrd2z4wqizc4+yUN12thHI5LoAm0jq3c/jnysinLZ98pjqk3qKd\nuQfphErT/sXb1eFVYStHUl8tUEHPEBg1LiDKA+1hw1G7ULEP22Nss3un8WPPgbBd\n8hMCjLEfzEmpAsluHOCTbfz5dNPHjxEFZt/LlFjk0AbK7TT7UvK48ZxWFR5T27cn\nU+8O1v3GfB1I551OlfsGWgUmNrtyxkAMU/pgXkweGpwB33GxU/1wi6DbvOWzO/y8\nbujbarOrCL87VrOd/irbUNy4faK2prbV1HcjMGFv4okCggEAUHTLroPBh24x0Qwn\npmZvToNLU4tBG13+Nrq4ObRKbmwfQBk5hpzhdski9qGFgfxBMBPl+k6pH+YZqvi7\nl/PwNj7TJEuIrjUNII+/pGT4XnAIofI0wjch7zd9kPwwGVXM7gwIJuvUztqSS/nP\n+UFpo3TIIY3SbUgxxqq2V0/hLH9CEaT6VqYZrR9IaSY4mOeCTP10I1w8CNrz1kdo\nh5xH5Iv7h10Akr5t6ih0W52vfmXwiMKWFV6dQpYMJ047YunSAGis7FtPyMXvCfp0\niPV+xQ1c/78LgwXH4QjaIlnlddjxQdBX4N4IjNZQl9+tGJGfJ5rptlT9r+PRIBCu\nm95xuQKCAQAKoaflTDBtmGztyuhtxnimErLbEeBg2oWnj3kTP/cvXC3Eo0Oug1v/\neyjDoaowIXZQaeitS6S3OJ7FQbvFrWlzSKAMTSnb2Hy/LW4cnyhVT5hGQpgNkvK7\nbJTzqHuFoBtvq4yOvkfJdQ0iOQFAm/wYIJMYi0KOJpoGpDtxg//xQbINpw+pY2K+\nU0meqVsxVtPvpHav9Tk8mMpkrPUrggmQMd9ma/ymMOWyTX2vCh4+7MLUXQVwjtq1\nfoMlrNIOyLDBBm5bZVg6UQ6XjvSoQqoO2Hnz+ahWFzrHaKDiKgtRJG9/RH11e9bu\nTMmvEwyCmW8BlDNHCrtitRX5cRpZL7xZAoIBAGZvpqH0OcVm+Cipqrhr7zHX0sDe\nkIushiSXzhVnFcCQI5N5RAH4LzsPtSFMU95dL5JZCrCSDWOWJUtbUNQjpm/jxppI\nthrUUZIcnM+FTX24WfV5RzNkyWUZH69OhV08NIMgMHr6kEXQT1Vpx8AhvGAVsrCQ\ntoCaGwU0/5+U4ry8AWxlHijKdW2TnnksRoBPc3O65ErRwmRnldVzL3s2ppCQ2xvl\njxYdu7W/sYzD9ztkQalwjfUkKRfN0JzdsYa9tIjMQF+D324ieXJ47v4GsK9V08G6\nMk5e+Mj/YRIfUb3fpl52lrPw986dCBDpRcWtgzOG/wHYfDqVNSY6m6NZrWE=\n-----END RSA PRIVATE KEY-----\n",
            "content_base64": null,
            "content_base64sha256": "ybm73NHQF1KP1jt3tpsfNjmFberxoxwxQ3Q3PwKa6iM=",
            "content_base64sha512": "S6pCS/AYnaEY722TjiB1mpO9te9p8GqjO1kkZTfvZi++LLprp7EBpY7lenlXpmFMr0WEuQjBPg3cE3dEZIuw/g==",
            "content_md5": "557495a832f8ce5e40f7d0eb24a563e9",
            "content_sha1": "ede31815340d9f47c43203d127462e061f38b376",
            "content_sha256": "c9b9bbdcd1d017528fd63b77b69b1f3639856deaf1a31c314374373f029aea23",
            "content_sha512": "4baa424bf0189da118ef6d938e20759a93bdb5ef69f06aa33b59246537ef662fbe2cba6ba7b101a58ee57a7957a6614caf4584b908c13e0ddc137744648bb0fe",
            "directory_permission": "0777",
            "file_permission": "0777",
            "filename": "linuxvm.pem",
            "id": "ede31815340d9f47c43203d127462e061f38b376",
            "sensitive_content": null,
            "source": null
          },
          "sensitive_attributes": [
            [
              {
                "type": "get_attr",
                "value": "content"
              }
            ]
          ],
          "dependencies": [
            "tls_private_key.ssh_key"
          ]
        }
      ]
    },
    {
      "mode": "managed",
      "type": "random_id",
      "name": "random_id",
      "provider": "provider[\"registry.terraform.io/hashicorp/random\"]",
      "instances": [
        {
          "schema_version": 0,
          "attributes": {
            "b64_std": "2ysn4RjhY4Y=",
            "b64_url": "2ysn4RjhY4Y",
            "byte_length": 8,
            "dec": "15792760366043325318",
            "hex": "db2b27e118e16386",
            "id": "2ysn4RjhY4Y",
            "keepers": {
              "resource_group": "Chaitulx-rg"
            },
            "prefix": null
          },
          "sensitive_attributes": [],
          "dependencies": [
            "azurerm_resource_group.Chaitu-rg"
          ]
        }
      ]
    },
    {
      "mode": "managed",
      "type": "tls_private_key",
      "name": "ssh_key",
      "provider": "provider[\"registry.terraform.io/hashicorp/tls\"]",
      "instances": [
        {
          "schema_version": 1,
          "attributes": {
            "algorithm": "RSA",
            "ecdsa_curve": "P224",
            "id": "0128fc1a4920cf61755fdb6297fe27e2d6cc245a",
            "private_key_openssh": "-----BEGIN OPENSSH PRIVATE KEY-----\nb3BlbnNzaC1rZXktdjEAAAAABG5vbmUAAAAEbm9uZQAAAAAAAAABAAACFwAAAAdz\nc2gtcnNhAAAAAwEAAQAAAgEA2Z5gT/qbH3EWOOqF7iKONy6o8IOtSp85kQB+wZi6\nF/QEdH+/VxgeuqUwhG0XJpH7vTLZH59VjtYbLFesZg7GzqLLKqVNNHYEs8O9F+mc\nexrdgECVzfnsnmk8JgnGZZqkQLALRxiL7mYp0+PgfVG5+z6Rd+gBtYON03QMYN8O\nhPZG4oCEqmcA7ge1aP3P25FH8+Syiw2j8wBfI5Rs4Mpke0vMI9Ub1spb0DJwLphm\nY3gLk+u4onAl29g6GDgU29v7CPrJsmfRu5Snt25Ys2ctXBCZZmVQZ2svAABexb42\n/IlJEQAzwMvONNQ3pJUYOfss82ieimuG8Zum+p+50jnQJ3Iq9oFX7Dc/X2mJUVfK\ntCdVlwJulQhRJZF5Gqv8MpubICHBgj073KY08fAv5bV/s1UBPS7pwxK55yRSVwon\nmic7mngGzMhKdGdVAcXUrTAuesX27wSFNWk07yCzqAonDNO/xyJ2qKvGJlqPj1R7\nNEIJH+iZc2Pm/MxuctQ800yB+zHHY9yjGXulppPvoPBiW+b1v8HF6WpPdFwUUj7K\nM4S8BfTcrGitJy8BGiauqf+R1fewQNvXpWE2FHzC7y7myhDD5IIFHos/7sOFP4A+\njmHe1frnvOZstkX12cLwuLYDWf0gXbg+r01/zI+ksRWBfBFwM1mOuWlX2pdT1Utg\nEnsAAAc4vxydu78cnbsAAAAHc3NoLXJzYQAAAgEA2Z5gT/qbH3EWOOqF7iKONy6o\n8IOtSp85kQB+wZi6F/QEdH+/VxgeuqUwhG0XJpH7vTLZH59VjtYbLFesZg7GzqLL\nKqVNNHYEs8O9F+mcexrdgECVzfnsnmk8JgnGZZqkQLALRxiL7mYp0+PgfVG5+z6R\nd+gBtYON03QMYN8OhPZG4oCEqmcA7ge1aP3P25FH8+Syiw2j8wBfI5Rs4Mpke0vM\nI9Ub1spb0DJwLphmY3gLk+u4onAl29g6GDgU29v7CPrJsmfRu5Snt25Ys2ctXBCZ\nZmVQZ2svAABexb42/IlJEQAzwMvONNQ3pJUYOfss82ieimuG8Zum+p+50jnQJ3Iq\n9oFX7Dc/X2mJUVfKtCdVlwJulQhRJZF5Gqv8MpubICHBgj073KY08fAv5bV/s1UB\nPS7pwxK55yRSVwonmic7mngGzMhKdGdVAcXUrTAuesX27wSFNWk07yCzqAonDNO/\nxyJ2qKvGJlqPj1R7NEIJH+iZc2Pm/MxuctQ800yB+zHHY9yjGXulppPvoPBiW+b1\nv8HF6WpPdFwUUj7KM4S8BfTcrGitJy8BGiauqf+R1fewQNvXpWE2FHzC7y7myhDD\n5IIFHos/7sOFP4A+jmHe1frnvOZstkX12cLwuLYDWf0gXbg+r01/zI+ksRWBfBFw\nM1mOuWlX2pdT1UtgEnsAAAADAQABAAACAQCkeFE8QSAaHEL6Uy1TtCQdypL969b9\nrec5EtG6CW6kCdWQIrh+34jh8VUA0N4NVYmYDaURhD+Ki4DP+5cdLw/MPjckjPgT\nrRqSrl3sg6+zTrOXabiOitPtSYWfDgY25jA7f5GWcxPW4rm8Hd6deDYCj+AralpY\nUAvRg0STtiFoFiWurAkYLG8EdykBJ8p/nIZv6ymRdIazclV1M4kyP2S/1qJ7dmXq\n6NeJO4WTgbToemLtsdrCUdYbGImXolMJc3F/8OKdhl950LkNJkW9mT4r9ZOqUun4\nr4Y/DwiRlNhD9pIVWjzC+oVnYfiH1/MOZyoq8KfZ37iGQ+hoRG2RWAZbVKO72m0/\nwnt0YS+ycvsSPl7MmblOTFXRVxIW1j7E++I69tyJQwUrRPN5v+IUVxFpZzebZ5th\nkiMMdLpL0FMa4tm2MQl5yLv7YkxS/p+9Be8kw1+upezI0018T7Q3Sse8iHedt2F3\nYtLIBNPI5ZMTsSJ5MVp9xVfjPsrfrAqEmYN/rBbFxI0mHF9JRWILakn+MTOfuBpV\nNu/arUzxT8Fye46UTCSaBNvlO/8VPKTDX6xgRvG08N4Qm1qNuncgjUY7SflLLEjb\nurfBvGJcoA9Fxh+mA65q4wRrl+zISsrZdEkokL4lnhQvuBQe89jjxE+kkO85WDto\nVy75CkBt1G9zsQAAAQBmb6ah9DnFZvgoqaq4a+8x19LA3pCLrIYkl84VZxXAkCOT\neUQB+C87D7UhTFPeXS+SWQqwkg1jliVLW1DUI6Zv48aaSLYa1FGSHJzPhU19uFn1\neUczZMllGR+vToVdPDSDIDB6+pBF0E9VacfAIbxgFbKwkLaAmhsFNP+flOK8vAFs\nZR4oynVtk555LEaAT3NzuuRK0cJkZ5XVcy97NqaQkNsb5Y8WHbu1v7GMw/c7ZEGp\ncI31JCkXzdCc3bGGvbSIzEBfg99uInlyeO7+BrCvVdPBujJOXvjI/2ESH1G936Ze\ndpaz8PfOnQgQ6UXFrYMzhv8B2Hw6lTUmOpujWa1hAAABAQDjUVFO+F0BdCkiocHI\ncZr2GJCyPnkewm816XlnqNBlm2koOMoCGfVbdEEoAE+ALIiiVcwnQJ9wE7TJru7V\nv19sMKnoDvniC1aLBiNzUJ5BVwAnf1h46dcw+R83VW7/qvTfpuT4q/GjYDSxmUXT\n9UKrWwYHkgiCnIeaP/pfKHyghJjuHEwPA6rsRwwOdvKGpSPDbfqfi81giP3DHW6S\n4ZQHdY93PjNLWG5INEB/VpqN8ZjF+6k1mbMcmUJo6ofkgrmcylVu2h/rDMGIeGmi\nQdy2MKvIVTyieEjTuucucQKwpyAJMy7wqJA2BYiy4XZEw70AJ77a2/o6BhpxHu5v\np9vjAAABAQD1E8R5v9zc3nXMqMQAQtojx4jwTtSS2wl2VOFcB8h4mp677ajQ0dpB\nqFFK3ds+MKos3OPslDddrYRyOS6AJtI6t3P458rIpy2ffKY6pN6inbkH6YRK0/7F\n29XhVWErR1JfLVBBzxAYNS4gygPtYcNRu1CxD9tjbLN7p/Fjz4GwXfITAoyxH8xJ\nqQLJbhzgk238+XTTx48RBWbfy5RY5NAGyu00+1LyuPGcVhUeU9u3J1PvDtb9xnwd\nSOedTpX7BloFJja7csZADFP6YF5MHhqcAd9xsVP9cIug27zlszv8vG7o22qzqwi/\nO1aznf4q21DcuH2itqa21dR3IzBhb+KJAAAAAAEC\n-----END OPENSSH PRIVATE KEY-----\n",
            "private_key_pem": "-----BEGIN RSA PRIVATE KEY-----\nMIIJKAIBAAKCAgEA2Z5gT/qbH3EWOOqF7iKONy6o8IOtSp85kQB+wZi6F/QEdH+/\nVxgeuqUwhG0XJpH7vTLZH59VjtYbLFesZg7GzqLLKqVNNHYEs8O9F+mcexrdgECV\nzfnsnmk8JgnGZZqkQLALRxiL7mYp0+PgfVG5+z6Rd+gBtYON03QMYN8OhPZG4oCE\nqmcA7ge1aP3P25FH8+Syiw2j8wBfI5Rs4Mpke0vMI9Ub1spb0DJwLphmY3gLk+u4\nonAl29g6GDgU29v7CPrJsmfRu5Snt25Ys2ctXBCZZmVQZ2svAABexb42/IlJEQAz\nwMvONNQ3pJUYOfss82ieimuG8Zum+p+50jnQJ3Iq9oFX7Dc/X2mJUVfKtCdVlwJu\nlQhRJZF5Gqv8MpubICHBgj073KY08fAv5bV/s1UBPS7pwxK55yRSVwonmic7mngG\nzMhKdGdVAcXUrTAuesX27wSFNWk07yCzqAonDNO/xyJ2qKvGJlqPj1R7NEIJH+iZ\nc2Pm/MxuctQ800yB+zHHY9yjGXulppPvoPBiW+b1v8HF6WpPdFwUUj7KM4S8BfTc\nrGitJy8BGiauqf+R1fewQNvXpWE2FHzC7y7myhDD5IIFHos/7sOFP4A+jmHe1frn\nvOZstkX12cLwuLYDWf0gXbg+r01/zI+ksRWBfBFwM1mOuWlX2pdT1UtgEnsCAwEA\nAQKCAgEApHhRPEEgGhxC+lMtU7QkHcqS/evW/a3nORLRuglupAnVkCK4ft+I4fFV\nANDeDVWJmA2lEYQ/iouAz/uXHS8PzD43JIz4E60akq5d7IOvs06zl2m4jorT7UmF\nnw4GNuYwO3+RlnMT1uK5vB3enXg2Ao/gK2paWFAL0YNEk7YhaBYlrqwJGCxvBHcp\nASfKf5yGb+spkXSGs3JVdTOJMj9kv9aie3Zl6ujXiTuFk4G06Hpi7bHawlHWGxiJ\nl6JTCXNxf/DinYZfedC5DSZFvZk+K/WTqlLp+K+GPw8IkZTYQ/aSFVo8wvqFZ2H4\nh9fzDmcqKvCn2d+4hkPoaERtkVgGW1Sju9ptP8J7dGEvsnL7Ej5ezJm5TkxV0VcS\nFtY+xPviOvbciUMFK0Tzeb/iFFcRaWc3m2ebYZIjDHS6S9BTGuLZtjEJeci7+2JM\nUv6fvQXvJMNfrqXsyNNNfE+0N0rHvIh3nbdhd2LSyATTyOWTE7EieTFafcVX4z7K\n36wKhJmDf6wWxcSNJhxfSUViC2pJ/jEzn7gaVTbv2q1M8U/BcnuOlEwkmgTb5Tv/\nFTykw1+sYEbxtPDeEJtajbp3II1GO0n5SyxI27q3wbxiXKAPRcYfpgOuauMEa5fs\nyErK2XRJKJC+JZ4UL7gUHvPY48RPpJDvOVg7aFcu+QpAbdRvc7ECggEBAONRUU74\nXQF0KSKhwchxmvYYkLI+eR7CbzXpeWeo0GWbaSg4ygIZ9Vt0QSgAT4AsiKJVzCdA\nn3ATtMmu7tW/X2wwqegO+eILVosGI3NQnkFXACd/WHjp1zD5HzdVbv+q9N+m5Pir\n8aNgNLGZRdP1QqtbBgeSCIKch5o/+l8ofKCEmO4cTA8DquxHDA528oalI8Nt+p+L\nzWCI/cMdbpLhlAd1j3c+M0tYbkg0QH9Wmo3xmMX7qTWZsxyZQmjqh+SCuZzKVW7a\nH+sMwYh4aaJB3LYwq8hVPKJ4SNO65y5xArCnIAkzLvCokDYFiLLhdkTDvQAnvtrb\n+joGGnEe7m+n2+MCggEBAPUTxHm/3NzedcyoxABC2iPHiPBO1JLbCXZU4VwHyHia\nnrvtqNDR2kGoUUrd2z4wqizc4+yUN12thHI5LoAm0jq3c/jnysinLZ98pjqk3qKd\nuQfphErT/sXb1eFVYStHUl8tUEHPEBg1LiDKA+1hw1G7ULEP22Nss3un8WPPgbBd\n8hMCjLEfzEmpAsluHOCTbfz5dNPHjxEFZt/LlFjk0AbK7TT7UvK48ZxWFR5T27cn\nU+8O1v3GfB1I551OlfsGWgUmNrtyxkAMU/pgXkweGpwB33GxU/1wi6DbvOWzO/y8\nbujbarOrCL87VrOd/irbUNy4faK2prbV1HcjMGFv4okCggEAUHTLroPBh24x0Qwn\npmZvToNLU4tBG13+Nrq4ObRKbmwfQBk5hpzhdski9qGFgfxBMBPl+k6pH+YZqvi7\nl/PwNj7TJEuIrjUNII+/pGT4XnAIofI0wjch7zd9kPwwGVXM7gwIJuvUztqSS/nP\n+UFpo3TIIY3SbUgxxqq2V0/hLH9CEaT6VqYZrR9IaSY4mOeCTP10I1w8CNrz1kdo\nh5xH5Iv7h10Akr5t6ih0W52vfmXwiMKWFV6dQpYMJ047YunSAGis7FtPyMXvCfp0\niPV+xQ1c/78LgwXH4QjaIlnlddjxQdBX4N4IjNZQl9+tGJGfJ5rptlT9r+PRIBCu\nm95xuQKCAQAKoaflTDBtmGztyuhtxnimErLbEeBg2oWnj3kTP/cvXC3Eo0Oug1v/\neyjDoaowIXZQaeitS6S3OJ7FQbvFrWlzSKAMTSnb2Hy/LW4cnyhVT5hGQpgNkvK7\nbJTzqHuFoBtvq4yOvkfJdQ0iOQFAm/wYIJMYi0KOJpoGpDtxg//xQbINpw+pY2K+\nU0meqVsxVtPvpHav9Tk8mMpkrPUrggmQMd9ma/ymMOWyTX2vCh4+7MLUXQVwjtq1\nfoMlrNIOyLDBBm5bZVg6UQ6XjvSoQqoO2Hnz+ahWFzrHaKDiKgtRJG9/RH11e9bu\nTMmvEwyCmW8BlDNHCrtitRX5cRpZL7xZAoIBAGZvpqH0OcVm+Cipqrhr7zHX0sDe\nkIushiSXzhVnFcCQI5N5RAH4LzsPtSFMU95dL5JZCrCSDWOWJUtbUNQjpm/jxppI\nthrUUZIcnM+FTX24WfV5RzNkyWUZH69OhV08NIMgMHr6kEXQT1Vpx8AhvGAVsrCQ\ntoCaGwU0/5+U4ry8AWxlHijKdW2TnnksRoBPc3O65ErRwmRnldVzL3s2ppCQ2xvl\njxYdu7W/sYzD9ztkQalwjfUkKRfN0JzdsYa9tIjMQF+D324ieXJ47v4GsK9V08G6\nMk5e+Mj/YRIfUb3fpl52lrPw986dCBDpRcWtgzOG/wHYfDqVNSY6m6NZrWE=\n-----END RSA PRIVATE KEY-----\n",
            "private_key_pem_pkcs8": "-----BEGIN PRIVATE KEY-----\nMIIJQgIBADANBgkqhkiG9w0BAQEFAASCCSwwggkoAgEAAoICAQDZnmBP+psfcRY4\n6oXuIo43Lqjwg61KnzmRAH7BmLoX9AR0f79XGB66pTCEbRcmkfu9Mtkfn1WO1hss\nV6xmDsbOossqpU00dgSzw70X6Zx7Gt2AQJXN+eyeaTwmCcZlmqRAsAtHGIvuZinT\n4+B9Ubn7PpF36AG1g43TdAxg3w6E9kbigISqZwDuB7Vo/c/bkUfz5LKLDaPzAF8j\nlGzgymR7S8wj1RvWylvQMnAumGZjeAuT67iicCXb2DoYOBTb2/sI+smyZ9G7lKe3\nblizZy1cEJlmZVBnay8AAF7Fvjb8iUkRADPAy8401DeklRg5+yzzaJ6Ka4bxm6b6\nn7nSOdAncir2gVfsNz9faYlRV8q0J1WXAm6VCFElkXkaq/wym5sgIcGCPTvcpjTx\n8C/ltX+zVQE9LunDErnnJFJXCieaJzuaeAbMyEp0Z1UBxdStMC56xfbvBIU1aTTv\nILOoCicM07/HInaoq8YmWo+PVHs0Qgkf6JlzY+b8zG5y1DzTTIH7Mcdj3KMZe6Wm\nk++g8GJb5vW/wcXpak90XBRSPsozhLwF9NysaK0nLwEaJq6p/5HV97BA29elYTYU\nfMLvLubKEMPkggUeiz/uw4U/gD6OYd7V+ue85my2RfXZwvC4tgNZ/SBduD6vTX/M\nj6SxFYF8EXAzWY65aVfal1PVS2ASewIDAQABAoICAQCkeFE8QSAaHEL6Uy1TtCQd\nypL969b9rec5EtG6CW6kCdWQIrh+34jh8VUA0N4NVYmYDaURhD+Ki4DP+5cdLw/M\nPjckjPgTrRqSrl3sg6+zTrOXabiOitPtSYWfDgY25jA7f5GWcxPW4rm8Hd6deDYC\nj+AralpYUAvRg0STtiFoFiWurAkYLG8EdykBJ8p/nIZv6ymRdIazclV1M4kyP2S/\n1qJ7dmXq6NeJO4WTgbToemLtsdrCUdYbGImXolMJc3F/8OKdhl950LkNJkW9mT4r\n9ZOqUun4r4Y/DwiRlNhD9pIVWjzC+oVnYfiH1/MOZyoq8KfZ37iGQ+hoRG2RWAZb\nVKO72m0/wnt0YS+ycvsSPl7MmblOTFXRVxIW1j7E++I69tyJQwUrRPN5v+IUVxFp\nZzebZ5thkiMMdLpL0FMa4tm2MQl5yLv7YkxS/p+9Be8kw1+upezI0018T7Q3Sse8\niHedt2F3YtLIBNPI5ZMTsSJ5MVp9xVfjPsrfrAqEmYN/rBbFxI0mHF9JRWILakn+\nMTOfuBpVNu/arUzxT8Fye46UTCSaBNvlO/8VPKTDX6xgRvG08N4Qm1qNuncgjUY7\nSflLLEjburfBvGJcoA9Fxh+mA65q4wRrl+zISsrZdEkokL4lnhQvuBQe89jjxE+k\nkO85WDtoVy75CkBt1G9zsQKCAQEA41FRTvhdAXQpIqHByHGa9hiQsj55HsJvNel5\nZ6jQZZtpKDjKAhn1W3RBKABPgCyIolXMJ0CfcBO0ya7u1b9fbDCp6A754gtWiwYj\nc1CeQVcAJ39YeOnXMPkfN1Vu/6r036bk+Kvxo2A0sZlF0/VCq1sGB5IIgpyHmj/6\nXyh8oISY7hxMDwOq7EcMDnbyhqUjw236n4vNYIj9wx1ukuGUB3WPdz4zS1huSDRA\nf1aajfGYxfupNZmzHJlCaOqH5IK5nMpVbtof6wzBiHhpokHctjCryFU8onhI07rn\nLnECsKcgCTMu8KiQNgWIsuF2RMO9ACe+2tv6OgYacR7ub6fb4wKCAQEA9RPEeb/c\n3N51zKjEAELaI8eI8E7UktsJdlThXAfIeJqeu+2o0NHaQahRSt3bPjCqLNzj7JQ3\nXa2EcjkugCbSOrdz+OfKyKctn3ymOqTeop25B+mEStP+xdvV4VVhK0dSXy1QQc8Q\nGDUuIMoD7WHDUbtQsQ/bY2yze6fxY8+BsF3yEwKMsR/MSakCyW4c4JNt/Pl008eP\nEQVm38uUWOTQBsrtNPtS8rjxnFYVHlPbtydT7w7W/cZ8HUjnnU6V+wZaBSY2u3LG\nQAxT+mBeTB4anAHfcbFT/XCLoNu85bM7/Lxu6Ntqs6sIvztWs53+KttQ3Lh9oram\nttXUdyMwYW/iiQKCAQBQdMuug8GHbjHRDCemZm9Og0tTi0EbXf42urg5tEpubB9A\nGTmGnOF2ySL2oYWB/EEwE+X6Tqkf5hmq+LuX8/A2PtMkS4iuNQ0gj7+kZPhecAih\n8jTCNyHvN32Q/DAZVczuDAgm69TO2pJL+c/5QWmjdMghjdJtSDHGqrZXT+Esf0IR\npPpWphmtH0hpJjiY54JM/XQjXDwI2vPWR2iHnEfki/uHXQCSvm3qKHRbna9+ZfCI\nwpYVXp1ClgwnTjti6dIAaKzsW0/Ixe8J+nSI9X7FDVz/vwuDBcfhCNoiWeV12PFB\n0Ffg3giM1lCX360YkZ8nmum2VP2v49EgEK6b3nG5AoIBAAqhp+VMMG2YbO3K6G3G\neKYSstsR4GDahaePeRM/9y9cLcSjQ66DW/97KMOhqjAhdlBp6K1LpLc4nsVBu8Wt\naXNIoAxNKdvYfL8tbhyfKFVPmEZCmA2S8rtslPOoe4WgG2+rjI6+R8l1DSI5AUCb\n/BggkxiLQo4mmgakO3GD//FBsg2nD6ljYr5TSZ6pWzFW0++kdq/1OTyYymSs9SuC\nCZAx32Zr/KYw5bJNfa8KHj7swtRdBXCO2rV+gyWs0g7IsMEGbltlWDpRDpeO9KhC\nqg7YefP5qFYXOsdooOIqC1Ekb39EfXV71u5Mya8TDIKZbwGUM0cKu2K1FflxGlkv\nvFkCggEAZm+mofQ5xWb4KKmquGvvMdfSwN6Qi6yGJJfOFWcVwJAjk3lEAfgvOw+1\nIUxT3l0vklkKsJINY5YlS1tQ1COmb+PGmki2GtRRkhycz4VNfbhZ9XlHM2TJZRkf\nr06FXTw0gyAwevqQRdBPVWnHwCG8YBWysJC2gJobBTT/n5TivLwBbGUeKMp1bZOe\neSxGgE9zc7rkStHCZGeV1XMvezamkJDbG+WPFh27tb+xjMP3O2RBqXCN9SQpF83Q\nnN2xhr20iMxAX4PfbiJ5cnju/gawr1XTwboyTl74yP9hEh9Rvd+mXnaWs/D3zp0I\nEOlFxa2DM4b/Adh8OpU1Jjqbo1mtYQ==\n-----END PRIVATE KEY-----\n",
            "public_key_fingerprint_md5": "78:83:b7:38:62:19:3f:71:aa:1f:4c:fb:39:11:05:22",
            "public_key_fingerprint_sha256": "SHA256:ny09xh4o7o7r6QSzPkTNBeAuHZbkiRC3nNVUgSb9+j8",
            "public_key_openssh": "ssh-rsa AAAAB3NzaC1yc2EAAAADAQABAAACAQDZnmBP+psfcRY46oXuIo43Lqjwg61KnzmRAH7BmLoX9AR0f79XGB66pTCEbRcmkfu9Mtkfn1WO1hssV6xmDsbOossqpU00dgSzw70X6Zx7Gt2AQJXN+eyeaTwmCcZlmqRAsAtHGIvuZinT4+B9Ubn7PpF36AG1g43TdAxg3w6E9kbigISqZwDuB7Vo/c/bkUfz5LKLDaPzAF8jlGzgymR7S8wj1RvWylvQMnAumGZjeAuT67iicCXb2DoYOBTb2/sI+smyZ9G7lKe3blizZy1cEJlmZVBnay8AAF7Fvjb8iUkRADPAy8401DeklRg5+yzzaJ6Ka4bxm6b6n7nSOdAncir2gVfsNz9faYlRV8q0J1WXAm6VCFElkXkaq/wym5sgIcGCPTvcpjTx8C/ltX+zVQE9LunDErnnJFJXCieaJzuaeAbMyEp0Z1UBxdStMC56xfbvBIU1aTTvILOoCicM07/HInaoq8YmWo+PVHs0Qgkf6JlzY+b8zG5y1DzTTIH7Mcdj3KMZe6Wmk++g8GJb5vW/wcXpak90XBRSPsozhLwF9NysaK0nLwEaJq6p/5HV97BA29elYTYUfMLvLubKEMPkggUeiz/uw4U/gD6OYd7V+ue85my2RfXZwvC4tgNZ/SBduD6vTX/Mj6SxFYF8EXAzWY65aVfal1PVS2ASew==\n",
            "public_key_pem": "-----BEGIN PUBLIC KEY-----\nMIICIjANBgkqhkiG9w0BAQEFAAOCAg8AMIICCgKCAgEA2Z5gT/qbH3EWOOqF7iKO\nNy6o8IOtSp85kQB+wZi6F/QEdH+/VxgeuqUwhG0XJpH7vTLZH59VjtYbLFesZg7G\nzqLLKqVNNHYEs8O9F+mcexrdgECVzfnsnmk8JgnGZZqkQLALRxiL7mYp0+PgfVG5\n+z6Rd+gBtYON03QMYN8OhPZG4oCEqmcA7ge1aP3P25FH8+Syiw2j8wBfI5Rs4Mpk\ne0vMI9Ub1spb0DJwLphmY3gLk+u4onAl29g6GDgU29v7CPrJsmfRu5Snt25Ys2ct\nXBCZZmVQZ2svAABexb42/IlJEQAzwMvONNQ3pJUYOfss82ieimuG8Zum+p+50jnQ\nJ3Iq9oFX7Dc/X2mJUVfKtCdVlwJulQhRJZF5Gqv8MpubICHBgj073KY08fAv5bV/\ns1UBPS7pwxK55yRSVwonmic7mngGzMhKdGdVAcXUrTAuesX27wSFNWk07yCzqAon\nDNO/xyJ2qKvGJlqPj1R7NEIJH+iZc2Pm/MxuctQ800yB+zHHY9yjGXulppPvoPBi\nW+b1v8HF6WpPdFwUUj7KM4S8BfTcrGitJy8BGiauqf+R1fewQNvXpWE2FHzC7y7m\nyhDD5IIFHos/7sOFP4A+jmHe1frnvOZstkX12cLwuLYDWf0gXbg+r01/zI+ksRWB\nfBFwM1mOuWlX2pdT1UtgEnsCAwEAAQ==\n-----END PUBLIC KEY-----\n",
            "rsa_bits": 4096
          },
          "sensitive_attributes": []
        }
      ]
    }
  ],
  "check_results": null
}
