{
  "version": 4,
  "terraform_version": "1.4.2",
  "serial": 92,
  "lineage": "91de628f-e32b-1750-0794-737e9d6494c6",
  "outputs": {
    "chaiturg": {
      "value": "/subscriptions/e35bea4b-678e-4390-b4c2-7274791aa941/resourceGroups/chaiturg-resources/providers/Microsoft.Network/publicIPAddresses/chaiturg-PIP",
      "type": "string"
    },
    "chaiturg1": {
      "value": "/subscriptions/e35bea4b-678e-4390-b4c2-7274791aa941/resourceGroups/chaiturg-resources/providers/Microsoft.Network/loadBalancers/TestLoadBalancer/backendAddressPools/BackEndAddressPool",
      "type": "string"
    }
  },
  "resources": [
    {
      "mode": "data",
      "type": "azurerm_virtual_machine",
      "name": "chaiturg",
      "provider": "provider[\"registry.terraform.io/hashicorp/azurerm\"]",
      "instances": [
        {
          "schema_version": 0,
          "attributes": {
            "id": "/subscriptions/e35bea4b-678e-4390-b4c2-7274791aa941/resourceGroups/chaiturg-resources/providers/Microsoft.Compute/virtualMachines/chaiturg-vm",
            "identity": [],
            "location": "westeurope",
            "name": "chaiturg-vm",
            "private_ip_address": "10.0.0.4",
            "private_ip_addresses": [
              "10.0.0.4"
            ],
            "public_ip_address": "",
            "public_ip_addresses": [],
            "resource_group_name": "chaiturg-resources",
            "timeouts": null
          },
          "sensitive_attributes": []
        }
      ]
    },
    {
      "mode": "managed",
      "type": "azurerm_lb",
      "name": "chaiturg",
      "provider": "provider[\"registry.terraform.io/hashicorp/azurerm\"]",
      "instances": [
        {
          "schema_version": 0,
          "attributes": {
            "edge_zone": "",
            "frontend_ip_configuration": [
              {
                "gateway_load_balancer_frontend_ip_configuration_id": "",
                "id": "/subscriptions/e35bea4b-678e-4390-b4c2-7274791aa941/resourceGroups/chaiturg-resources/providers/Microsoft.Network/loadBalancers/TestLoadBalancer/frontendIPConfigurations/PublicIPAddress",
                "inbound_nat_rules": [],
                "load_balancer_rules": [
                  "/subscriptions/e35bea4b-678e-4390-b4c2-7274791aa941/resourceGroups/chaiturg-resources/providers/Microsoft.Network/loadBalancers/TestLoadBalancer/loadBalancingRules/LBRule"
                ],
                "name": "PublicIPAddress",
                "outbound_rules": [],
                "private_ip_address": "",
                "private_ip_address_allocation": "Dynamic",
                "private_ip_address_version": "",
                "public_ip_address_id": "/subscriptions/e35bea4b-678e-4390-b4c2-7274791aa941/resourceGroups/chaiturg-resources/providers/Microsoft.Network/publicIPAddresses/chaiturg-PIP",
                "public_ip_prefix_id": "",
                "subnet_id": "",
                "zones": []
              }
            ],
            "id": "/subscriptions/e35bea4b-678e-4390-b4c2-7274791aa941/resourceGroups/chaiturg-resources/providers/Microsoft.Network/loadBalancers/TestLoadBalancer",
            "location": "westeurope",
            "name": "TestLoadBalancer",
            "private_ip_address": "",
            "private_ip_addresses": [],
            "resource_group_name": "chaiturg-resources",
            "sku": "Basic",
            "sku_tier": "Regional",
            "tags": {},
            "timeouts": null
          },
          "sensitive_attributes": [],
          "private": "eyJlMmJmYjczMC1lY2FhLTExZTYtOGY4OC0zNDM2M2JjN2M0YzAiOnsiY3JlYXRlIjoxODAwMDAwMDAwMDAwLCJkZWxldGUiOjE4MDAwMDAwMDAwMDAsInJlYWQiOjMwMDAwMDAwMDAwMCwidXBkYXRlIjoxODAwMDAwMDAwMDAwfX0=",
          "dependencies": [
            "azurerm_public_ip.chaiturg",
            "azurerm_resource_group.chaiturg"
          ]
        }
      ]
    },
    {
      "mode": "managed",
      "type": "azurerm_lb_backend_address_pool",
      "name": "chaiturg1",
      "provider": "provider[\"registry.terraform.io/hashicorp/azurerm\"]",
      "instances": [
        {
          "schema_version": 0,
          "attributes": {
            "backend_ip_configurations": [
              "/subscriptions/e35bea4b-678e-4390-b4c2-7274791aa941/resourceGroups/chaiturg-resources/providers/Microsoft.Network/networkInterfaces/chaiturg-NIC/ipConfigurations/internal"
            ],
            "id": "/subscriptions/e35bea4b-678e-4390-b4c2-7274791aa941/resourceGroups/chaiturg-resources/providers/Microsoft.Network/loadBalancers/TestLoadBalancer/backendAddressPools/BackEndAddressPool",
            "inbound_nat_rules": [],
            "load_balancing_rules": [],
            "loadbalancer_id": "/subscriptions/e35bea4b-678e-4390-b4c2-7274791aa941/resourceGroups/chaiturg-resources/providers/Microsoft.Network/loadBalancers/TestLoadBalancer",
            "name": "BackEndAddressPool",
            "outbound_rules": [],
            "timeouts": null,
            "tunnel_interface": [],
            "virtual_network_id": ""
          },
          "sensitive_attributes": [],
          "private": "eyJlMmJmYjczMC1lY2FhLTExZTYtOGY4OC0zNDM2M2JjN2M0YzAiOnsiY3JlYXRlIjoxODAwMDAwMDAwMDAwLCJkZWxldGUiOjE4MDAwMDAwMDAwMDAsInJlYWQiOjMwMDAwMDAwMDAwMCwidXBkYXRlIjoxODAwMDAwMDAwMDAwfX0=",
          "dependencies": [
            "azurerm_lb.chaiturg",
            "azurerm_public_ip.chaiturg",
            "azurerm_resource_group.chaiturg"
          ]
        }
      ]
    },
    {
      "mode": "managed",
      "type": "azurerm_lb_probe",
      "name": "chaiturg",
      "provider": "provider[\"registry.terraform.io/hashicorp/azurerm\"]",
      "instances": [
        {
          "schema_version": 0,
          "attributes": {
            "id": "/subscriptions/e35bea4b-678e-4390-b4c2-7274791aa941/resourceGroups/chaiturg-resources/providers/Microsoft.Network/loadBalancers/TestLoadBalancer/probes/sql-probe",
            "interval_in_seconds": 15,
            "load_balancer_rules": [],
            "loadbalancer_id": "/subscriptions/e35bea4b-678e-4390-b4c2-7274791aa941/resourceGroups/chaiturg-resources/providers/Microsoft.Network/loadBalancers/TestLoadBalancer",
            "name": "sql-probe",
            "number_of_probes": 2,
            "port": 1433,
            "probe_threshold": 1,
            "protocol": "Tcp",
            "request_path": "",
            "timeouts": null
          },
          "sensitive_attributes": [],
          "private": "eyJlMmJmYjczMC1lY2FhLTExZTYtOGY4OC0zNDM2M2JjN2M0YzAiOnsiY3JlYXRlIjoxODAwMDAwMDAwMDAwLCJkZWxldGUiOjE4MDAwMDAwMDAwMDAsInJlYWQiOjMwMDAwMDAwMDAwMCwidXBkYXRlIjoxODAwMDAwMDAwMDAwfX0=",
          "dependencies": [
            "azurerm_lb.chaiturg",
            "azurerm_public_ip.chaiturg",
            "azurerm_resource_group.chaiturg"
          ]
        }
      ]
    },
    {
      "mode": "managed",
      "type": "azurerm_lb_rule",
      "name": "chaiturg",
      "provider": "provider[\"registry.terraform.io/hashicorp/azurerm\"]",
      "instances": [
        {
          "schema_version": 0,
          "attributes": {
            "backend_address_pool_ids": [],
            "backend_port": 3389,
            "disable_outbound_snat": false,
            "enable_floating_ip": false,
            "enable_tcp_reset": false,
            "frontend_ip_configuration_id": "/subscriptions/e35bea4b-678e-4390-b4c2-7274791aa941/resourceGroups/chaiturg-resources/providers/Microsoft.Network/loadBalancers/TestLoadBalancer/frontendIPConfigurations/PublicIPAddress",
            "frontend_ip_configuration_name": "PublicIPAddress",
            "frontend_port": 3389,
            "id": "/subscriptions/e35bea4b-678e-4390-b4c2-7274791aa941/resourceGroups/chaiturg-resources/providers/Microsoft.Network/loadBalancers/TestLoadBalancer/loadBalancingRules/LBRule",
            "idle_timeout_in_minutes": 4,
            "load_distribution": "Default",
            "loadbalancer_id": "/subscriptions/e35bea4b-678e-4390-b4c2-7274791aa941/resourceGroups/chaiturg-resources/providers/Microsoft.Network/loadBalancers/TestLoadBalancer",
            "name": "LBRule",
            "probe_id": "",
            "protocol": "Tcp",
            "timeouts": null
          },
          "sensitive_attributes": [],
          "private": "eyJlMmJmYjczMC1lY2FhLTExZTYtOGY4OC0zNDM2M2JjN2M0YzAiOnsiY3JlYXRlIjoxODAwMDAwMDAwMDAwLCJkZWxldGUiOjE4MDAwMDAwMDAwMDAsInJlYWQiOjMwMDAwMDAwMDAwMCwidXBkYXRlIjoxODAwMDAwMDAwMDAwfX0=",
          "dependencies": [
            "azurerm_lb.chaiturg",
            "azurerm_public_ip.chaiturg",
            "azurerm_resource_group.chaiturg"
          ]
        }
      ]
    },
    {
      "mode": "managed",
      "type": "azurerm_mssql_virtual_machine",
      "name": "chaiturg",
      "provider": "provider[\"registry.terraform.io/hashicorp/azurerm\"]",
      "instances": [
        {
          "schema_version": 0,
          "attributes": {
            "assessment": [],
            "auto_backup": [],
            "auto_patching": [],
            "id": "/subscriptions/e35bea4b-678e-4390-b4c2-7274791aa941/resourceGroups/chaiturg-resources/providers/Microsoft.SqlVirtualMachine/sqlVirtualMachines/chaiturg-vm",
            "key_vault_credential": [],
            "r_services_enabled": true,
            "sql_connectivity_port": 1433,
            "sql_connectivity_type": "PRIVATE",
            "sql_connectivity_update_password": "Password1234!",
            "sql_connectivity_update_username": "sqllogin",
            "sql_instance": [],
            "sql_license_type": "PAYG",
            "storage_configuration": [],
            "tags": null,
            "timeouts": null,
            "virtual_machine_id": "/subscriptions/e35bea4b-678e-4390-b4c2-7274791aa941/resourceGroups/chaiturg-resources/providers/Microsoft.Compute/virtualMachines/chaiturg-vm"
          },
          "sensitive_attributes": [],
          "private": "eyJlMmJmYjczMC1lY2FhLTExZTYtOGY4OC0zNDM2M2JjN2M0YzAiOnsiY3JlYXRlIjozNjAwMDAwMDAwMDAwLCJkZWxldGUiOjM2MDAwMDAwMDAwMDAsInJlYWQiOjMwMDAwMDAwMDAwMCwidXBkYXRlIjozNjAwMDAwMDAwMDAwfX0=",
          "dependencies": [
            "data.azurerm_virtual_machine.chaiturg"
          ]
        }
      ]
    },
    {
      "mode": "managed",
      "type": "azurerm_network_interface",
      "name": "chaiturg",
      "provider": "provider[\"registry.terraform.io/hashicorp/azurerm\"]",
      "instances": [
        {
          "schema_version": 0,
          "attributes": {
            "applied_dns_servers": [],
            "dns_servers": [],
            "edge_zone": "",
            "enable_accelerated_networking": false,
            "enable_ip_forwarding": false,
            "id": "/subscriptions/e35bea4b-678e-4390-b4c2-7274791aa941/resourceGroups/chaiturg-resources/providers/Microsoft.Network/networkInterfaces/chaiturg-NIC",
            "internal_dns_name_label": "",
            "internal_domain_name_suffix": "ra3lbtvgtqzunpqxizlnimzute.ax.internal.cloudapp.net",
            "ip_configuration": [
              {
                "gateway_load_balancer_frontend_ip_configuration_id": "",
                "name": "internal",
                "primary": true,
                "private_ip_address": "10.0.0.4",
                "private_ip_address_allocation": "Dynamic",
                "private_ip_address_version": "IPv4",
                "public_ip_address_id": "",
                "subnet_id": "/subscriptions/e35bea4b-678e-4390-b4c2-7274791aa941/resourceGroups/chaiturg-resources/providers/Microsoft.Network/virtualNetworks/chaiturg-VN/subnets/internal"
              }
            ],
            "location": "westeurope",
            "mac_address": "00-0D-3A-4C-DA-28",
            "name": "chaiturg-NIC",
            "private_ip_address": "10.0.0.4",
            "private_ip_addresses": [
              "10.0.0.4"
            ],
            "resource_group_name": "chaiturg-resources",
            "tags": {},
            "timeouts": null,
            "virtual_machine_id": "/subscriptions/e35bea4b-678e-4390-b4c2-7274791aa941/resourceGroups/chaiturg-resources/providers/Microsoft.Compute/virtualMachines/chaiturg-VM"
          },
          "sensitive_attributes": [],
          "private": "eyJlMmJmYjczMC1lY2FhLTExZTYtOGY4OC0zNDM2M2JjN2M0YzAiOnsiY3JlYXRlIjoxODAwMDAwMDAwMDAwLCJkZWxldGUiOjE4MDAwMDAwMDAwMDAsInJlYWQiOjMwMDAwMDAwMDAwMCwidXBkYXRlIjoxODAwMDAwMDAwMDAwfX0=",
          "dependencies": [
            "azurerm_resource_group.chaiturg",
            "azurerm_subnet.chaiturg",
            "azurerm_virtual_network.chaiturg"
          ]
        }
      ]
    },
    {
      "mode": "managed",
      "type": "azurerm_network_interface_backend_address_pool_association",
      "name": "chaiturg",
      "provider": "provider[\"registry.terraform.io/hashicorp/azurerm\"]",
      "instances": [
        {
          "schema_version": 0,
          "attributes": {
            "backend_address_pool_id": "/subscriptions/e35bea4b-678e-4390-b4c2-7274791aa941/resourceGroups/chaiturg-resources/providers/Microsoft.Network/loadBalancers/TestLoadBalancer/backendAddressPools/BackEndAddressPool",
            "id": "/subscriptions/e35bea4b-678e-4390-b4c2-7274791aa941/resourceGroups/chaiturg-resources/providers/Microsoft.Network/networkInterfaces/chaiturg-NIC/ipConfigurations/internal|/subscriptions/e35bea4b-678e-4390-b4c2-7274791aa941/resourceGroups/chaiturg-resources/providers/Microsoft.Network/loadBalancers/TestLoadBalancer/backendAddressPools/BackEndAddressPool",
            "ip_configuration_name": "internal",
            "network_interface_id": "/subscriptions/e35bea4b-678e-4390-b4c2-7274791aa941/resourceGroups/chaiturg-resources/providers/Microsoft.Network/networkInterfaces/chaiturg-NIC",
            "timeouts": null
          },
          "sensitive_attributes": [],
          "private": "eyJlMmJmYjczMC1lY2FhLTExZTYtOGY4OC0zNDM2M2JjN2M0YzAiOnsiY3JlYXRlIjoxODAwMDAwMDAwMDAwLCJkZWxldGUiOjE4MDAwMDAwMDAwMDAsInJlYWQiOjMwMDAwMDAwMDAwMCwidXBkYXRlIjoxODAwMDAwMDAwMDAwfX0=",
          "dependencies": [
            "azurerm_lb.chaiturg",
            "azurerm_lb_backend_address_pool.chaiturg1",
            "azurerm_network_interface.chaiturg",
            "azurerm_public_ip.chaiturg",
            "azurerm_resource_group.chaiturg",
            "azurerm_subnet.chaiturg",
            "azurerm_virtual_network.chaiturg"
          ]
        }
      ]
    },
    {
      "mode": "managed",
      "type": "azurerm_network_interface_security_group_association",
      "name": "chaiturg",
      "provider": "provider[\"registry.terraform.io/hashicorp/azurerm\"]",
      "instances": [
        {
          "schema_version": 0,
          "attributes": {
            "id": "/subscriptions/e35bea4b-678e-4390-b4c2-7274791aa941/resourceGroups/chaiturg-resources/providers/Microsoft.Network/networkInterfaces/chaiturg-NIC|/subscriptions/e35bea4b-678e-4390-b4c2-7274791aa941/resourceGroups/chaiturg-resources/providers/Microsoft.Network/networkSecurityGroups/testsecuritygroup1",
            "network_interface_id": "/subscriptions/e35bea4b-678e-4390-b4c2-7274791aa941/resourceGroups/chaiturg-resources/providers/Microsoft.Network/networkInterfaces/chaiturg-NIC",
            "network_security_group_id": "/subscriptions/e35bea4b-678e-4390-b4c2-7274791aa941/resourceGroups/chaiturg-resources/providers/Microsoft.Network/networkSecurityGroups/testsecuritygroup1",
            "timeouts": null
          },
          "sensitive_attributes": [],
          "private": "eyJlMmJmYjczMC1lY2FhLTExZTYtOGY4OC0zNDM2M2JjN2M0YzAiOnsiY3JlYXRlIjoxODAwMDAwMDAwMDAwLCJkZWxldGUiOjE4MDAwMDAwMDAwMDAsInJlYWQiOjMwMDAwMDAwMDAwMCwidXBkYXRlIjoxODAwMDAwMDAwMDAwfX0=",
          "dependencies": [
            "azurerm_network_interface.chaiturg",
            "azurerm_network_security_group.chaiturg",
            "azurerm_resource_group.chaiturg",
            "azurerm_subnet.chaiturg",
            "azurerm_virtual_network.chaiturg"
          ]
        }
      ]
    },
    {
      "mode": "managed",
      "type": "azurerm_network_security_group",
      "name": "chaiturg",
      "provider": "provider[\"registry.terraform.io/hashicorp/azurerm\"]",
      "instances": [
        {
          "schema_version": 0,
          "attributes": {
            "id": "/subscriptions/e35bea4b-678e-4390-b4c2-7274791aa941/resourceGroups/chaiturg-resources/providers/Microsoft.Network/networkSecurityGroups/testsecuritygroup1",
            "location": "westeurope",
            "name": "testsecuritygroup1",
            "resource_group_name": "chaiturg-resources",
            "security_rule": [
              {
                "access": "Allow",
                "description": "",
                "destination_address_prefix": "*",
                "destination_address_prefixes": [],
                "destination_application_security_group_ids": [],
                "destination_port_range": "*",
                "destination_port_ranges": [],
                "direction": "Inbound",
                "name": "test123",
                "priority": 100,
                "protocol": "Tcp",
                "source_address_prefix": "*",
                "source_address_prefixes": [],
                "source_application_security_group_ids": [],
                "source_port_range": "*",
                "source_port_ranges": []
              }
            ],
            "tags": {},
            "timeouts": {
              "create": null,
              "delete": null,
              "read": null,
              "update": null
            }
          },
          "sensitive_attributes": [],
          "private": "eyJlMmJmYjczMC1lY2FhLTExZTYtOGY4OC0zNDM2M2JjN2M0YzAiOnsiY3JlYXRlIjoxODAwMDAwMDAwMDAwLCJkZWxldGUiOjE4MDAwMDAwMDAwMDAsInJlYWQiOjMwMDAwMDAwMDAwMCwidXBkYXRlIjoxODAwMDAwMDAwMDAwfSwic2NoZW1hX3ZlcnNpb24iOiIwIn0=",
          "dependencies": [
            "azurerm_resource_group.chaiturg"
          ]
        }
      ]
    },
    {
      "mode": "managed",
      "type": "azurerm_network_security_rule",
      "name": "MSSQLRule",
      "provider": "provider[\"registry.terraform.io/hashicorp/azurerm\"]",
      "instances": [
        {
          "schema_version": 0,
          "attributes": {
            "access": "Allow",
            "description": "",
            "destination_address_prefix": "*",
            "destination_address_prefixes": null,
            "destination_application_security_group_ids": null,
            "destination_port_range": "1433",
            "destination_port_ranges": null,
            "direction": "Inbound",
            "id": "/subscriptions/e35bea4b-678e-4390-b4c2-7274791aa941/resourceGroups/chaiturg-resources/providers/Microsoft.Network/networkSecurityGroups/testsecuritygroup1/securityRules/MSSQLRule",
            "name": "MSSQLRule",
            "network_security_group_name": "testsecuritygroup1",
            "priority": 1001,
            "protocol": "Tcp",
            "resource_group_name": "chaiturg-resources",
            "source_address_prefix": "167.220.255.0/25",
            "source_address_prefixes": null,
            "source_application_security_group_ids": null,
            "source_port_range": "*",
            "source_port_ranges": null,
            "timeouts": null
          },
          "sensitive_attributes": [],
          "private": "eyJlMmJmYjczMC1lY2FhLTExZTYtOGY4OC0zNDM2M2JjN2M0YzAiOnsiY3JlYXRlIjoxODAwMDAwMDAwMDAwLCJkZWxldGUiOjE4MDAwMDAwMDAwMDAsInJlYWQiOjMwMDAwMDAwMDAwMCwidXBkYXRlIjoxODAwMDAwMDAwMDAwfX0=",
          "dependencies": [
            "azurerm_network_security_group.chaiturg",
            "azurerm_resource_group.chaiturg"
          ]
        }
      ]
    },
    {
      "mode": "managed",
      "type": "azurerm_public_ip",
      "name": "chaiturg",
      "provider": "provider[\"registry.terraform.io/hashicorp/azurerm\"]",
      "instances": [
        {
          "schema_version": 0,
          "attributes": {
            "allocation_method": "Dynamic",
            "ddos_protection_mode": "VirtualNetworkInherited",
            "ddos_protection_plan_id": null,
            "domain_name_label": null,
            "edge_zone": "",
            "fqdn": null,
            "id": "/subscriptions/e35bea4b-678e-4390-b4c2-7274791aa941/resourceGroups/chaiturg-resources/providers/Microsoft.Network/publicIPAddresses/chaiturg-PIP",
            "idle_timeout_in_minutes": 4,
            "ip_address": "",
            "ip_tags": {},
            "ip_version": "IPv4",
            "location": "westeurope",
            "name": "chaiturg-PIP",
            "public_ip_prefix_id": null,
            "resource_group_name": "chaiturg-resources",
            "reverse_fqdn": null,
            "sku": "Basic",
            "sku_tier": "Regional",
            "tags": {},
            "timeouts": {
              "create": null,
              "delete": null,
              "read": null,
              "update": null
            },
            "zones": []
          },
          "sensitive_attributes": [],
          "private": "eyJlMmJmYjczMC1lY2FhLTExZTYtOGY4OC0zNDM2M2JjN2M0YzAiOnsiY3JlYXRlIjoxODAwMDAwMDAwMDAwLCJkZWxldGUiOjE4MDAwMDAwMDAwMDAsInJlYWQiOjMwMDAwMDAwMDAwMCwidXBkYXRlIjoxODAwMDAwMDAwMDAwfSwic2NoZW1hX3ZlcnNpb24iOiIwIn0=",
          "dependencies": [
            "azurerm_resource_group.chaiturg"
          ]
        }
      ]
    },
    {
      "mode": "managed",
      "type": "azurerm_resource_group",
      "name": "chaiturg",
      "provider": "provider[\"registry.terraform.io/hashicorp/azurerm\"]",
      "instances": [
        {
          "schema_version": 0,
          "attributes": {
            "id": "/subscriptions/e35bea4b-678e-4390-b4c2-7274791aa941/resourceGroups/chaiturg-resources",
            "location": "westeurope",
            "name": "chaiturg-resources",
            "tags": {},
            "timeouts": null
          },
          "sensitive_attributes": [],
          "private": "eyJlMmJmYjczMC1lY2FhLTExZTYtOGY4OC0zNDM2M2JjN2M0YzAiOnsiY3JlYXRlIjo1NDAwMDAwMDAwMDAwLCJkZWxldGUiOjU0MDAwMDAwMDAwMDAsInJlYWQiOjMwMDAwMDAwMDAwMCwidXBkYXRlIjo1NDAwMDAwMDAwMDAwfX0="
        }
      ]
    },
    {
      "mode": "managed",
      "type": "azurerm_subnet",
      "name": "chaiturg",
      "provider": "provider[\"registry.terraform.io/hashicorp/azurerm\"]",
      "instances": [
        {
          "schema_version": 0,
          "attributes": {
            "address_prefixes": [
              "10.0.0.0/24"
            ],
            "delegation": [],
            "enforce_private_link_endpoint_network_policies": false,
            "enforce_private_link_service_network_policies": false,
            "id": "/subscriptions/e35bea4b-678e-4390-b4c2-7274791aa941/resourceGroups/chaiturg-resources/providers/Microsoft.Network/virtualNetworks/chaiturg-VN/subnets/internal",
            "name": "internal",
            "private_endpoint_network_policies_enabled": true,
            "private_link_service_network_policies_enabled": true,
            "resource_group_name": "chaiturg-resources",
            "service_endpoint_policy_ids": [],
            "service_endpoints": [],
            "timeouts": null,
            "virtual_network_name": "chaiturg-VN"
          },
          "sensitive_attributes": [],
          "private": "eyJlMmJmYjczMC1lY2FhLTExZTYtOGY4OC0zNDM2M2JjN2M0YzAiOnsiY3JlYXRlIjoxODAwMDAwMDAwMDAwLCJkZWxldGUiOjE4MDAwMDAwMDAwMDAsInJlYWQiOjMwMDAwMDAwMDAwMCwidXBkYXRlIjoxODAwMDAwMDAwMDAwfX0=",
          "dependencies": [
            "azurerm_resource_group.chaiturg",
            "azurerm_virtual_network.chaiturg"
          ]
        }
      ]
    },
    {
      "mode": "managed",
      "type": "azurerm_subnet_network_security_group_association",
      "name": "chaiturg",
      "provider": "provider[\"registry.terraform.io/hashicorp/azurerm\"]",
      "instances": [
        {
          "schema_version": 0,
          "attributes": {
            "id": "/subscriptions/e35bea4b-678e-4390-b4c2-7274791aa941/resourceGroups/chaiturg-resources/providers/Microsoft.Network/virtualNetworks/chaiturg-VN/subnets/internal",
            "network_security_group_id": "/subscriptions/e35bea4b-678e-4390-b4c2-7274791aa941/resourceGroups/chaiturg-resources/providers/Microsoft.Network/networkSecurityGroups/testsecuritygroup1",
            "subnet_id": "/subscriptions/e35bea4b-678e-4390-b4c2-7274791aa941/resourceGroups/chaiturg-resources/providers/Microsoft.Network/virtualNetworks/chaiturg-VN/subnets/internal",
            "timeouts": null
          },
          "sensitive_attributes": [],
          "private": "eyJlMmJmYjczMC1lY2FhLTExZTYtOGY4OC0zNDM2M2JjN2M0YzAiOnsiY3JlYXRlIjoxODAwMDAwMDAwMDAwLCJkZWxldGUiOjE4MDAwMDAwMDAwMDAsInJlYWQiOjMwMDAwMDAwMDAwMCwidXBkYXRlIjoxODAwMDAwMDAwMDAwfX0=",
          "dependencies": [
            "azurerm_network_security_group.chaiturg",
            "azurerm_resource_group.chaiturg",
            "azurerm_subnet.chaiturg",
            "azurerm_virtual_network.chaiturg"
          ]
        }
      ]
    },
    {
      "mode": "managed",
      "type": "azurerm_virtual_machine",
      "name": "chaiturg",
      "provider": "provider[\"registry.terraform.io/hashicorp/azurerm\"]",
      "instances": [
        {
          "schema_version": 0,
          "attributes": {
            "additional_capabilities": [],
            "availability_set_id": null,
            "boot_diagnostics": [],
            "delete_data_disks_on_termination": false,
            "delete_os_disk_on_termination": false,
            "id": "/subscriptions/e35bea4b-678e-4390-b4c2-7274791aa941/resourceGroups/chaiturg-resources/providers/Microsoft.Compute/virtualMachines/chaiturg-VM",
            "identity": [],
            "license_type": null,
            "location": "westeurope",
            "name": "chaiturg-VM",
            "network_interface_ids": [
              "/subscriptions/e35bea4b-678e-4390-b4c2-7274791aa941/resourceGroups/chaiturg-resources/providers/Microsoft.Network/networkInterfaces/chaiturg-NIC"
            ],
            "os_profile": [
              {
                "admin_password": "",
                "admin_username": "exampleadmin",
                "computer_name": "winhost01",
                "custom_data": ""
              }
            ],
            "os_profile_linux_config": [],
            "os_profile_secrets": [],
            "os_profile_windows_config": [
              {
                "additional_unattend_config": [],
                "enable_automatic_upgrades": true,
                "provision_vm_agent": true,
                "timezone": "Pacific Standard Time",
                "winrm": []
              }
            ],
            "plan": [],
            "primary_network_interface_id": null,
            "proximity_placement_group_id": null,
            "resource_group_name": "chaiturg-resources",
            "storage_data_disk": [],
            "storage_image_reference": [
              {
                "id": "",
                "offer": "SQL2017-WS2016",
                "publisher": "MicrosoftSQLServer",
                "sku": "SQLDEV",
                "version": "latest"
              }
            ],
            "storage_os_disk": [
              {
                "caching": "ReadOnly",
                "create_option": "FromImage",
                "disk_size_gb": 127,
                "image_uri": "",
                "managed_disk_id": "/subscriptions/e35bea4b-678e-4390-b4c2-7274791aa941/resourceGroups/chaiturg-resources/providers/Microsoft.Compute/disks/OSDisk",
                "managed_disk_type": "Premium_LRS",
                "name": "OSDisk",
                "os_type": "Windows",
                "vhd_uri": "",
                "write_accelerator_enabled": false
              }
            ],
            "tags": {},
            "timeouts": null,
            "vm_size": "Standard_DS14_v2",
            "zones": []
          },
          "sensitive_attributes": [],
          "private": "eyJlMmJmYjczMC1lY2FhLTExZTYtOGY4OC0zNDM2M2JjN2M0YzAiOnsiY3JlYXRlIjozNjAwMDAwMDAwMDAwLCJkZWxldGUiOjM2MDAwMDAwMDAwMDAsInJlYWQiOjMwMDAwMDAwMDAwMCwidXBkYXRlIjozNjAwMDAwMDAwMDAwfX0=",
          "dependencies": [
            "azurerm_network_interface.chaiturg",
            "azurerm_resource_group.chaiturg",
            "azurerm_subnet.chaiturg",
            "azurerm_virtual_network.chaiturg"
          ]
        }
      ]
    },
    {
      "mode": "managed",
      "type": "azurerm_virtual_network",
      "name": "chaiturg",
      "provider": "provider[\"registry.terraform.io/hashicorp/azurerm\"]",
      "instances": [
        {
          "schema_version": 0,
          "attributes": {
            "address_space": [
              "10.0.0.0/16"
            ],
            "bgp_community": "",
            "ddos_protection_plan": [],
            "dns_servers": [],
            "edge_zone": "",
            "flow_timeout_in_minutes": 0,
            "guid": "ceb03a88-9ca6-4633-be17-4656d433349c",
            "id": "/subscriptions/e35bea4b-678e-4390-b4c2-7274791aa941/resourceGroups/chaiturg-resources/providers/Microsoft.Network/virtualNetworks/chaiturg-VN",
            "location": "westeurope",
            "name": "chaiturg-VN",
            "resource_group_name": "chaiturg-resources",
            "subnet": [
              {
                "address_prefix": "10.0.0.0/24",
                "id": "/subscriptions/e35bea4b-678e-4390-b4c2-7274791aa941/resourceGroups/chaiturg-resources/providers/Microsoft.Network/virtualNetworks/chaiturg-VN/subnets/internal",
                "name": "internal",
                "security_group": "/subscriptions/e35bea4b-678e-4390-b4c2-7274791aa941/resourceGroups/chaiturg-resources/providers/Microsoft.Network/networkSecurityGroups/testsecuritygroup1"
              }
            ],
            "tags": {},
            "timeouts": {
              "create": null,
              "delete": null,
              "read": null,
              "update": null
            }
          },
          "sensitive_attributes": [],
          "private": "eyJlMmJmYjczMC1lY2FhLTExZTYtOGY4OC0zNDM2M2JjN2M0YzAiOnsiY3JlYXRlIjoxODAwMDAwMDAwMDAwLCJkZWxldGUiOjE4MDAwMDAwMDAwMDAsInJlYWQiOjMwMDAwMDAwMDAwMCwidXBkYXRlIjoxODAwMDAwMDAwMDAwfSwic2NoZW1hX3ZlcnNpb24iOiIwIn0=",
          "dependencies": [
            "azurerm_resource_group.chaiturg"
          ]
        }
      ]
    }
  ],
  "check_results": null
}
