{
  "version": 4,
  "terraform_version": "1.4.2",
  "serial": 24,
  "lineage": "41d9f448-911c-2c42-bbf8-06104712a96f",
  "outputs": {
    "gadige_public_ip_fqdn": {
      "value": "msz1f4.eastus.cloudapp.azure.com",
      "type": "string"
    },
    "jb_public_ip": {
      "value": "20.102.52.101",
      "type": "string"
    },
    "jumpbox_public_ip_fqdn": {
      "value": "msz1f4-ssh.eastus.cloudapp.azure.com",
      "type": "string"
    }
  },
  "resources": [
    {
      "mode": "managed",
      "type": "azurerm_lb",
      "name": "gadige",
      "provider": "provider[\"registry.terraform.io/hashicorp/azurerm\"]",
      "instances": [
        {
          "schema_version": 0,
          "attributes": {
            "frontend_ip_configuration": [
              {
                "availability_zone": "No-Zone",
                "gateway_load_balancer_frontend_ip_configuration_id": "",
                "id": "/subscriptions/e35bea4b-678e-4390-b4c2-7274791aa941/resourceGroups/gadige-rg/providers/Microsoft.Network/loadBalancers/gadige-lb/frontendIPConfigurations/PublicIPAddress",
                "inbound_nat_rules": [],
                "load_balancer_rules": [
                  "/subscriptions/e35bea4b-678e-4390-b4c2-7274791aa941/resourceGroups/gadige-rg/providers/Microsoft.Network/loadBalancers/gadige-lb/loadBalancingRules/http"
                ],
                "name": "PublicIPAddress",
                "outbound_rules": [],
                "private_ip_address": "",
                "private_ip_address_allocation": "Dynamic",
                "private_ip_address_version": "",
                "public_ip_address_id": "/subscriptions/e35bea4b-678e-4390-b4c2-7274791aa941/resourceGroups/gadige-rg/providers/Microsoft.Network/publicIPAddresses/gadigee-pubIP",
                "public_ip_prefix_id": "",
                "subnet_id": "",
                "zones": []
              }
            ],
            "id": "/subscriptions/e35bea4b-678e-4390-b4c2-7274791aa941/resourceGroups/gadige-rg/providers/Microsoft.Network/loadBalancers/gadige-lb",
            "location": "eastus",
            "name": "gadige-lb",
            "private_ip_address": "",
            "private_ip_addresses": [],
            "resource_group_name": "gadige-rg",
            "sku": "Basic",
            "sku_tier": "Regional",
            "tags": {},
            "timeouts": null
          },
          "sensitive_attributes": [],
          "private": "eyJlMmJmYjczMC1lY2FhLTExZTYtOGY4OC0zNDM2M2JjN2M0YzAiOnsiY3JlYXRlIjoxODAwMDAwMDAwMDAwLCJkZWxldGUiOjE4MDAwMDAwMDAwMDAsInJlYWQiOjMwMDAwMDAwMDAwMCwidXBkYXRlIjoxODAwMDAwMDAwMDAwfX0=",
          "dependencies": [
            "azurerm_public_ip.gadige",
            "azurerm_resource_group.gadige",
            "random_string.fqdn"
          ]
        }
      ]
    },
    {
      "mode": "managed",
      "type": "azurerm_lb_backend_address_pool",
      "name": "bpool",
      "provider": "provider[\"registry.terraform.io/hashicorp/azurerm\"]",
      "instances": [
        {
          "schema_version": 0,
          "attributes": {
            "backend_address": [],
            "backend_ip_configurations": [],
            "id": "/subscriptions/e35bea4b-678e-4390-b4c2-7274791aa941/resourceGroups/gadige-rg/providers/Microsoft.Network/loadBalancers/gadige-lb/backendAddressPools/Backendaddresspool",
            "load_balancing_rules": [
              "/subscriptions/e35bea4b-678e-4390-b4c2-7274791aa941/resourceGroups/gadige-rg/providers/Microsoft.Network/loadBalancers/gadige-lb/loadBalancingRules/http"
            ],
            "loadbalancer_id": "/subscriptions/e35bea4b-678e-4390-b4c2-7274791aa941/resourceGroups/gadige-rg/providers/Microsoft.Network/loadBalancers/gadige-lb",
            "name": "Backendaddresspool",
            "outbound_rules": [],
            "resource_group_name": "gadige-rg",
            "timeouts": null,
            "tunnel_interface": []
          },
          "sensitive_attributes": [],
          "private": "eyJlMmJmYjczMC1lY2FhLTExZTYtOGY4OC0zNDM2M2JjN2M0YzAiOnsiY3JlYXRlIjoxODAwMDAwMDAwMDAwLCJkZWxldGUiOjE4MDAwMDAwMDAwMDAsInJlYWQiOjMwMDAwMDAwMDAwMCwidXBkYXRlIjoxODAwMDAwMDAwMDAwfX0=",
          "dependencies": [
            "azurerm_lb.gadige",
            "azurerm_public_ip.gadige",
            "azurerm_resource_group.gadige",
            "random_string.fqdn"
          ]
        }
      ]
    },
    {
      "mode": "managed",
      "type": "azurerm_lb_probe",
      "name": "gadige",
      "provider": "provider[\"registry.terraform.io/hashicorp/azurerm\"]",
      "instances": [
        {
          "schema_version": 0,
          "attributes": {
            "id": "/subscriptions/e35bea4b-678e-4390-b4c2-7274791aa941/resourceGroups/gadige-rg/providers/Microsoft.Network/loadBalancers/gadige-lb/probes/ssh-running-probe",
            "interval_in_seconds": 15,
            "load_balancer_rules": [
              "/subscriptions/e35bea4b-678e-4390-b4c2-7274791aa941/resourceGroups/gadige-rg/providers/Microsoft.Network/loadBalancers/gadige-lb/loadBalancingRules/http"
            ],
            "loadbalancer_id": "/subscriptions/e35bea4b-678e-4390-b4c2-7274791aa941/resourceGroups/gadige-rg/providers/Microsoft.Network/loadBalancers/gadige-lb",
            "name": "ssh-running-probe",
            "number_of_probes": 2,
            "port": 80,
            "protocol": "Tcp",
            "request_path": "",
            "resource_group_name": "gadige-rg",
            "timeouts": null
          },
          "sensitive_attributes": [],
          "private": "eyJlMmJmYjczMC1lY2FhLTExZTYtOGY4OC0zNDM2M2JjN2M0YzAiOnsiY3JlYXRlIjoxODAwMDAwMDAwMDAwLCJkZWxldGUiOjE4MDAwMDAwMDAwMDAsInJlYWQiOjMwMDAwMDAwMDAwMCwidXBkYXRlIjoxODAwMDAwMDAwMDAwfX0=",
          "dependencies": [
            "azurerm_lb.gadige",
            "azurerm_public_ip.gadige",
            "azurerm_resource_group.gadige",
            "random_string.fqdn"
          ]
        }
      ]
    },
    {
      "mode": "managed",
      "type": "azurerm_lb_rule",
      "name": "lbnatrule",
      "provider": "provider[\"registry.terraform.io/hashicorp/azurerm\"]",
      "instances": [
        {
          "schema_version": 0,
          "attributes": {
            "backend_address_pool_id": "/subscriptions/e35bea4b-678e-4390-b4c2-7274791aa941/resourceGroups/gadige-rg/providers/Microsoft.Network/loadBalancers/gadige-lb/backendAddressPools/Backendaddresspool",
            "backend_address_pool_ids": [
              "/subscriptions/e35bea4b-678e-4390-b4c2-7274791aa941/resourceGroups/gadige-rg/providers/Microsoft.Network/loadBalancers/gadige-lb/backendAddressPools/Backendaddresspool"
            ],
            "backend_port": 80,
            "disable_outbound_snat": false,
            "enable_floating_ip": false,
            "enable_tcp_reset": false,
            "frontend_ip_configuration_id": "/subscriptions/e35bea4b-678e-4390-b4c2-7274791aa941/resourceGroups/gadige-rg/providers/Microsoft.Network/loadBalancers/gadige-lb/frontendIPConfigurations/PublicIPAddress",
            "frontend_ip_configuration_name": "PublicIPAddress",
            "frontend_port": 80,
            "id": "/subscriptions/e35bea4b-678e-4390-b4c2-7274791aa941/resourceGroups/gadige-rg/providers/Microsoft.Network/loadBalancers/gadige-lb/loadBalancingRules/http",
            "idle_timeout_in_minutes": 4,
            "load_distribution": "Default",
            "loadbalancer_id": "/subscriptions/e35bea4b-678e-4390-b4c2-7274791aa941/resourceGroups/gadige-rg/providers/Microsoft.Network/loadBalancers/gadige-lb",
            "name": "http",
            "probe_id": "/subscriptions/e35bea4b-678e-4390-b4c2-7274791aa941/resourceGroups/gadige-rg/providers/Microsoft.Network/loadBalancers/gadige-lb/probes/ssh-running-probe",
            "protocol": "Tcp",
            "resource_group_name": "gadige-rg",
            "timeouts": null
          },
          "sensitive_attributes": [],
          "private": "eyJlMmJmYjczMC1lY2FhLTExZTYtOGY4OC0zNDM2M2JjN2M0YzAiOnsiY3JlYXRlIjoxODAwMDAwMDAwMDAwLCJkZWxldGUiOjE4MDAwMDAwMDAwMDAsInJlYWQiOjMwMDAwMDAwMDAwMCwidXBkYXRlIjoxODAwMDAwMDAwMDAwfX0=",
          "dependencies": [
            "azurerm_lb.gadige",
            "azurerm_lb_backend_address_pool.bpool",
            "azurerm_lb_probe.gadige",
            "azurerm_public_ip.gadige",
            "azurerm_resource_group.gadige",
            "random_string.fqdn"
          ]
        }
      ]
    },
    {
      "mode": "managed",
      "type": "azurerm_network_interface",
      "name": "jb",
      "provider": "provider[\"registry.terraform.io/hashicorp/azurerm\"]",
      "instances": [
        {
          "schema_version": 0,
          "attributes": {
            "applied_dns_servers": [],
            "dns_servers": [],
            "enable_accelerated_networking": false,
            "enable_ip_forwarding": false,
            "id": "/subscriptions/e35bea4b-678e-4390-b4c2-7274791aa941/resourceGroups/gadige-rg/providers/Microsoft.Network/networkInterfaces/jb-nic",
            "internal_dns_name_label": "",
            "internal_domain_name_suffix": "qvgzggepmchetpdwh0wuf0wwvc.bx.internal.cloudapp.net",
            "ip_configuration": [
              {
                "gateway_load_balancer_frontend_ip_configuration_id": "",
                "name": "IPConfiguration",
                "primary": true,
                "private_ip_address": "10.0.2.4",
                "private_ip_address_allocation": "Dynamic",
                "private_ip_address_version": "IPv4",
                "public_ip_address_id": "/subscriptions/e35bea4b-678e-4390-b4c2-7274791aa941/resourceGroups/gadige-rg/providers/Microsoft.Network/publicIPAddresses/jb-public-ip",
                "subnet_id": "/subscriptions/e35bea4b-678e-4390-b4c2-7274791aa941/resourceGroups/gadige-rg/providers/Microsoft.Network/virtualNetworks/gadige-vn/subnets/gadige-subnet"
              }
            ],
            "location": "eastus",
            "mac_address": "00-22-48-1F-F0-47",
            "name": "jb-nic",
            "private_ip_address": "10.0.2.4",
            "private_ip_addresses": [
              "10.0.2.4"
            ],
            "resource_group_name": "gadige-rg",
            "tags": {},
            "timeouts": null,
            "virtual_machine_id": "/subscriptions/e35bea4b-678e-4390-b4c2-7274791aa941/resourceGroups/gadige-rg/providers/Microsoft.Compute/virtualMachines/jumpbox"
          },
          "sensitive_attributes": [],
          "private": "eyJlMmJmYjczMC1lY2FhLTExZTYtOGY4OC0zNDM2M2JjN2M0YzAiOnsiY3JlYXRlIjoxODAwMDAwMDAwMDAwLCJkZWxldGUiOjE4MDAwMDAwMDAwMDAsInJlYWQiOjMwMDAwMDAwMDAwMCwidXBkYXRlIjoxODAwMDAwMDAwMDAwfX0=",
          "dependencies": [
            "azurerm_public_ip.jb",
            "azurerm_resource_group.gadige",
            "azurerm_subnet.gadige",
            "azurerm_virtual_network.gadige",
            "random_string.fqdn"
          ]
        }
      ]
    },
    {
      "mode": "managed",
      "type": "azurerm_public_ip",
      "name": "gadige",
      "provider": "provider[\"registry.terraform.io/hashicorp/azurerm\"]",
      "instances": [
        {
          "schema_version": 0,
          "attributes": {
            "allocation_method": "Static",
            "availability_zone": "No-Zone",
            "domain_name_label": "msz1f4",
            "fqdn": "msz1f4.eastus.cloudapp.azure.com",
            "id": "/subscriptions/e35bea4b-678e-4390-b4c2-7274791aa941/resourceGroups/gadige-rg/providers/Microsoft.Network/publicIPAddresses/gadigee-pubIP",
            "idle_timeout_in_minutes": 4,
            "ip_address": "52.190.58.100",
            "ip_tags": {},
            "ip_version": "IPv4",
            "location": "eastus",
            "name": "gadigee-pubIP",
            "public_ip_prefix_id": null,
            "resource_group_name": "gadige-rg",
            "reverse_fqdn": "",
            "sku": "Basic",
            "sku_tier": "Regional",
            "tags": {},
            "timeouts": null,
            "zones": []
          },
          "sensitive_attributes": [],
          "private": "eyJlMmJmYjczMC1lY2FhLTExZTYtOGY4OC0zNDM2M2JjN2M0YzAiOnsiY3JlYXRlIjoxODAwMDAwMDAwMDAwLCJkZWxldGUiOjE4MDAwMDAwMDAwMDAsInJlYWQiOjMwMDAwMDAwMDAwMCwidXBkYXRlIjoxODAwMDAwMDAwMDAwfX0=",
          "dependencies": [
            "azurerm_resource_group.gadige",
            "random_string.fqdn"
          ]
        }
      ]
    },
    {
      "mode": "managed",
      "type": "azurerm_public_ip",
      "name": "jb",
      "provider": "provider[\"registry.terraform.io/hashicorp/azurerm\"]",
      "instances": [
        {
          "schema_version": 0,
          "attributes": {
            "allocation_method": "Static",
            "availability_zone": "No-Zone",
            "domain_name_label": "msz1f4-ssh",
            "fqdn": "msz1f4-ssh.eastus.cloudapp.azure.com",
            "id": "/subscriptions/e35bea4b-678e-4390-b4c2-7274791aa941/resourceGroups/gadige-rg/providers/Microsoft.Network/publicIPAddresses/jb-public-ip",
            "idle_timeout_in_minutes": 4,
            "ip_address": "20.102.52.101",
            "ip_tags": {},
            "ip_version": "IPv4",
            "location": "eastus",
            "name": "jb-public-ip",
            "public_ip_prefix_id": null,
            "resource_group_name": "gadige-rg",
            "reverse_fqdn": "",
            "sku": "Basic",
            "sku_tier": "Regional",
            "tags": {},
            "timeouts": null,
            "zones": []
          },
          "sensitive_attributes": [],
          "private": "eyJlMmJmYjczMC1lY2FhLTExZTYtOGY4OC0zNDM2M2JjN2M0YzAiOnsiY3JlYXRlIjoxODAwMDAwMDAwMDAwLCJkZWxldGUiOjE4MDAwMDAwMDAwMDAsInJlYWQiOjMwMDAwMDAwMDAwMCwidXBkYXRlIjoxODAwMDAwMDAwMDAwfX0=",
          "dependencies": [
            "azurerm_resource_group.gadige",
            "random_string.fqdn"
          ]
        }
      ]
    },
    {
      "mode": "managed",
      "type": "azurerm_resource_group",
      "name": "gadige",
      "provider": "provider[\"registry.terraform.io/hashicorp/azurerm\"]",
      "instances": [
        {
          "schema_version": 0,
          "attributes": {
            "id": "/subscriptions/e35bea4b-678e-4390-b4c2-7274791aa941/resourceGroups/gadige-rg",
            "location": "eastus",
            "name": "gadige-rg",
            "tags": {},
            "timeouts": null
          },
          "sensitive_attributes": [],
          "private": "eyJlMmJmYjczMC1lY2FhLTExZTYtOGY4OC0zNDM2M2JjN2M0YzAiOnsiY3JlYXRlIjo1NDAwMDAwMDAwMDAwLCJkZWxldGUiOjU0MDAwMDAwMDAwMDAsInJlYWQiOjMwMDAwMDAwMDAwMCwidXBkYXRlIjo1NDAwMDAwMDAwMDAwfX0="
        }
      ]
    },
    {
      "mode": "managed",
      "type": "azurerm_subnet",
      "name": "gadige",
      "provider": "provider[\"registry.terraform.io/hashicorp/azurerm\"]",
      "instances": [
        {
          "schema_version": 0,
          "attributes": {
            "address_prefix": "10.0.2.0/24",
            "address_prefixes": [
              "10.0.2.0/24"
            ],
            "delegation": [],
            "enforce_private_link_endpoint_network_policies": false,
            "enforce_private_link_service_network_policies": false,
            "id": "/subscriptions/e35bea4b-678e-4390-b4c2-7274791aa941/resourceGroups/gadige-rg/providers/Microsoft.Network/virtualNetworks/gadige-vn/subnets/gadige-subnet",
            "name": "gadige-subnet",
            "resource_group_name": "gadige-rg",
            "service_endpoint_policy_ids": [],
            "service_endpoints": [],
            "timeouts": null,
            "virtual_network_name": "gadige-vn"
          },
          "sensitive_attributes": [],
          "private": "eyJlMmJmYjczMC1lY2FhLTExZTYtOGY4OC0zNDM2M2JjN2M0YzAiOnsiY3JlYXRlIjoxODAwMDAwMDAwMDAwLCJkZWxldGUiOjE4MDAwMDAwMDAwMDAsInJlYWQiOjMwMDAwMDAwMDAwMCwidXBkYXRlIjoxODAwMDAwMDAwMDAwfX0=",
          "dependencies": [
            "azurerm_resource_group.gadige",
            "azurerm_virtual_network.gadige"
          ]
        }
      ]
    },
    {
      "mode": "managed",
      "type": "azurerm_virtual_machine",
      "name": "jb",
      "provider": "provider[\"registry.terraform.io/hashicorp/azurerm\"]",
      "instances": [
        {
          "schema_version": 0,
          "attributes": {
            "additional_capabilities": [],
            "availability_set_id": null,
            "boot_diagnostics": [],
            "delete_data_disks_on_termination": false,
            "delete_os_disk_on_termination": false,
            "id": "/subscriptions/e35bea4b-678e-4390-b4c2-7274791aa941/resourceGroups/gadige-rg/providers/Microsoft.Compute/virtualMachines/jumpbox",
            "identity": [],
            "license_type": null,
            "location": "eastus",
            "name": "jumpbox",
            "network_interface_ids": [
              "/subscriptions/e35bea4b-678e-4390-b4c2-7274791aa941/resourceGroups/gadige-rg/providers/Microsoft.Network/networkInterfaces/jb-nic"
            ],
            "os_profile": [
              {
                "admin_password": "",
                "admin_username": "azureuser",
                "computer_name": "jumpbox",
                "custom_data": ""
              }
            ],
            "os_profile_linux_config": [
              {
                "disable_password_authentication": false,
                "ssh_keys": []
              }
            ],
            "os_profile_secrets": [],
            "os_profile_windows_config": [],
            "plan": [],
            "primary_network_interface_id": null,
            "proximity_placement_group_id": null,
            "resource_group_name": "gadige-rg",
            "storage_data_disk": [],
            "storage_image_reference": [
              {
                "id": "",
                "offer": "UbuntuServer",
                "publisher": "Canonical",
                "sku": "16.04-LTS",
                "version": "latest"
              }
            ],
            "storage_os_disk": [
              {
                "caching": "ReadWrite",
                "create_option": "FromImage",
                "disk_size_gb": 30,
                "image_uri": "",
                "managed_disk_id": "/subscriptions/e35bea4b-678e-4390-b4c2-7274791aa941/resourceGroups/gadige-rg/providers/Microsoft.Compute/disks/jumpbox-osdisk",
                "managed_disk_type": "Standard_LRS",
                "name": "jumpbox-osdisk",
                "os_type": "Linux",
                "vhd_uri": "",
                "write_accelerator_enabled": false
              }
            ],
            "tags": {},
            "timeouts": null,
            "vm_size": "Standard_DS1_v2",
            "zones": []
          },
          "sensitive_attributes": [],
          "private": "eyJlMmJmYjczMC1lY2FhLTExZTYtOGY4OC0zNDM2M2JjN2M0YzAiOnsiY3JlYXRlIjozNjAwMDAwMDAwMDAwLCJkZWxldGUiOjM2MDAwMDAwMDAwMDAsInJlYWQiOjMwMDAwMDAwMDAwMCwidXBkYXRlIjozNjAwMDAwMDAwMDAwfX0=",
          "dependencies": [
            "azurerm_network_interface.jb",
            "azurerm_public_ip.jb",
            "azurerm_resource_group.gadige",
            "azurerm_subnet.gadige",
            "azurerm_virtual_network.gadige",
            "random_string.fqdn"
          ]
        }
      ]
    },
    {
      "mode": "managed",
      "type": "azurerm_virtual_machine_scale_set",
      "name": "gadige",
      "provider": "provider[\"registry.terraform.io/hashicorp/azurerm\"]",
      "instances": [
        {
          "schema_version": 1,
          "attributes": {
            "automatic_os_upgrade": false,
            "boot_diagnostics": [],
            "eviction_policy": "",
            "extension": [],
            "health_probe_id": null,
            "id": "/subscriptions/e35bea4b-678e-4390-b4c2-7274791aa941/resourceGroups/gadige-rg/providers/Microsoft.Compute/virtualMachineScaleSets/vmscaleset",
            "identity": [],
            "license_type": "",
            "location": "eastus",
            "name": "vmscaleset",
            "network_profile": [
              {
                "accelerated_networking": false,
                "dns_settings": [
                  {
                    "dns_servers": []
                  }
                ],
                "ip_configuration": [
                  {
                    "application_gateway_backend_address_pool_ids": [],
                    "application_security_group_ids": [],
                    "load_balancer_backend_address_pool_ids": [
                      "/subscriptions/e35bea4b-678e-4390-b4c2-7274791aa941/resourceGroups/gadige-rg/providers/Microsoft.Network/loadBalancers/gadige-lb/backendAddressPools/Backendaddresspool"
                    ],
                    "load_balancer_inbound_nat_rules_ids": [],
                    "name": "IPConfiguration",
                    "primary": true,
                    "public_ip_address_configuration": [],
                    "subnet_id": "/subscriptions/e35bea4b-678e-4390-b4c2-7274791aa941/resourceGroups/gadige-rg/providers/Microsoft.Network/virtualNetworks/gadige-vn/subnets/gadige-subnet"
                  }
                ],
                "ip_forwarding": false,
                "name": "terraformnetworkprofile",
                "network_security_group_id": "",
                "primary": true
              }
            ],
            "os_profile": [
              {
                "admin_password": "Password123",
                "admin_username": "azureuser",
                "computer_name_prefix": "vmlab",
                "custom_data": "I2Nsb3VkLWNvbmZpZw0KcGFja2FnZXM6DQogLSBuZ2lueA=="
              }
            ],
            "os_profile_linux_config": [
              {
                "disable_password_authentication": false,
                "ssh_keys": []
              }
            ],
            "os_profile_secrets": [],
            "os_profile_windows_config": [],
            "overprovision": true,
            "plan": [],
            "priority": "",
            "proximity_placement_group_id": null,
            "resource_group_name": "gadige-rg",
            "rolling_upgrade_policy": [],
            "single_placement_group": true,
            "sku": [
              {
                "capacity": 2,
                "name": "Standard_DS1_v2",
                "tier": "Standard"
              }
            ],
            "storage_profile_data_disk": [
              {
                "caching": "ReadWrite",
                "create_option": "Empty",
                "disk_size_gb": 10,
                "lun": 0,
                "managed_disk_type": "Standard_LRS"
              }
            ],
            "storage_profile_image_reference": [
              {
                "id": "",
                "offer": "UbuntuServer",
                "publisher": "Canonical",
                "sku": "16.04-LTS",
                "version": "latest"
              }
            ],
            "storage_profile_os_disk": [
              {
                "caching": "ReadWrite",
                "create_option": "FromImage",
                "image": "",
                "managed_disk_type": "Standard_LRS",
                "name": "",
                "os_type": "",
                "vhd_containers": []
              }
            ],
            "tags": null,
            "timeouts": null,
            "upgrade_policy_mode": "Manual",
            "zones": null
          },
          "sensitive_attributes": [],
          "private": "eyJlMmJmYjczMC1lY2FhLTExZTYtOGY4OC0zNDM2M2JjN2M0YzAiOnsiY3JlYXRlIjozNjAwMDAwMDAwMDAwLCJkZWxldGUiOjM2MDAwMDAwMDAwMDAsInJlYWQiOjMwMDAwMDAwMDAwMCwidXBkYXRlIjozNjAwMDAwMDAwMDAwfSwic2NoZW1hX3ZlcnNpb24iOiIxIn0=",
          "dependencies": [
            "azurerm_lb_backend_address_pool.bpool",
            "azurerm_resource_group.gadige",
            "azurerm_subnet.gadige"
          ]
        }
      ]
    },
    {
      "mode": "managed",
      "type": "azurerm_virtual_network",
      "name": "gadige",
      "provider": "provider[\"registry.terraform.io/hashicorp/azurerm\"]",
      "instances": [
        {
          "schema_version": 0,
          "attributes": {
            "address_space": [
              "10.0.0.0/16"
            ],
            "bgp_community": "",
            "ddos_protection_plan": [],
            "dns_servers": [],
            "flow_timeout_in_minutes": 0,
            "guid": "18934d85-608f-498e-bc76-3ead42ead6aa",
            "id": "/subscriptions/e35bea4b-678e-4390-b4c2-7274791aa941/resourceGroups/gadige-rg/providers/Microsoft.Network/virtualNetworks/gadige-vn",
            "location": "eastus",
            "name": "gadige-vn",
            "resource_group_name": "gadige-rg",
            "subnet": [
              {
                "address_prefix": "10.0.2.0/24",
                "id": "/subscriptions/e35bea4b-678e-4390-b4c2-7274791aa941/resourceGroups/gadige-rg/providers/Microsoft.Network/virtualNetworks/gadige-vn/subnets/gadige-subnet",
                "name": "gadige-subnet",
                "security_group": ""
              }
            ],
            "tags": {},
            "timeouts": null,
            "vm_protection_enabled": false
          },
          "sensitive_attributes": [],
          "private": "eyJlMmJmYjczMC1lY2FhLTExZTYtOGY4OC0zNDM2M2JjN2M0YzAiOnsiY3JlYXRlIjoxODAwMDAwMDAwMDAwLCJkZWxldGUiOjE4MDAwMDAwMDAwMDAsInJlYWQiOjMwMDAwMDAwMDAwMCwidXBkYXRlIjoxODAwMDAwMDAwMDAwfX0=",
          "dependencies": [
            "azurerm_resource_group.gadige"
          ]
        }
      ]
    },
    {
      "mode": "managed",
      "type": "random_string",
      "name": "fqdn",
      "provider": "provider[\"registry.terraform.io/hashicorp/random\"]",
      "instances": [
        {
          "schema_version": 2,
          "attributes": {
            "id": "msz1f4",
            "keepers": null,
            "length": 6,
            "lower": true,
            "min_lower": 0,
            "min_numeric": 0,
            "min_special": 0,
            "min_upper": 0,
            "number": true,
            "numeric": true,
            "override_special": null,
            "result": "msz1f4",
            "special": false,
            "upper": false
          },
          "sensitive_attributes": []
        }
      ]
    }
  ],
  "check_results": null
}
