{
  "version": 4,
  "terraform_version": "1.4.2",
  "serial": 32,
  "lineage": "41d9f448-911c-2c42-bbf8-06104712a96f",
  "outputs": {},
  "resources": [
    {
      "mode": "managed",
      "type": "azurerm_lb",
      "name": "gadige",
      "provider": "provider[\"registry.terraform.io/hashicorp/azurerm\"]",
      "instances": [
        {
          "schema_version": 0,
          "attributes": {
            "frontend_ip_configuration": [
              {
                "availability_zone": "No-Zone",
                "gateway_load_balancer_frontend_ip_configuration_id": "",
                "id": "/subscriptions/e35bea4b-678e-4390-b4c2-7274791aa941/resourceGroups/gadige-rg/providers/Microsoft.Network/loadBalancers/gadige-lb/frontendIPConfigurations/PublicIPAddress",
                "inbound_nat_rules": [],
                "load_balancer_rules": [
                  "/subscriptions/e35bea4b-678e-4390-b4c2-7274791aa941/resourceGroups/gadige-rg/providers/Microsoft.Network/loadBalancers/gadige-lb/loadBalancingRules/http"
                ],
                "name": "PublicIPAddress",
                "outbound_rules": [],
                "private_ip_address": "",
                "private_ip_address_allocation": "Dynamic",
                "private_ip_address_version": "",
                "public_ip_address_id": "/subscriptions/e35bea4b-678e-4390-b4c2-7274791aa941/resourceGroups/gadige-rg/providers/Microsoft.Network/publicIPAddresses/gadigee-pubIP",
                "public_ip_prefix_id": "",
                "subnet_id": "",
                "zones": []
              }
            ],
            "id": "/subscriptions/e35bea4b-678e-4390-b4c2-7274791aa941/resourceGroups/gadige-rg/providers/Microsoft.Network/loadBalancers/gadige-lb",
            "location": "eastus",
            "name": "gadige-lb",
            "private_ip_address": "",
            "private_ip_addresses": [],
            "resource_group_name": "gadige-rg",
            "sku": "Basic",
            "sku_tier": "Regional",
            "tags": {},
            "timeouts": null
          },
          "sensitive_attributes": [],
          "private": "eyJlMmJmYjczMC1lY2FhLTExZTYtOGY4OC0zNDM2M2JjN2M0YzAiOnsiY3JlYXRlIjoxODAwMDAwMDAwMDAwLCJkZWxldGUiOjE4MDAwMDAwMDAwMDAsInJlYWQiOjMwMDAwMDAwMDAwMCwidXBkYXRlIjoxODAwMDAwMDAwMDAwfX0=",
          "dependencies": [
            "azurerm_public_ip.gadige",
            "azurerm_resource_group.gadige",
            "random_string.fqdn"
          ]
        }
      ]
    },
    {
      "mode": "managed",
      "type": "azurerm_lb_backend_address_pool",
      "name": "bpool",
      "provider": "provider[\"registry.terraform.io/hashicorp/azurerm\"]",
      "instances": [
        {
          "schema_version": 0,
          "attributes": {
            "backend_address": [],
            "backend_ip_configurations": [
              "/subscriptions/e35bea4b-678e-4390-b4c2-7274791aa941/resourceGroups/gadige-rg/providers/Microsoft.Compute/virtualMachineScaleSets/vmscaleset/virtualMachines/2/networkInterfaces/terraformnetworkprofile/ipConfigurations/IPConfiguration",
              "/subscriptions/e35bea4b-678e-4390-b4c2-7274791aa941/resourceGroups/gadige-rg/providers/Microsoft.Compute/virtualMachineScaleSets/vmscaleset/virtualMachines/3/networkInterfaces/terraformnetworkprofile/ipConfigurations/IPConfiguration"
            ],
            "id": "/subscriptions/e35bea4b-678e-4390-b4c2-7274791aa941/resourceGroups/gadige-rg/providers/Microsoft.Network/loadBalancers/gadige-lb/backendAddressPools/Backendaddresspool",
            "load_balancing_rules": [
              "/subscriptions/e35bea4b-678e-4390-b4c2-7274791aa941/resourceGroups/gadige-rg/providers/Microsoft.Network/loadBalancers/gadige-lb/loadBalancingRules/http"
            ],
            "loadbalancer_id": "/subscriptions/e35bea4b-678e-4390-b4c2-7274791aa941/resourceGroups/gadige-rg/providers/Microsoft.Network/loadBalancers/gadige-lb",
            "name": "Backendaddresspool",
            "outbound_rules": [],
            "resource_group_name": "gadige-rg",
            "timeouts": null,
            "tunnel_interface": []
          },
          "sensitive_attributes": [],
          "private": "eyJlMmJmYjczMC1lY2FhLTExZTYtOGY4OC0zNDM2M2JjN2M0YzAiOnsiY3JlYXRlIjoxODAwMDAwMDAwMDAwLCJkZWxldGUiOjE4MDAwMDAwMDAwMDAsInJlYWQiOjMwMDAwMDAwMDAwMCwidXBkYXRlIjoxODAwMDAwMDAwMDAwfX0=",
          "dependencies": [
            "azurerm_lb.gadige",
            "azurerm_public_ip.gadige",
            "azurerm_resource_group.gadige",
            "random_string.fqdn"
          ]
        }
      ]
    },
    {
      "mode": "managed",
      "type": "azurerm_lb_probe",
      "name": "gadige",
      "provider": "provider[\"registry.terraform.io/hashicorp/azurerm\"]",
      "instances": [
        {
          "schema_version": 0,
          "attributes": {
            "id": "/subscriptions/e35bea4b-678e-4390-b4c2-7274791aa941/resourceGroups/gadige-rg/providers/Microsoft.Network/loadBalancers/gadige-lb/probes/ssh-running-probe",
            "interval_in_seconds": 15,
            "load_balancer_rules": [
              "/subscriptions/e35bea4b-678e-4390-b4c2-7274791aa941/resourceGroups/gadige-rg/providers/Microsoft.Network/loadBalancers/gadige-lb/loadBalancingRules/http"
            ],
            "loadbalancer_id": "/subscriptions/e35bea4b-678e-4390-b4c2-7274791aa941/resourceGroups/gadige-rg/providers/Microsoft.Network/loadBalancers/gadige-lb",
            "name": "ssh-running-probe",
            "number_of_probes": 2,
            "port": 80,
            "protocol": "Tcp",
            "request_path": "",
            "resource_group_name": "gadige-rg",
            "timeouts": null
          },
          "sensitive_attributes": [],
          "private": "eyJlMmJmYjczMC1lY2FhLTExZTYtOGY4OC0zNDM2M2JjN2M0YzAiOnsiY3JlYXRlIjoxODAwMDAwMDAwMDAwLCJkZWxldGUiOjE4MDAwMDAwMDAwMDAsInJlYWQiOjMwMDAwMDAwMDAwMCwidXBkYXRlIjoxODAwMDAwMDAwMDAwfX0=",
          "dependencies": [
            "azurerm_lb.gadige",
            "azurerm_public_ip.gadige",
            "azurerm_resource_group.gadige",
            "random_string.fqdn"
          ]
        }
      ]
    },
    {
      "mode": "managed",
      "type": "azurerm_lb_rule",
      "name": "lbnatrule",
      "provider": "provider[\"registry.terraform.io/hashicorp/azurerm\"]",
      "instances": [
        {
          "schema_version": 0,
          "attributes": {
            "backend_address_pool_id": "/subscriptions/e35bea4b-678e-4390-b4c2-7274791aa941/resourceGroups/gadige-rg/providers/Microsoft.Network/loadBalancers/gadige-lb/backendAddressPools/Backendaddresspool",
            "backend_address_pool_ids": [
              "/subscriptions/e35bea4b-678e-4390-b4c2-7274791aa941/resourceGroups/gadige-rg/providers/Microsoft.Network/loadBalancers/gadige-lb/backendAddressPools/Backendaddresspool"
            ],
            "backend_port": 80,
            "disable_outbound_snat": false,
            "enable_floating_ip": false,
            "enable_tcp_reset": false,
            "frontend_ip_configuration_id": "/subscriptions/e35bea4b-678e-4390-b4c2-7274791aa941/resourceGroups/gadige-rg/providers/Microsoft.Network/loadBalancers/gadige-lb/frontendIPConfigurations/PublicIPAddress",
            "frontend_ip_configuration_name": "PublicIPAddress",
            "frontend_port": 80,
            "id": "/subscriptions/e35bea4b-678e-4390-b4c2-7274791aa941/resourceGroups/gadige-rg/providers/Microsoft.Network/loadBalancers/gadige-lb/loadBalancingRules/http",
            "idle_timeout_in_minutes": 4,
            "load_distribution": "Default",
            "loadbalancer_id": "/subscriptions/e35bea4b-678e-4390-b4c2-7274791aa941/resourceGroups/gadige-rg/providers/Microsoft.Network/loadBalancers/gadige-lb",
            "name": "http",
            "probe_id": "/subscriptions/e35bea4b-678e-4390-b4c2-7274791aa941/resourceGroups/gadige-rg/providers/Microsoft.Network/loadBalancers/gadige-lb/probes/ssh-running-probe",
            "protocol": "Tcp",
            "resource_group_name": "gadige-rg",
            "timeouts": null
          },
          "sensitive_attributes": [],
          "private": "eyJlMmJmYjczMC1lY2FhLTExZTYtOGY4OC0zNDM2M2JjN2M0YzAiOnsiY3JlYXRlIjoxODAwMDAwMDAwMDAwLCJkZWxldGUiOjE4MDAwMDAwMDAwMDAsInJlYWQiOjMwMDAwMDAwMDAwMCwidXBkYXRlIjoxODAwMDAwMDAwMDAwfX0=",
          "dependencies": [
            "azurerm_lb.gadige",
            "azurerm_lb_backend_address_pool.bpool",
            "azurerm_lb_probe.gadige",
            "azurerm_public_ip.gadige",
            "azurerm_resource_group.gadige",
            "random_string.fqdn"
          ]
        }
      ]
    },
    {
      "mode": "managed",
      "type": "azurerm_public_ip",
      "name": "gadige",
      "provider": "provider[\"registry.terraform.io/hashicorp/azurerm\"]",
      "instances": [
        {
          "schema_version": 0,
          "attributes": {
            "allocation_method": "Static",
            "availability_zone": "No-Zone",
            "domain_name_label": "msz1f4",
            "fqdn": "msz1f4.eastus.cloudapp.azure.com",
            "id": "/subscriptions/e35bea4b-678e-4390-b4c2-7274791aa941/resourceGroups/gadige-rg/providers/Microsoft.Network/publicIPAddresses/gadigee-pubIP",
            "idle_timeout_in_minutes": 4,
            "ip_address": "52.190.58.100",
            "ip_tags": {},
            "ip_version": "IPv4",
            "location": "eastus",
            "name": "gadigee-pubIP",
            "public_ip_prefix_id": null,
            "resource_group_name": "gadige-rg",
            "reverse_fqdn": "",
            "sku": "Basic",
            "sku_tier": "Regional",
            "tags": {},
            "timeouts": null,
            "zones": []
          },
          "sensitive_attributes": [],
          "private": "eyJlMmJmYjczMC1lY2FhLTExZTYtOGY4OC0zNDM2M2JjN2M0YzAiOnsiY3JlYXRlIjoxODAwMDAwMDAwMDAwLCJkZWxldGUiOjE4MDAwMDAwMDAwMDAsInJlYWQiOjMwMDAwMDAwMDAwMCwidXBkYXRlIjoxODAwMDAwMDAwMDAwfX0=",
          "dependencies": [
            "azurerm_resource_group.gadige",
            "random_string.fqdn"
          ]
        }
      ]
    },
    {
      "mode": "managed",
      "type": "azurerm_resource_group",
      "name": "gadige",
      "provider": "provider[\"registry.terraform.io/hashicorp/azurerm\"]",
      "instances": [
        {
          "schema_version": 0,
          "attributes": {
            "id": "/subscriptions/e35bea4b-678e-4390-b4c2-7274791aa941/resourceGroups/gadige-rg",
            "location": "eastus",
            "name": "gadige-rg",
            "tags": {},
            "timeouts": null
          },
          "sensitive_attributes": [],
          "private": "eyJlMmJmYjczMC1lY2FhLTExZTYtOGY4OC0zNDM2M2JjN2M0YzAiOnsiY3JlYXRlIjo1NDAwMDAwMDAwMDAwLCJkZWxldGUiOjU0MDAwMDAwMDAwMDAsInJlYWQiOjMwMDAwMDAwMDAwMCwidXBkYXRlIjo1NDAwMDAwMDAwMDAwfX0="
        }
      ]
    },
    {
      "mode": "managed",
      "type": "random_string",
      "name": "fqdn",
      "provider": "provider[\"registry.terraform.io/hashicorp/random\"]",
      "instances": [
        {
          "schema_version": 2,
          "attributes": {
            "id": "msz1f4",
            "keepers": null,
            "length": 6,
            "lower": true,
            "min_lower": 0,
            "min_numeric": 0,
            "min_special": 0,
            "min_upper": 0,
            "number": true,
            "numeric": true,
            "override_special": null,
            "result": "msz1f4",
            "special": false,
            "upper": false
          },
          "sensitive_attributes": []
        }
      ]
    }
  ],
  "check_results": null
}
