{
  "version": 4,
  "terraform_version": "1.4.6",
  "serial": 34,
  "lineage": "ed5d7335-54ba-051f-222e-1160547fb3af",
  "outputs": {},
  "resources": [
    {
      "mode": "managed",
      "type": "azurerm_availability_set",
      "name": "availability_set",
      "provider": "provider[\"registry.terraform.io/hashicorp/azurerm\"]",
      "instances": [
        {
          "schema_version": 0,
          "attributes": {
            "id": "/subscriptions/e35bea4b-678e-4390-b4c2-7274791aa941/resourceGroups/gadige-rg/providers/Microsoft.Compute/availabilitySets/gadige-availability-set",
            "location": "eastus",
            "managed": true,
            "name": "gadige-availability-set",
            "platform_fault_domain_count": 3,
            "platform_update_domain_count": 5,
            "proximity_placement_group_id": null,
            "resource_group_name": "gadige-rg",
            "tags": {},
            "timeouts": null
          },
          "sensitive_attributes": [],
          "private": "eyJlMmJmYjczMC1lY2FhLTExZTYtOGY4OC0zNDM2M2JjN2M0YzAiOnsiY3JlYXRlIjoxODAwMDAwMDAwMDAwLCJkZWxldGUiOjE4MDAwMDAwMDAwMDAsInJlYWQiOjMwMDAwMDAwMDAwMCwidXBkYXRlIjoxODAwMDAwMDAwMDAwfX0=",
          "dependencies": [
            "azurerm_resource_group.gadige"
          ]
        }
      ]
    },
    {
      "mode": "managed",
      "type": "azurerm_lb",
      "name": "gadige_lb",
      "provider": "provider[\"registry.terraform.io/hashicorp/azurerm\"]",
      "instances": [
        {
          "schema_version": 0,
          "attributes": {
            "frontend_ip_configuration": [
              {
                "availability_zone": "Zone-Redundant",
                "gateway_load_balancer_frontend_ip_configuration_id": "",
                "id": "/subscriptions/e35bea4b-678e-4390-b4c2-7274791aa941/resourceGroups/gadige-rg/providers/Microsoft.Network/loadBalancers/gadige-lb/frontendIPConfigurations/FrontendIP",
                "inbound_nat_rules": [],
                "load_balancer_rules": [
                  "/subscriptions/e35bea4b-678e-4390-b4c2-7274791aa941/resourceGroups/gadige-rg/providers/Microsoft.Network/loadBalancers/gadige-lb/loadBalancingRules/http"
                ],
                "name": "FrontendIP",
                "outbound_rules": [],
                "private_ip_address": "10.0.0.4",
                "private_ip_address_allocation": "Dynamic",
                "private_ip_address_version": "IPv4",
                "public_ip_address_id": "",
                "public_ip_prefix_id": "",
                "subnet_id": "/subscriptions/e35bea4b-678e-4390-b4c2-7274791aa941/resourceGroups/gadige-rg/providers/Microsoft.Network/virtualNetworks/gadige-vn/subnets/gadige-subnet-0",
                "zones": []
              }
            ],
            "id": "/subscriptions/e35bea4b-678e-4390-b4c2-7274791aa941/resourceGroups/gadige-rg/providers/Microsoft.Network/loadBalancers/gadige-lb",
            "location": "eastus",
            "name": "gadige-lb",
            "private_ip_address": "10.0.0.4",
            "private_ip_addresses": [
              "10.0.0.4"
            ],
            "resource_group_name": "gadige-rg",
            "sku": "Standard",
            "sku_tier": "Regional",
            "tags": {},
            "timeouts": null
          },
          "sensitive_attributes": [],
          "private": "eyJlMmJmYjczMC1lY2FhLTExZTYtOGY4OC0zNDM2M2JjN2M0YzAiOnsiY3JlYXRlIjoxODAwMDAwMDAwMDAwLCJkZWxldGUiOjE4MDAwMDAwMDAwMDAsInJlYWQiOjMwMDAwMDAwMDAwMCwidXBkYXRlIjoxODAwMDAwMDAwMDAwfX0=",
          "dependencies": [
            "azurerm_resource_group.gadige",
            "azurerm_subnet.gadige",
            "azurerm_virtual_network.gadige"
          ]
        }
      ]
    },
    {
      "mode": "managed",
      "type": "azurerm_lb_backend_address_pool",
      "name": "gadige_backend_pool",
      "provider": "provider[\"registry.terraform.io/hashicorp/azurerm\"]",
      "instances": [
        {
          "schema_version": 0,
          "attributes": {
            "backend_address": [],
            "backend_ip_configurations": [
              "/subscriptions/e35bea4b-678e-4390-b4c2-7274791aa941/resourceGroups/gadige-rg/providers/Microsoft.Compute/virtualMachineScaleSets/vmscaleset/virtualMachines/0/networkInterfaces/nic/ipConfigurations/tfnetproflie",
              "/subscriptions/e35bea4b-678e-4390-b4c2-7274791aa941/resourceGroups/gadige-rg/providers/Microsoft.Compute/virtualMachineScaleSets/vmscaleset/virtualMachines/2/networkInterfaces/nic/ipConfigurations/tfnetproflie",
              "/subscriptions/e35bea4b-678e-4390-b4c2-7274791aa941/resourceGroups/gadige-rg/providers/Microsoft.Compute/virtualMachineScaleSets/vmscaleset/virtualMachines/4/networkInterfaces/nic/ipConfigurations/tfnetproflie",
              "/subscriptions/e35bea4b-678e-4390-b4c2-7274791aa941/resourceGroups/gadige-rg/providers/Microsoft.Network/networkInterfaces/gadige-nic-2/ipConfigurations/IPConfiguration",
              "/subscriptions/e35bea4b-678e-4390-b4c2-7274791aa941/resourceGroups/gadige-rg/providers/Microsoft.Network/networkInterfaces/gadige-nic-0/ipConfigurations/IPConfiguration",
              "/subscriptions/e35bea4b-678e-4390-b4c2-7274791aa941/resourceGroups/gadige-rg/providers/Microsoft.Network/networkInterfaces/gadige-nic-1/ipConfigurations/IPConfiguration"
            ],
            "id": "/subscriptions/e35bea4b-678e-4390-b4c2-7274791aa941/resourceGroups/gadige-rg/providers/Microsoft.Network/loadBalancers/gadige-lb/backendAddressPools/BackendPool",
            "load_balancing_rules": [],
            "loadbalancer_id": "/subscriptions/e35bea4b-678e-4390-b4c2-7274791aa941/resourceGroups/gadige-rg/providers/Microsoft.Network/loadBalancers/gadige-lb",
            "name": "BackendPool",
            "outbound_rules": [],
            "resource_group_name": "gadige-rg",
            "timeouts": null,
            "tunnel_interface": []
          },
          "sensitive_attributes": [],
          "private": "eyJlMmJmYjczMC1lY2FhLTExZTYtOGY4OC0zNDM2M2JjN2M0YzAiOnsiY3JlYXRlIjoxODAwMDAwMDAwMDAwLCJkZWxldGUiOjE4MDAwMDAwMDAwMDAsInJlYWQiOjMwMDAwMDAwMDAwMCwidXBkYXRlIjoxODAwMDAwMDAwMDAwfX0=",
          "dependencies": [
            "azurerm_lb.gadige_lb",
            "azurerm_resource_group.gadige",
            "azurerm_subnet.gadige",
            "azurerm_virtual_network.gadige"
          ]
        }
      ]
    },
    {
      "mode": "managed",
      "type": "azurerm_lb_probe",
      "name": "gadige_probe",
      "provider": "provider[\"registry.terraform.io/hashicorp/azurerm\"]",
      "instances": [
        {
          "schema_version": 0,
          "attributes": {
            "id": "/subscriptions/e35bea4b-678e-4390-b4c2-7274791aa941/resourceGroups/gadige-rg/providers/Microsoft.Network/loadBalancers/gadige-lb/probes/ssh-running-probe",
            "interval_in_seconds": 15,
            "load_balancer_rules": [
              "/subscriptions/e35bea4b-678e-4390-b4c2-7274791aa941/resourceGroups/gadige-rg/providers/Microsoft.Network/loadBalancers/gadige-lb/loadBalancingRules/http"
            ],
            "loadbalancer_id": "/subscriptions/e35bea4b-678e-4390-b4c2-7274791aa941/resourceGroups/gadige-rg/providers/Microsoft.Network/loadBalancers/gadige-lb",
            "name": "ssh-running-probe",
            "number_of_probes": 2,
            "port": 22,
            "protocol": "Tcp",
            "request_path": "",
            "resource_group_name": "gadige-rg",
            "timeouts": null
          },
          "sensitive_attributes": [],
          "private": "eyJlMmJmYjczMC1lY2FhLTExZTYtOGY4OC0zNDM2M2JjN2M0YzAiOnsiY3JlYXRlIjoxODAwMDAwMDAwMDAwLCJkZWxldGUiOjE4MDAwMDAwMDAwMDAsInJlYWQiOjMwMDAwMDAwMDAwMCwidXBkYXRlIjoxODAwMDAwMDAwMDAwfX0=",
          "dependencies": [
            "azurerm_lb.gadige_lb",
            "azurerm_resource_group.gadige",
            "azurerm_subnet.gadige",
            "azurerm_virtual_network.gadige"
          ]
        }
      ]
    },
    {
      "mode": "managed",
      "type": "azurerm_lb_rule",
      "name": "gadige_rule",
      "provider": "provider[\"registry.terraform.io/hashicorp/azurerm\"]",
      "instances": [
        {
          "schema_version": 0,
          "attributes": {
            "backend_address_pool_id": "",
            "backend_address_pool_ids": [],
            "backend_port": 3389,
            "disable_outbound_snat": false,
            "enable_floating_ip": false,
            "enable_tcp_reset": false,
            "frontend_ip_configuration_id": "/subscriptions/e35bea4b-678e-4390-b4c2-7274791aa941/resourceGroups/gadige-rg/providers/Microsoft.Network/loadBalancers/gadige-lb/frontendIPConfigurations/FrontendIP",
            "frontend_ip_configuration_name": "FrontendIP",
            "frontend_port": 3389,
            "id": "/subscriptions/e35bea4b-678e-4390-b4c2-7274791aa941/resourceGroups/gadige-rg/providers/Microsoft.Network/loadBalancers/gadige-lb/loadBalancingRules/http",
            "idle_timeout_in_minutes": 4,
            "load_distribution": "Default",
            "loadbalancer_id": "/subscriptions/e35bea4b-678e-4390-b4c2-7274791aa941/resourceGroups/gadige-rg/providers/Microsoft.Network/loadBalancers/gadige-lb",
            "name": "http",
            "probe_id": "/subscriptions/e35bea4b-678e-4390-b4c2-7274791aa941/resourceGroups/gadige-rg/providers/Microsoft.Network/loadBalancers/gadige-lb/probes/ssh-running-probe",
            "protocol": "Tcp",
            "resource_group_name": "gadige-rg",
            "timeouts": null
          },
          "sensitive_attributes": [],
          "private": "eyJlMmJmYjczMC1lY2FhLTExZTYtOGY4OC0zNDM2M2JjN2M0YzAiOnsiY3JlYXRlIjoxODAwMDAwMDAwMDAwLCJkZWxldGUiOjE4MDAwMDAwMDAwMDAsInJlYWQiOjMwMDAwMDAwMDAwMCwidXBkYXRlIjoxODAwMDAwMDAwMDAwfX0=",
          "dependencies": [
            "azurerm_lb.gadige_lb",
            "azurerm_lb_probe.gadige_probe",
            "azurerm_resource_group.gadige",
            "azurerm_subnet.gadige",
            "azurerm_virtual_network.gadige"
          ]
        }
      ]
    },
    {
      "mode": "managed",
      "type": "azurerm_linux_virtual_machine_scale_set",
      "name": "gadige",
      "provider": "provider[\"registry.terraform.io/hashicorp/azurerm\"]",
      "instances": [
        {
          "schema_version": 0,
          "attributes": {
            "additional_capabilities": [],
            "admin_password": "Passwd@123",
            "admin_ssh_key": [
              {
                "public_key": "ssh-rsa AAAAB3NzaC1yc2EAAAADAQABAAABgQDKYr1rJybKgCXTTUQOnXrfVRQj4k5umJsdbsT7UXYj63ysSeIz3QXGMKz7flh9G4lfrqpoGcaj+fF2oaC5lO9nnz6d1RiUAQYWe0/5gQ4f2vOY4O0L21VO9zFG/0mQeBA+IfgbuKcW/fAdqfCWukpjq0R+32B4/uWNRp0XJfitCp1BEGFKxhkMq8/SDojcib+ufMdEgtSET5ZZRF19OEyyY1CaRf7EIbAXqMLNVoFwGE1uSeCfExGw5EWSYM6k4hT6sRHe0nQA5d0kbiORMAqhhhc9t6h+oBWDvX/XecA4dY9OqIMa/BKYTqwDcxyjLuTxxwTOl/AFDL96RSIsMz3Mi87J6jVhHyetkb5td1gHgoGi4t/5OCgOmiHBiQ9nSxoL4GSGylAgzEMMklqcnObMBOVmobX7y4DSIlG/Rtorru6ABWGeCOMtPmfUgKJN76Qafe5rgxhFkTk4GwRUyvrPQc5KE/2FGcVnYOG/Mz+UkWP2fz5IQ4/A9AWxYFU9xRs= chaitanyavm@chaitanya-vm",
                "username": "azureuser"
              }
            ],
            "admin_username": "azureuser",
            "automatic_instance_repair": [
              {
                "enabled": false,
                "grace_period": "PT30M"
              }
            ],
            "automatic_os_upgrade_policy": [],
            "boot_diagnostics": [],
            "computer_name_prefix": "vmscaleset",
            "custom_data": null,
            "data_disk": [],
            "disable_password_authentication": true,
            "do_not_run_extensions_on_overprovisioned_machines": false,
            "encryption_at_host_enabled": false,
            "eviction_policy": "",
            "extension": [],
            "extensions_time_budget": "PT1H30M",
            "health_probe_id": "",
            "id": "/subscriptions/e35bea4b-678e-4390-b4c2-7274791aa941/resourceGroups/gadige-rg/providers/Microsoft.Compute/virtualMachineScaleSets/vmscaleset",
            "identity": [],
            "instances": 3,
            "location": "eastus",
            "max_bid_price": -1,
            "name": "vmscaleset",
            "network_interface": [
              {
                "dns_servers": [],
                "enable_accelerated_networking": false,
                "enable_ip_forwarding": false,
                "ip_configuration": [
                  {
                    "application_gateway_backend_address_pool_ids": [],
                    "application_security_group_ids": [],
                    "load_balancer_backend_address_pool_ids": [
                      "/subscriptions/e35bea4b-678e-4390-b4c2-7274791aa941/resourceGroups/gadige-rg/providers/Microsoft.Network/loadBalancers/gadige-lb/backendAddressPools/BackendPool"
                    ],
                    "load_balancer_inbound_nat_rules_ids": [],
                    "name": "tfnetproflie",
                    "primary": true,
                    "public_ip_address": [],
                    "subnet_id": "/subscriptions/e35bea4b-678e-4390-b4c2-7274791aa941/resourceGroups/gadige-rg/providers/Microsoft.Network/virtualNetworks/gadige-vn/subnets/gadige-subnet-0",
                    "version": "IPv4"
                  }
                ],
                "name": "nic",
                "network_security_group_id": "",
                "primary": true
              }
            ],
            "os_disk": [
              {
                "caching": "ReadWrite",
                "diff_disk_settings": [],
                "disk_encryption_set_id": "",
                "disk_size_gb": 30,
                "storage_account_type": "Standard_LRS",
                "write_accelerator_enabled": false
              }
            ],
            "overprovision": true,
            "plan": [],
            "platform_fault_domain_count": 0,
            "priority": "Regular",
            "provision_vm_agent": true,
            "proximity_placement_group_id": "",
            "resource_group_name": "gadige-rg",
            "rolling_upgrade_policy": [],
            "scale_in_policy": "Default",
            "secret": [],
            "secure_boot_enabled": false,
            "single_placement_group": true,
            "sku": "Standard_B1ls",
            "source_image_id": "",
            "source_image_reference": [
              {
                "offer": "UbuntuServer",
                "publisher": "Canonical",
                "sku": "18.04-LTS",
                "version": "latest"
              }
            ],
            "tags": {},
            "terminate_notification": [],
            "timeouts": null,
            "unique_id": "7af61f38-4807-4d05-9a4c-f4eb11acab7e",
            "upgrade_mode": "Manual",
            "user_data": "",
            "vtpm_enabled": false,
            "zone_balance": false,
            "zones": []
          },
          "sensitive_attributes": [],
          "private": "eyJlMmJmYjczMC1lY2FhLTExZTYtOGY4OC0zNDM2M2JjN2M0YzAiOnsiY3JlYXRlIjozNjAwMDAwMDAwMDAwLCJkZWxldGUiOjM2MDAwMDAwMDAwMDAsInJlYWQiOjMwMDAwMDAwMDAwMCwidXBkYXRlIjozNjAwMDAwMDAwMDAwfX0=",
          "dependencies": [
            "azurerm_lb.gadige_lb",
            "azurerm_lb_backend_address_pool.gadige_backend_pool",
            "azurerm_resource_group.gadige",
            "azurerm_subnet.gadige",
            "azurerm_virtual_network.gadige"
          ]
        }
      ]
    },
    {
      "mode": "managed",
      "type": "azurerm_monitor_action_group",
      "name": "main",
      "provider": "provider[\"registry.terraform.io/hashicorp/azurerm\"]",
      "instances": [
        {
          "schema_version": 1,
          "attributes": {
            "arm_role_receiver": [],
            "automation_runbook_receiver": [],
            "azure_app_push_receiver": [],
            "azure_function_receiver": [],
            "email_receiver": [],
            "enabled": true,
            "event_hub_receiver": [],
            "id": "/subscriptions/e35bea4b-678e-4390-b4c2-7274791aa941/resourceGroups/gadige-rg/providers/Microsoft.Insights/actionGroups/gadige-actiongroup",
            "itsm_receiver": [],
            "logic_app_receiver": [],
            "name": "gadige-actiongroup",
            "resource_group_name": "gadige-rg",
            "short_name": "gadigeact",
            "sms_receiver": [],
            "tags": {},
            "timeouts": null,
            "voice_receiver": [],
            "webhook_receiver": [
              {
                "aad_auth": [],
                "name": "callmyapi",
                "service_uri": "http://example.com/alert",
                "use_common_alert_schema": false
              }
            ]
          },
          "sensitive_attributes": [],
          "private": "eyJlMmJmYjczMC1lY2FhLTExZTYtOGY4OC0zNDM2M2JjN2M0YzAiOnsiY3JlYXRlIjoxODAwMDAwMDAwMDAwLCJkZWxldGUiOjE4MDAwMDAwMDAwMDAsInJlYWQiOjMwMDAwMDAwMDAwMCwidXBkYXRlIjoxODAwMDAwMDAwMDAwfSwic2NoZW1hX3ZlcnNpb24iOiIxIn0=",
          "dependencies": [
            "azurerm_resource_group.gadige"
          ]
        }
      ]
    },
    {
      "mode": "managed",
      "type": "azurerm_monitor_autoscale_setting",
      "name": "gadige",
      "provider": "provider[\"registry.terraform.io/hashicorp/azurerm\"]",
      "instances": [
        {
          "schema_version": 1,
          "attributes": {
            "enabled": true,
            "id": "/subscriptions/e35bea4b-678e-4390-b4c2-7274791aa941/resourceGroups/gadige-rg/providers/Microsoft.Insights/autoscaleSettings/autoscale",
            "location": "eastus",
            "name": "autoscale",
            "notification": [],
            "profile": [
              {
                "capacity": [
                  {
                    "default": 3,
                    "maximum": 3,
                    "minimum": 2
                  }
                ],
                "fixed_date": [],
                "name": "scale-up",
                "recurrence": [],
                "rule": [
                  {
                    "metric_trigger": [
                      {
                        "dimensions": [],
                        "divide_by_instance_count": false,
                        "metric_name": "Percentage CPU",
                        "metric_namespace": "",
                        "metric_resource_id": "/subscriptions/e35bea4b-678e-4390-b4c2-7274791aa941/resourceGroups/gadige-rg/providers/Microsoft.Compute/virtualMachineScaleSets/vmscaleset",
                        "operator": "LessThan",
                        "statistic": "Average",
                        "threshold": 20,
                        "time_aggregation": "Average",
                        "time_grain": "PT1M",
                        "time_window": "PT5M"
                      }
                    ],
                    "scale_action": [
                      {
                        "cooldown": "PT1M",
                        "direction": "Decrease",
                        "type": "ChangeCount",
                        "value": 1
                      }
                    ]
                  },
                  {
                    "metric_trigger": [
                      {
                        "dimensions": [
                          {
                            "name": "AppName",
                            "operator": "Equals",
                            "values": [
                              "App1"
                            ]
                          }
                        ],
                        "divide_by_instance_count": false,
                        "metric_name": "Percentage CPU",
                        "metric_namespace": "microsoft.compute/virtualmachinescalesets",
                        "metric_resource_id": "/subscriptions/e35bea4b-678e-4390-b4c2-7274791aa941/resourceGroups/gadige-rg/providers/Microsoft.Compute/virtualMachineScaleSets/vmscaleset",
                        "operator": "GreaterThan",
                        "statistic": "Average",
                        "threshold": 80,
                        "time_aggregation": "Average",
                        "time_grain": "PT1M",
                        "time_window": "PT5M"
                      }
                    ],
                    "scale_action": [
                      {
                        "cooldown": "PT1M",
                        "direction": "Increase",
                        "type": "ChangeCount",
                        "value": 1
                      }
                    ]
                  }
                ]
              }
            ],
            "resource_group_name": "gadige-rg",
            "tags": {},
            "target_resource_id": "/subscriptions/e35bea4b-678e-4390-b4c2-7274791aa941/resourceGroups/gadige-rg/providers/Microsoft.Compute/virtualMachineScaleSets/vmscaleset",
            "timeouts": null
          },
          "sensitive_attributes": [],
          "private": "eyJlMmJmYjczMC1lY2FhLTExZTYtOGY4OC0zNDM2M2JjN2M0YzAiOnsiY3JlYXRlIjoxODAwMDAwMDAwMDAwLCJkZWxldGUiOjE4MDAwMDAwMDAwMDAsInJlYWQiOjMwMDAwMDAwMDAwMCwidXBkYXRlIjoxODAwMDAwMDAwMDAwfSwic2NoZW1hX3ZlcnNpb24iOiIxIn0=",
          "dependencies": [
            "azurerm_lb.gadige_lb",
            "azurerm_lb_backend_address_pool.gadige_backend_pool",
            "azurerm_linux_virtual_machine_scale_set.gadige",
            "azurerm_resource_group.gadige",
            "azurerm_subnet.gadige",
            "azurerm_virtual_network.gadige"
          ]
        }
      ]
    },
    {
      "mode": "managed",
      "type": "azurerm_monitor_metric_alert",
      "name": "gadige",
      "provider": "provider[\"registry.terraform.io/hashicorp/azurerm\"]",
      "instances": [
        {
          "schema_version": 1,
          "attributes": {
            "action": [],
            "application_insights_web_test_location_availability_criteria": [],
            "auto_mitigate": true,
            "criteria": [
              {
                "aggregation": "Total",
                "dimension": [],
                "metric_name": "Percentage CPU",
                "metric_namespace": "Microsoft.Compute/virtualMachineScaleSets",
                "operator": "GreaterThan",
                "skip_metric_validation": false,
                "threshold": 50
              }
            ],
            "description": "",
            "dynamic_criteria": [],
            "enabled": true,
            "frequency": "PT1M",
            "id": "/subscriptions/e35bea4b-678e-4390-b4c2-7274791aa941/resourceGroups/gadige-rg/providers/Microsoft.Insights/metricAlerts/scale-up-metric-alert",
            "name": "scale-up-metric-alert",
            "resource_group_name": "gadige-rg",
            "scopes": [
              "/subscriptions/e35bea4b-678e-4390-b4c2-7274791aa941/resourceGroups/gadige-rg/providers/Microsoft.Compute/virtualMachineScaleSets/vmscaleset"
            ],
            "severity": 3,
            "tags": {},
            "target_resource_location": "",
            "target_resource_type": "",
            "timeouts": null,
            "window_size": "PT5M"
          },
          "sensitive_attributes": [],
          "private": "eyJlMmJmYjczMC1lY2FhLTExZTYtOGY4OC0zNDM2M2JjN2M0YzAiOnsiY3JlYXRlIjoxODAwMDAwMDAwMDAwLCJkZWxldGUiOjE4MDAwMDAwMDAwMDAsInJlYWQiOjMwMDAwMDAwMDAwMCwidXBkYXRlIjoxODAwMDAwMDAwMDAwfSwic2NoZW1hX3ZlcnNpb24iOiIxIn0=",
          "dependencies": [
            "azurerm_lb.gadige_lb",
            "azurerm_lb_backend_address_pool.gadige_backend_pool",
            "azurerm_linux_virtual_machine_scale_set.gadige",
            "azurerm_resource_group.gadige",
            "azurerm_subnet.gadige",
            "azurerm_virtual_network.gadige"
          ]
        }
      ]
    },
    {
      "mode": "managed",
      "type": "azurerm_network_interface",
      "name": "nic",
      "provider": "provider[\"registry.terraform.io/hashicorp/azurerm\"]",
      "instances": [
        {
          "index_key": 0,
          "schema_version": 0,
          "attributes": {
            "applied_dns_servers": [],
            "dns_servers": [],
            "enable_accelerated_networking": false,
            "enable_ip_forwarding": false,
            "id": "/subscriptions/e35bea4b-678e-4390-b4c2-7274791aa941/resourceGroups/gadige-rg/providers/Microsoft.Network/networkInterfaces/gadige-nic-0",
            "internal_dns_name_label": "",
            "internal_domain_name_suffix": "ujtwv3yp4zwephsstpojhtcxwf.bx.internal.cloudapp.net",
            "ip_configuration": [
              {
                "gateway_load_balancer_frontend_ip_configuration_id": "",
                "name": "IPConfiguration",
                "primary": true,
                "private_ip_address": "10.0.0.12",
                "private_ip_address_allocation": "Dynamic",
                "private_ip_address_version": "IPv4",
                "public_ip_address_id": "",
                "subnet_id": "/subscriptions/e35bea4b-678e-4390-b4c2-7274791aa941/resourceGroups/gadige-rg/providers/Microsoft.Network/virtualNetworks/gadige-vn/subnets/gadige-subnet-0"
              }
            ],
            "location": "eastus",
            "mac_address": "00-0D-3A-19-68-33",
            "name": "gadige-nic-0",
            "private_ip_address": "10.0.0.12",
            "private_ip_addresses": [
              "10.0.0.12"
            ],
            "resource_group_name": "gadige-rg",
            "tags": {},
            "timeouts": null,
            "virtual_machine_id": "/subscriptions/e35bea4b-678e-4390-b4c2-7274791aa941/resourceGroups/gadige-rg/providers/Microsoft.Compute/virtualMachines/vm-0"
          },
          "sensitive_attributes": [],
          "private": "eyJlMmJmYjczMC1lY2FhLTExZTYtOGY4OC0zNDM2M2JjN2M0YzAiOnsiY3JlYXRlIjoxODAwMDAwMDAwMDAwLCJkZWxldGUiOjE4MDAwMDAwMDAwMDAsInJlYWQiOjMwMDAwMDAwMDAwMCwidXBkYXRlIjoxODAwMDAwMDAwMDAwfX0=",
          "dependencies": [
            "azurerm_resource_group.gadige",
            "azurerm_subnet.gadige",
            "azurerm_virtual_network.gadige"
          ]
        },
        {
          "index_key": 1,
          "schema_version": 0,
          "attributes": {
            "applied_dns_servers": [],
            "dns_servers": [],
            "enable_accelerated_networking": false,
            "enable_ip_forwarding": false,
            "id": "/subscriptions/e35bea4b-678e-4390-b4c2-7274791aa941/resourceGroups/gadige-rg/providers/Microsoft.Network/networkInterfaces/gadige-nic-1",
            "internal_dns_name_label": "",
            "internal_domain_name_suffix": "ujtwv3yp4zwephsstpojhtcxwf.bx.internal.cloudapp.net",
            "ip_configuration": [
              {
                "gateway_load_balancer_frontend_ip_configuration_id": "",
                "name": "IPConfiguration",
                "primary": true,
                "private_ip_address": "10.0.1.4",
                "private_ip_address_allocation": "Dynamic",
                "private_ip_address_version": "IPv4",
                "public_ip_address_id": "",
                "subnet_id": "/subscriptions/e35bea4b-678e-4390-b4c2-7274791aa941/resourceGroups/gadige-rg/providers/Microsoft.Network/virtualNetworks/gadige-vn/subnets/gadige-subnet-1"
              }
            ],
            "location": "eastus",
            "mac_address": "00-0D-3A-19-6F-DD",
            "name": "gadige-nic-1",
            "private_ip_address": "10.0.1.4",
            "private_ip_addresses": [
              "10.0.1.4"
            ],
            "resource_group_name": "gadige-rg",
            "tags": {},
            "timeouts": null,
            "virtual_machine_id": "/subscriptions/e35bea4b-678e-4390-b4c2-7274791aa941/resourceGroups/gadige-rg/providers/Microsoft.Compute/virtualMachines/vm-1"
          },
          "sensitive_attributes": [],
          "private": "eyJlMmJmYjczMC1lY2FhLTExZTYtOGY4OC0zNDM2M2JjN2M0YzAiOnsiY3JlYXRlIjoxODAwMDAwMDAwMDAwLCJkZWxldGUiOjE4MDAwMDAwMDAwMDAsInJlYWQiOjMwMDAwMDAwMDAwMCwidXBkYXRlIjoxODAwMDAwMDAwMDAwfX0=",
          "dependencies": [
            "azurerm_resource_group.gadige",
            "azurerm_subnet.gadige",
            "azurerm_virtual_network.gadige"
          ]
        },
        {
          "index_key": 2,
          "schema_version": 0,
          "attributes": {
            "applied_dns_servers": [],
            "dns_servers": [],
            "enable_accelerated_networking": false,
            "enable_ip_forwarding": false,
            "id": "/subscriptions/e35bea4b-678e-4390-b4c2-7274791aa941/resourceGroups/gadige-rg/providers/Microsoft.Network/networkInterfaces/gadige-nic-2",
            "internal_dns_name_label": "",
            "internal_domain_name_suffix": "ujtwv3yp4zwephsstpojhtcxwf.bx.internal.cloudapp.net",
            "ip_configuration": [
              {
                "gateway_load_balancer_frontend_ip_configuration_id": "",
                "name": "IPConfiguration",
                "primary": true,
                "private_ip_address": "10.0.2.4",
                "private_ip_address_allocation": "Dynamic",
                "private_ip_address_version": "IPv4",
                "public_ip_address_id": "",
                "subnet_id": "/subscriptions/e35bea4b-678e-4390-b4c2-7274791aa941/resourceGroups/gadige-rg/providers/Microsoft.Network/virtualNetworks/gadige-vn/subnets/gadige-subnet-2"
              }
            ],
            "location": "eastus",
            "mac_address": "00-22-48-2D-B9-CB",
            "name": "gadige-nic-2",
            "private_ip_address": "10.0.2.4",
            "private_ip_addresses": [
              "10.0.2.4"
            ],
            "resource_group_name": "gadige-rg",
            "tags": {},
            "timeouts": null,
            "virtual_machine_id": "/subscriptions/e35bea4b-678e-4390-b4c2-7274791aa941/resourceGroups/gadige-rg/providers/Microsoft.Compute/virtualMachines/vm-2"
          },
          "sensitive_attributes": [],
          "private": "eyJlMmJmYjczMC1lY2FhLTExZTYtOGY4OC0zNDM2M2JjN2M0YzAiOnsiY3JlYXRlIjoxODAwMDAwMDAwMDAwLCJkZWxldGUiOjE4MDAwMDAwMDAwMDAsInJlYWQiOjMwMDAwMDAwMDAwMCwidXBkYXRlIjoxODAwMDAwMDAwMDAwfX0=",
          "dependencies": [
            "azurerm_resource_group.gadige",
            "azurerm_subnet.gadige",
            "azurerm_virtual_network.gadige"
          ]
        }
      ]
    },
    {
      "mode": "managed",
      "type": "azurerm_network_interface_backend_address_pool_association",
      "name": "gadige",
      "provider": "provider[\"registry.terraform.io/hashicorp/azurerm\"]",
      "instances": [
        {
          "index_key": 0,
          "schema_version": 0,
          "attributes": {
            "backend_address_pool_id": "/subscriptions/e35bea4b-678e-4390-b4c2-7274791aa941/resourceGroups/gadige-rg/providers/Microsoft.Network/loadBalancers/gadige-lb/backendAddressPools/BackendPool",
            "id": "/subscriptions/e35bea4b-678e-4390-b4c2-7274791aa941/resourceGroups/gadige-rg/providers/Microsoft.Network/networkInterfaces/gadige-nic-0/ipConfigurations/IPConfiguration|/subscriptions/e35bea4b-678e-4390-b4c2-7274791aa941/resourceGroups/gadige-rg/providers/Microsoft.Network/loadBalancers/gadige-lb/backendAddressPools/BackendPool",
            "ip_configuration_name": "IPConfiguration",
            "network_interface_id": "/subscriptions/e35bea4b-678e-4390-b4c2-7274791aa941/resourceGroups/gadige-rg/providers/Microsoft.Network/networkInterfaces/gadige-nic-0",
            "timeouts": null
          },
          "sensitive_attributes": [],
          "private": "eyJlMmJmYjczMC1lY2FhLTExZTYtOGY4OC0zNDM2M2JjN2M0YzAiOnsiY3JlYXRlIjoxODAwMDAwMDAwMDAwLCJkZWxldGUiOjE4MDAwMDAwMDAwMDAsInJlYWQiOjMwMDAwMDAwMDAwMCwidXBkYXRlIjoxODAwMDAwMDAwMDAwfX0=",
          "dependencies": [
            "azurerm_lb.gadige_lb",
            "azurerm_lb_backend_address_pool.gadige_backend_pool",
            "azurerm_network_interface.nic",
            "azurerm_resource_group.gadige",
            "azurerm_subnet.gadige",
            "azurerm_virtual_network.gadige"
          ]
        },
        {
          "index_key": 1,
          "schema_version": 0,
          "attributes": {
            "backend_address_pool_id": "/subscriptions/e35bea4b-678e-4390-b4c2-7274791aa941/resourceGroups/gadige-rg/providers/Microsoft.Network/loadBalancers/gadige-lb/backendAddressPools/BackendPool",
            "id": "/subscriptions/e35bea4b-678e-4390-b4c2-7274791aa941/resourceGroups/gadige-rg/providers/Microsoft.Network/networkInterfaces/gadige-nic-1/ipConfigurations/IPConfiguration|/subscriptions/e35bea4b-678e-4390-b4c2-7274791aa941/resourceGroups/gadige-rg/providers/Microsoft.Network/loadBalancers/gadige-lb/backendAddressPools/BackendPool",
            "ip_configuration_name": "IPConfiguration",
            "network_interface_id": "/subscriptions/e35bea4b-678e-4390-b4c2-7274791aa941/resourceGroups/gadige-rg/providers/Microsoft.Network/networkInterfaces/gadige-nic-1",
            "timeouts": null
          },
          "sensitive_attributes": [],
          "private": "eyJlMmJmYjczMC1lY2FhLTExZTYtOGY4OC0zNDM2M2JjN2M0YzAiOnsiY3JlYXRlIjoxODAwMDAwMDAwMDAwLCJkZWxldGUiOjE4MDAwMDAwMDAwMDAsInJlYWQiOjMwMDAwMDAwMDAwMCwidXBkYXRlIjoxODAwMDAwMDAwMDAwfX0=",
          "dependencies": [
            "azurerm_lb.gadige_lb",
            "azurerm_lb_backend_address_pool.gadige_backend_pool",
            "azurerm_network_interface.nic",
            "azurerm_resource_group.gadige",
            "azurerm_subnet.gadige",
            "azurerm_virtual_network.gadige"
          ]
        },
        {
          "index_key": 2,
          "schema_version": 0,
          "attributes": {
            "backend_address_pool_id": "/subscriptions/e35bea4b-678e-4390-b4c2-7274791aa941/resourceGroups/gadige-rg/providers/Microsoft.Network/loadBalancers/gadige-lb/backendAddressPools/BackendPool",
            "id": "/subscriptions/e35bea4b-678e-4390-b4c2-7274791aa941/resourceGroups/gadige-rg/providers/Microsoft.Network/networkInterfaces/gadige-nic-2/ipConfigurations/IPConfiguration|/subscriptions/e35bea4b-678e-4390-b4c2-7274791aa941/resourceGroups/gadige-rg/providers/Microsoft.Network/loadBalancers/gadige-lb/backendAddressPools/BackendPool",
            "ip_configuration_name": "IPConfiguration",
            "network_interface_id": "/subscriptions/e35bea4b-678e-4390-b4c2-7274791aa941/resourceGroups/gadige-rg/providers/Microsoft.Network/networkInterfaces/gadige-nic-2",
            "timeouts": null
          },
          "sensitive_attributes": [],
          "private": "eyJlMmJmYjczMC1lY2FhLTExZTYtOGY4OC0zNDM2M2JjN2M0YzAiOnsiY3JlYXRlIjoxODAwMDAwMDAwMDAwLCJkZWxldGUiOjE4MDAwMDAwMDAwMDAsInJlYWQiOjMwMDAwMDAwMDAwMCwidXBkYXRlIjoxODAwMDAwMDAwMDAwfX0=",
          "dependencies": [
            "azurerm_lb.gadige_lb",
            "azurerm_lb_backend_address_pool.gadige_backend_pool",
            "azurerm_network_interface.nic",
            "azurerm_resource_group.gadige",
            "azurerm_subnet.gadige",
            "azurerm_virtual_network.gadige"
          ]
        }
      ]
    },
    {
      "mode": "managed",
      "type": "azurerm_network_security_group",
      "name": "gadige",
      "provider": "provider[\"registry.terraform.io/hashicorp/azurerm\"]",
      "instances": [
        {
          "schema_version": 0,
          "attributes": {
            "id": "/subscriptions/e35bea4b-678e-4390-b4c2-7274791aa941/resourceGroups/gadige-rg/providers/Microsoft.Network/networkSecurityGroups/my-nsg",
            "location": "eastus",
            "name": "my-nsg",
            "resource_group_name": "gadige-rg",
            "security_rule": [
              {
                "access": "Allow",
                "description": "",
                "destination_address_prefix": "*",
                "destination_address_prefixes": [],
                "destination_application_security_group_ids": [],
                "destination_port_range": "22",
                "destination_port_ranges": [],
                "direction": "Inbound",
                "name": "Test1",
                "priority": 100,
                "protocol": "Tcp",
                "source_address_prefix": "*",
                "source_address_prefixes": [],
                "source_application_security_group_ids": [],
                "source_port_range": "*",
                "source_port_ranges": []
              }
            ],
            "tags": {},
            "timeouts": null
          },
          "sensitive_attributes": [],
          "private": "eyJlMmJmYjczMC1lY2FhLTExZTYtOGY4OC0zNDM2M2JjN2M0YzAiOnsiY3JlYXRlIjoxODAwMDAwMDAwMDAwLCJkZWxldGUiOjE4MDAwMDAwMDAwMDAsInJlYWQiOjMwMDAwMDAwMDAwMCwidXBkYXRlIjoxODAwMDAwMDAwMDAwfX0=",
          "dependencies": [
            "azurerm_resource_group.gadige"
          ]
        }
      ]
    },
    {
      "mode": "managed",
      "type": "azurerm_public_ip",
      "name": "gadige",
      "provider": "provider[\"registry.terraform.io/hashicorp/azurerm\"]",
      "instances": [
        {
          "index_key": 0,
          "schema_version": 0,
          "attributes": {
            "allocation_method": "Static",
            "availability_zone": "No-Zone",
            "domain_name_label": null,
            "fqdn": null,
            "id": "/subscriptions/e35bea4b-678e-4390-b4c2-7274791aa941/resourceGroups/gadige-rg/providers/Microsoft.Network/publicIPAddresses/public-ip-0",
            "idle_timeout_in_minutes": 4,
            "ip_address": "20.232.114.115",
            "ip_tags": {},
            "ip_version": "IPv4",
            "location": "eastus",
            "name": "public-ip-0",
            "public_ip_prefix_id": null,
            "resource_group_name": "gadige-rg",
            "reverse_fqdn": null,
            "sku": "Basic",
            "sku_tier": "Regional",
            "tags": {},
            "timeouts": null,
            "zones": []
          },
          "sensitive_attributes": [],
          "private": "eyJlMmJmYjczMC1lY2FhLTExZTYtOGY4OC0zNDM2M2JjN2M0YzAiOnsiY3JlYXRlIjoxODAwMDAwMDAwMDAwLCJkZWxldGUiOjE4MDAwMDAwMDAwMDAsInJlYWQiOjMwMDAwMDAwMDAwMCwidXBkYXRlIjoxODAwMDAwMDAwMDAwfX0=",
          "dependencies": [
            "azurerm_resource_group.gadige"
          ]
        },
        {
          "index_key": 1,
          "schema_version": 0,
          "attributes": {
            "allocation_method": "Static",
            "availability_zone": "No-Zone",
            "domain_name_label": null,
            "fqdn": null,
            "id": "/subscriptions/e35bea4b-678e-4390-b4c2-7274791aa941/resourceGroups/gadige-rg/providers/Microsoft.Network/publicIPAddresses/public-ip-1",
            "idle_timeout_in_minutes": 4,
            "ip_address": "20.232.114.23",
            "ip_tags": {},
            "ip_version": "IPv4",
            "location": "eastus",
            "name": "public-ip-1",
            "public_ip_prefix_id": null,
            "resource_group_name": "gadige-rg",
            "reverse_fqdn": null,
            "sku": "Basic",
            "sku_tier": "Regional",
            "tags": {},
            "timeouts": null,
            "zones": []
          },
          "sensitive_attributes": [],
          "private": "eyJlMmJmYjczMC1lY2FhLTExZTYtOGY4OC0zNDM2M2JjN2M0YzAiOnsiY3JlYXRlIjoxODAwMDAwMDAwMDAwLCJkZWxldGUiOjE4MDAwMDAwMDAwMDAsInJlYWQiOjMwMDAwMDAwMDAwMCwidXBkYXRlIjoxODAwMDAwMDAwMDAwfX0=",
          "dependencies": [
            "azurerm_resource_group.gadige"
          ]
        },
        {
          "index_key": 2,
          "schema_version": 0,
          "attributes": {
            "allocation_method": "Static",
            "availability_zone": "No-Zone",
            "domain_name_label": null,
            "fqdn": null,
            "id": "/subscriptions/e35bea4b-678e-4390-b4c2-7274791aa941/resourceGroups/gadige-rg/providers/Microsoft.Network/publicIPAddresses/public-ip-2",
            "idle_timeout_in_minutes": 4,
            "ip_address": "20.232.114.18",
            "ip_tags": {},
            "ip_version": "IPv4",
            "location": "eastus",
            "name": "public-ip-2",
            "public_ip_prefix_id": null,
            "resource_group_name": "gadige-rg",
            "reverse_fqdn": null,
            "sku": "Basic",
            "sku_tier": "Regional",
            "tags": {},
            "timeouts": null,
            "zones": []
          },
          "sensitive_attributes": [],
          "private": "eyJlMmJmYjczMC1lY2FhLTExZTYtOGY4OC0zNDM2M2JjN2M0YzAiOnsiY3JlYXRlIjoxODAwMDAwMDAwMDAwLCJkZWxldGUiOjE4MDAwMDAwMDAwMDAsInJlYWQiOjMwMDAwMDAwMDAwMCwidXBkYXRlIjoxODAwMDAwMDAwMDAwfX0=",
          "dependencies": [
            "azurerm_resource_group.gadige"
          ]
        }
      ]
    },
    {
      "mode": "managed",
      "type": "azurerm_resource_group",
      "name": "gadige",
      "provider": "provider[\"registry.terraform.io/hashicorp/azurerm\"]",
      "instances": [
        {
          "schema_version": 0,
          "attributes": {
            "id": "/subscriptions/e35bea4b-678e-4390-b4c2-7274791aa941/resourceGroups/gadige-rg",
            "location": "eastus",
            "name": "gadige-rg",
            "tags": {},
            "timeouts": null
          },
          "sensitive_attributes": [],
          "private": "eyJlMmJmYjczMC1lY2FhLTExZTYtOGY4OC0zNDM2M2JjN2M0YzAiOnsiY3JlYXRlIjo1NDAwMDAwMDAwMDAwLCJkZWxldGUiOjU0MDAwMDAwMDAwMDAsInJlYWQiOjMwMDAwMDAwMDAwMCwidXBkYXRlIjo1NDAwMDAwMDAwMDAwfX0="
        }
      ]
    },
    {
      "mode": "managed",
      "type": "azurerm_storage_account",
      "name": "to_monitor",
      "provider": "provider[\"registry.terraform.io/hashicorp/azurerm\"]",
      "instances": [
        {
          "schema_version": 2,
          "attributes": {
            "access_tier": "Hot",
            "account_kind": "StorageV2",
            "account_replication_type": "LRS",
            "account_tier": "Standard",
            "allow_blob_public_access": false,
            "azure_files_authentication": [],
            "blob_properties": [
              {
                "change_feed_enabled": false,
                "container_delete_retention_policy": [],
                "cors_rule": [],
                "default_service_version": "",
                "delete_retention_policy": [],
                "last_access_time_enabled": false,
                "versioning_enabled": false
              }
            ],
            "custom_domain": [],
            "customer_managed_key": [],
            "enable_https_traffic_only": true,
            "id": "/subscriptions/e35bea4b-678e-4390-b4c2-7274791aa941/resourceGroups/gadige-rg/providers/Microsoft.Storage/storageAccounts/gadigestorageaccount",
            "identity": [],
            "infrastructure_encryption_enabled": false,
            "is_hns_enabled": false,
            "large_file_share_enabled": null,
            "location": "eastus",
            "min_tls_version": "TLS1_0",
            "name": "gadigestorageaccount",
            "network_rules": [
              {
                "bypass": [
                  "AzureServices"
                ],
                "default_action": "Allow",
                "ip_rules": [],
                "private_link_access": [],
                "virtual_network_subnet_ids": []
              }
            ],
            "nfsv3_enabled": false,
            "primary_access_key": "lq82tDhJ/E+SapqLVtvFaDyPSzkY7obZeuPvANxrLoe8tG/wnG6T4I1dupu06YoPZXczyr7URJHn+AStGEXGiQ==",
            "primary_blob_connection_string": "DefaultEndpointsProtocol=https;BlobEndpoint=https://gadigestorageaccount.blob.core.windows.net/;AccountName=gadigestorageaccount;AccountKey=lq82tDhJ/E+SapqLVtvFaDyPSzkY7obZeuPvANxrLoe8tG/wnG6T4I1dupu06YoPZXczyr7URJHn+AStGEXGiQ==",
            "primary_blob_endpoint": "https://gadigestorageaccount.blob.core.windows.net/",
            "primary_blob_host": "gadigestorageaccount.blob.core.windows.net",
            "primary_connection_string": "DefaultEndpointsProtocol=https;AccountName=gadigestorageaccount;AccountKey=lq82tDhJ/E+SapqLVtvFaDyPSzkY7obZeuPvANxrLoe8tG/wnG6T4I1dupu06YoPZXczyr7URJHn+AStGEXGiQ==;EndpointSuffix=core.windows.net",
            "primary_dfs_endpoint": "https://gadigestorageaccount.dfs.core.windows.net/",
            "primary_dfs_host": "gadigestorageaccount.dfs.core.windows.net",
            "primary_file_endpoint": "https://gadigestorageaccount.file.core.windows.net/",
            "primary_file_host": "gadigestorageaccount.file.core.windows.net",
            "primary_location": "eastus",
            "primary_queue_endpoint": "https://gadigestorageaccount.queue.core.windows.net/",
            "primary_queue_host": "gadigestorageaccount.queue.core.windows.net",
            "primary_table_endpoint": "https://gadigestorageaccount.table.core.windows.net/",
            "primary_table_host": "gadigestorageaccount.table.core.windows.net",
            "primary_web_endpoint": "https://gadigestorageaccount.z13.web.core.windows.net/",
            "primary_web_host": "gadigestorageaccount.z13.web.core.windows.net",
            "queue_encryption_key_type": "Service",
            "queue_properties": [
              {
                "cors_rule": [],
                "hour_metrics": [
                  {
                    "enabled": true,
                    "include_apis": true,
                    "retention_policy_days": 7,
                    "version": "1.0"
                  }
                ],
                "logging": [
                  {
                    "delete": false,
                    "read": false,
                    "retention_policy_days": 0,
                    "version": "1.0",
                    "write": false
                  }
                ],
                "minute_metrics": [
                  {
                    "enabled": false,
                    "include_apis": false,
                    "retention_policy_days": 0,
                    "version": "1.0"
                  }
                ]
              }
            ],
            "resource_group_name": "gadige-rg",
            "routing": [],
            "secondary_access_key": "6xeqopqCA0UzNhDuIsFfJ+dgd4q1ebOK/xocYk87DJMePvqjRZBViVIoOz4JEGWpiScOHzIssZYm+AStIJVUxg==",
            "secondary_blob_connection_string": "",
            "secondary_blob_endpoint": null,
            "secondary_blob_host": null,
            "secondary_connection_string": "DefaultEndpointsProtocol=https;AccountName=gadigestorageaccount;AccountKey=6xeqopqCA0UzNhDuIsFfJ+dgd4q1ebOK/xocYk87DJMePvqjRZBViVIoOz4JEGWpiScOHzIssZYm+AStIJVUxg==;EndpointSuffix=core.windows.net",
            "secondary_dfs_endpoint": null,
            "secondary_dfs_host": null,
            "secondary_file_endpoint": null,
            "secondary_file_host": null,
            "secondary_location": "",
            "secondary_queue_endpoint": null,
            "secondary_queue_host": null,
            "secondary_table_endpoint": null,
            "secondary_table_host": null,
            "secondary_web_endpoint": null,
            "secondary_web_host": null,
            "share_properties": [
              {
                "cors_rule": [],
                "retention_policy": [
                  {
                    "days": 7
                  }
                ],
                "smb": []
              }
            ],
            "shared_access_key_enabled": true,
            "static_website": [],
            "table_encryption_key_type": "Service",
            "tags": {},
            "timeouts": null
          },
          "sensitive_attributes": [],
          "private": "eyJlMmJmYjczMC1lY2FhLTExZTYtOGY4OC0zNDM2M2JjN2M0YzAiOnsiY3JlYXRlIjozNjAwMDAwMDAwMDAwLCJkZWxldGUiOjM2MDAwMDAwMDAwMDAsInJlYWQiOjMwMDAwMDAwMDAwMCwidXBkYXRlIjozNjAwMDAwMDAwMDAwfSwic2NoZW1hX3ZlcnNpb24iOiIyIn0=",
          "dependencies": [
            "azurerm_resource_group.gadige"
          ]
        }
      ]
    },
    {
      "mode": "managed",
      "type": "azurerm_subnet",
      "name": "gadige",
      "provider": "provider[\"registry.terraform.io/hashicorp/azurerm\"]",
      "instances": [
        {
          "index_key": 0,
          "schema_version": 0,
          "attributes": {
            "address_prefix": "10.0.0.0/24",
            "address_prefixes": [
              "10.0.0.0/24"
            ],
            "delegation": [],
            "enforce_private_link_endpoint_network_policies": false,
            "enforce_private_link_service_network_policies": false,
            "id": "/subscriptions/e35bea4b-678e-4390-b4c2-7274791aa941/resourceGroups/gadige-rg/providers/Microsoft.Network/virtualNetworks/gadige-vn/subnets/gadige-subnet-0",
            "name": "gadige-subnet-0",
            "resource_group_name": "gadige-rg",
            "service_endpoint_policy_ids": [],
            "service_endpoints": [],
            "timeouts": null,
            "virtual_network_name": "gadige-vn"
          },
          "sensitive_attributes": [],
          "private": "eyJlMmJmYjczMC1lY2FhLTExZTYtOGY4OC0zNDM2M2JjN2M0YzAiOnsiY3JlYXRlIjoxODAwMDAwMDAwMDAwLCJkZWxldGUiOjE4MDAwMDAwMDAwMDAsInJlYWQiOjMwMDAwMDAwMDAwMCwidXBkYXRlIjoxODAwMDAwMDAwMDAwfX0=",
          "dependencies": [
            "azurerm_resource_group.gadige",
            "azurerm_virtual_network.gadige"
          ]
        },
        {
          "index_key": 1,
          "schema_version": 0,
          "attributes": {
            "address_prefix": "10.0.1.0/24",
            "address_prefixes": [
              "10.0.1.0/24"
            ],
            "delegation": [],
            "enforce_private_link_endpoint_network_policies": false,
            "enforce_private_link_service_network_policies": false,
            "id": "/subscriptions/e35bea4b-678e-4390-b4c2-7274791aa941/resourceGroups/gadige-rg/providers/Microsoft.Network/virtualNetworks/gadige-vn/subnets/gadige-subnet-1",
            "name": "gadige-subnet-1",
            "resource_group_name": "gadige-rg",
            "service_endpoint_policy_ids": [],
            "service_endpoints": [],
            "timeouts": null,
            "virtual_network_name": "gadige-vn"
          },
          "sensitive_attributes": [],
          "private": "eyJlMmJmYjczMC1lY2FhLTExZTYtOGY4OC0zNDM2M2JjN2M0YzAiOnsiY3JlYXRlIjoxODAwMDAwMDAwMDAwLCJkZWxldGUiOjE4MDAwMDAwMDAwMDAsInJlYWQiOjMwMDAwMDAwMDAwMCwidXBkYXRlIjoxODAwMDAwMDAwMDAwfX0=",
          "dependencies": [
            "azurerm_resource_group.gadige",
            "azurerm_virtual_network.gadige"
          ]
        },
        {
          "index_key": 2,
          "schema_version": 0,
          "attributes": {
            "address_prefix": "10.0.2.0/24",
            "address_prefixes": [
              "10.0.2.0/24"
            ],
            "delegation": [],
            "enforce_private_link_endpoint_network_policies": false,
            "enforce_private_link_service_network_policies": false,
            "id": "/subscriptions/e35bea4b-678e-4390-b4c2-7274791aa941/resourceGroups/gadige-rg/providers/Microsoft.Network/virtualNetworks/gadige-vn/subnets/gadige-subnet-2",
            "name": "gadige-subnet-2",
            "resource_group_name": "gadige-rg",
            "service_endpoint_policy_ids": [],
            "service_endpoints": [],
            "timeouts": null,
            "virtual_network_name": "gadige-vn"
          },
          "sensitive_attributes": [],
          "private": "eyJlMmJmYjczMC1lY2FhLTExZTYtOGY4OC0zNDM2M2JjN2M0YzAiOnsiY3JlYXRlIjoxODAwMDAwMDAwMDAwLCJkZWxldGUiOjE4MDAwMDAwMDAwMDAsInJlYWQiOjMwMDAwMDAwMDAwMCwidXBkYXRlIjoxODAwMDAwMDAwMDAwfX0=",
          "dependencies": [
            "azurerm_resource_group.gadige",
            "azurerm_virtual_network.gadige"
          ]
        }
      ]
    },
    {
      "mode": "managed",
      "type": "azurerm_subnet_network_security_group_association",
      "name": "gadige",
      "provider": "provider[\"registry.terraform.io/hashicorp/azurerm\"]",
      "instances": [
        {
          "index_key": 0,
          "schema_version": 0,
          "attributes": {
            "id": "/subscriptions/e35bea4b-678e-4390-b4c2-7274791aa941/resourceGroups/gadige-rg/providers/Microsoft.Network/virtualNetworks/gadige-vn/subnets/gadige-subnet-0",
            "network_security_group_id": "/subscriptions/e35bea4b-678e-4390-b4c2-7274791aa941/resourceGroups/gadige-rg/providers/Microsoft.Network/networkSecurityGroups/my-nsg",
            "subnet_id": "/subscriptions/e35bea4b-678e-4390-b4c2-7274791aa941/resourceGroups/gadige-rg/providers/Microsoft.Network/virtualNetworks/gadige-vn/subnets/gadige-subnet-0",
            "timeouts": null
          },
          "sensitive_attributes": [],
          "private": "eyJlMmJmYjczMC1lY2FhLTExZTYtOGY4OC0zNDM2M2JjN2M0YzAiOnsiY3JlYXRlIjoxODAwMDAwMDAwMDAwLCJkZWxldGUiOjE4MDAwMDAwMDAwMDAsInJlYWQiOjMwMDAwMDAwMDAwMCwidXBkYXRlIjoxODAwMDAwMDAwMDAwfX0=",
          "dependencies": [
            "azurerm_network_security_group.gadige",
            "azurerm_resource_group.gadige",
            "azurerm_subnet.gadige",
            "azurerm_virtual_network.gadige"
          ]
        },
        {
          "index_key": 1,
          "schema_version": 0,
          "attributes": {
            "id": "/subscriptions/e35bea4b-678e-4390-b4c2-7274791aa941/resourceGroups/gadige-rg/providers/Microsoft.Network/virtualNetworks/gadige-vn/subnets/gadige-subnet-1",
            "network_security_group_id": "/subscriptions/e35bea4b-678e-4390-b4c2-7274791aa941/resourceGroups/gadige-rg/providers/Microsoft.Network/networkSecurityGroups/my-nsg",
            "subnet_id": "/subscriptions/e35bea4b-678e-4390-b4c2-7274791aa941/resourceGroups/gadige-rg/providers/Microsoft.Network/virtualNetworks/gadige-vn/subnets/gadige-subnet-1",
            "timeouts": null
          },
          "sensitive_attributes": [],
          "private": "eyJlMmJmYjczMC1lY2FhLTExZTYtOGY4OC0zNDM2M2JjN2M0YzAiOnsiY3JlYXRlIjoxODAwMDAwMDAwMDAwLCJkZWxldGUiOjE4MDAwMDAwMDAwMDAsInJlYWQiOjMwMDAwMDAwMDAwMCwidXBkYXRlIjoxODAwMDAwMDAwMDAwfX0=",
          "dependencies": [
            "azurerm_network_security_group.gadige",
            "azurerm_resource_group.gadige",
            "azurerm_subnet.gadige",
            "azurerm_virtual_network.gadige"
          ]
        },
        {
          "index_key": 2,
          "schema_version": 0,
          "attributes": {
            "id": "/subscriptions/e35bea4b-678e-4390-b4c2-7274791aa941/resourceGroups/gadige-rg/providers/Microsoft.Network/virtualNetworks/gadige-vn/subnets/gadige-subnet-2",
            "network_security_group_id": "/subscriptions/e35bea4b-678e-4390-b4c2-7274791aa941/resourceGroups/gadige-rg/providers/Microsoft.Network/networkSecurityGroups/my-nsg",
            "subnet_id": "/subscriptions/e35bea4b-678e-4390-b4c2-7274791aa941/resourceGroups/gadige-rg/providers/Microsoft.Network/virtualNetworks/gadige-vn/subnets/gadige-subnet-2",
            "timeouts": null
          },
          "sensitive_attributes": [],
          "private": "eyJlMmJmYjczMC1lY2FhLTExZTYtOGY4OC0zNDM2M2JjN2M0YzAiOnsiY3JlYXRlIjoxODAwMDAwMDAwMDAwLCJkZWxldGUiOjE4MDAwMDAwMDAwMDAsInJlYWQiOjMwMDAwMDAwMDAwMCwidXBkYXRlIjoxODAwMDAwMDAwMDAwfX0=",
          "dependencies": [
            "azurerm_network_security_group.gadige",
            "azurerm_resource_group.gadige",
            "azurerm_subnet.gadige",
            "azurerm_virtual_network.gadige"
          ]
        }
      ]
    },
    {
      "mode": "managed",
      "type": "azurerm_virtual_machine",
      "name": "vm",
      "provider": "provider[\"registry.terraform.io/hashicorp/azurerm\"]",
      "instances": [
        {
          "index_key": 0,
          "schema_version": 0,
          "attributes": {
            "additional_capabilities": [],
            "availability_set_id": "/subscriptions/e35bea4b-678e-4390-b4c2-7274791aa941/resourcegroups/gadige-rg/providers/microsoft.compute/availabilitysets/gadige-availability-set",
            "boot_diagnostics": [],
            "delete_data_disks_on_termination": false,
            "delete_os_disk_on_termination": false,
            "id": "/subscriptions/e35bea4b-678e-4390-b4c2-7274791aa941/resourceGroups/gadige-rg/providers/Microsoft.Compute/virtualMachines/vm-0",
            "identity": [],
            "license_type": null,
            "location": "eastus",
            "name": "vm-0",
            "network_interface_ids": [
              "/subscriptions/e35bea4b-678e-4390-b4c2-7274791aa941/resourceGroups/gadige-rg/providers/Microsoft.Network/networkInterfaces/gadige-nic-0"
            ],
            "os_profile": [
              {
                "admin_password": "",
                "admin_username": "azureuser",
                "computer_name": "my-vm-0",
                "custom_data": ""
              }
            ],
            "os_profile_linux_config": [
              {
                "disable_password_authentication": false,
                "ssh_keys": []
              }
            ],
            "os_profile_secrets": [],
            "os_profile_windows_config": [],
            "plan": [],
            "primary_network_interface_id": null,
            "proximity_placement_group_id": null,
            "resource_group_name": "gadige-rg",
            "storage_data_disk": [],
            "storage_image_reference": [
              {
                "id": "",
                "offer": "UbuntuServer",
                "publisher": "Canonical",
                "sku": "18.04-LTS",
                "version": "latest"
              }
            ],
            "storage_os_disk": [
              {
                "caching": "ReadWrite",
                "create_option": "FromImage",
                "disk_size_gb": 30,
                "image_uri": "",
                "managed_disk_id": "/subscriptions/e35bea4b-678e-4390-b4c2-7274791aa941/resourceGroups/gadige-rg/providers/Microsoft.Compute/disks/os-disk-0",
                "managed_disk_type": "Standard_LRS",
                "name": "os-disk-0",
                "os_type": "Linux",
                "vhd_uri": "",
                "write_accelerator_enabled": false
              }
            ],
            "tags": {},
            "timeouts": null,
            "vm_size": "Standard_B1ls",
            "zones": []
          },
          "sensitive_attributes": [],
          "private": "eyJlMmJmYjczMC1lY2FhLTExZTYtOGY4OC0zNDM2M2JjN2M0YzAiOnsiY3JlYXRlIjozNjAwMDAwMDAwMDAwLCJkZWxldGUiOjM2MDAwMDAwMDAwMDAsInJlYWQiOjMwMDAwMDAwMDAwMCwidXBkYXRlIjozNjAwMDAwMDAwMDAwfX0=",
          "dependencies": [
            "azurerm_availability_set.availability_set",
            "azurerm_network_interface.nic",
            "azurerm_resource_group.gadige",
            "azurerm_subnet.gadige",
            "azurerm_virtual_network.gadige"
          ]
        },
        {
          "index_key": 1,
          "schema_version": 0,
          "attributes": {
            "additional_capabilities": [],
            "availability_set_id": "/subscriptions/e35bea4b-678e-4390-b4c2-7274791aa941/resourcegroups/gadige-rg/providers/microsoft.compute/availabilitysets/gadige-availability-set",
            "boot_diagnostics": [],
            "delete_data_disks_on_termination": false,
            "delete_os_disk_on_termination": false,
            "id": "/subscriptions/e35bea4b-678e-4390-b4c2-7274791aa941/resourceGroups/gadige-rg/providers/Microsoft.Compute/virtualMachines/vm-1",
            "identity": [],
            "license_type": null,
            "location": "eastus",
            "name": "vm-1",
            "network_interface_ids": [
              "/subscriptions/e35bea4b-678e-4390-b4c2-7274791aa941/resourceGroups/gadige-rg/providers/Microsoft.Network/networkInterfaces/gadige-nic-1"
            ],
            "os_profile": [
              {
                "admin_password": "",
                "admin_username": "azureuser",
                "computer_name": "my-vm-1",
                "custom_data": ""
              }
            ],
            "os_profile_linux_config": [
              {
                "disable_password_authentication": false,
                "ssh_keys": []
              }
            ],
            "os_profile_secrets": [],
            "os_profile_windows_config": [],
            "plan": [],
            "primary_network_interface_id": null,
            "proximity_placement_group_id": null,
            "resource_group_name": "gadige-rg",
            "storage_data_disk": [],
            "storage_image_reference": [
              {
                "id": "",
                "offer": "UbuntuServer",
                "publisher": "Canonical",
                "sku": "18.04-LTS",
                "version": "latest"
              }
            ],
            "storage_os_disk": [
              {
                "caching": "ReadWrite",
                "create_option": "FromImage",
                "disk_size_gb": 30,
                "image_uri": "",
                "managed_disk_id": "/subscriptions/e35bea4b-678e-4390-b4c2-7274791aa941/resourceGroups/gadige-rg/providers/Microsoft.Compute/disks/os-disk-1",
                "managed_disk_type": "Standard_LRS",
                "name": "os-disk-1",
                "os_type": "Linux",
                "vhd_uri": "",
                "write_accelerator_enabled": false
              }
            ],
            "tags": {},
            "timeouts": null,
            "vm_size": "Standard_B1ls",
            "zones": []
          },
          "sensitive_attributes": [],
          "private": "eyJlMmJmYjczMC1lY2FhLTExZTYtOGY4OC0zNDM2M2JjN2M0YzAiOnsiY3JlYXRlIjozNjAwMDAwMDAwMDAwLCJkZWxldGUiOjM2MDAwMDAwMDAwMDAsInJlYWQiOjMwMDAwMDAwMDAwMCwidXBkYXRlIjozNjAwMDAwMDAwMDAwfX0=",
          "dependencies": [
            "azurerm_availability_set.availability_set",
            "azurerm_network_interface.nic",
            "azurerm_resource_group.gadige",
            "azurerm_subnet.gadige",
            "azurerm_virtual_network.gadige"
          ]
        },
        {
          "index_key": 2,
          "schema_version": 0,
          "attributes": {
            "additional_capabilities": [],
            "availability_set_id": "/subscriptions/e35bea4b-678e-4390-b4c2-7274791aa941/resourcegroups/gadige-rg/providers/microsoft.compute/availabilitysets/gadige-availability-set",
            "boot_diagnostics": [],
            "delete_data_disks_on_termination": false,
            "delete_os_disk_on_termination": false,
            "id": "/subscriptions/e35bea4b-678e-4390-b4c2-7274791aa941/resourceGroups/gadige-rg/providers/Microsoft.Compute/virtualMachines/vm-2",
            "identity": [],
            "license_type": null,
            "location": "eastus",
            "name": "vm-2",
            "network_interface_ids": [
              "/subscriptions/e35bea4b-678e-4390-b4c2-7274791aa941/resourceGroups/gadige-rg/providers/Microsoft.Network/networkInterfaces/gadige-nic-2"
            ],
            "os_profile": [
              {
                "admin_password": "",
                "admin_username": "azureuser",
                "computer_name": "my-vm-2",
                "custom_data": ""
              }
            ],
            "os_profile_linux_config": [
              {
                "disable_password_authentication": false,
                "ssh_keys": []
              }
            ],
            "os_profile_secrets": [],
            "os_profile_windows_config": [],
            "plan": [],
            "primary_network_interface_id": null,
            "proximity_placement_group_id": null,
            "resource_group_name": "gadige-rg",
            "storage_data_disk": [],
            "storage_image_reference": [
              {
                "id": "",
                "offer": "UbuntuServer",
                "publisher": "Canonical",
                "sku": "18.04-LTS",
                "version": "latest"
              }
            ],
            "storage_os_disk": [
              {
                "caching": "ReadWrite",
                "create_option": "FromImage",
                "disk_size_gb": 30,
                "image_uri": "",
                "managed_disk_id": "/subscriptions/e35bea4b-678e-4390-b4c2-7274791aa941/resourceGroups/gadige-rg/providers/Microsoft.Compute/disks/os-disk-2",
                "managed_disk_type": "Standard_LRS",
                "name": "os-disk-2",
                "os_type": "Linux",
                "vhd_uri": "",
                "write_accelerator_enabled": false
              }
            ],
            "tags": {},
            "timeouts": null,
            "vm_size": "Standard_B1ls",
            "zones": []
          },
          "sensitive_attributes": [],
          "private": "eyJlMmJmYjczMC1lY2FhLTExZTYtOGY4OC0zNDM2M2JjN2M0YzAiOnsiY3JlYXRlIjozNjAwMDAwMDAwMDAwLCJkZWxldGUiOjM2MDAwMDAwMDAwMDAsInJlYWQiOjMwMDAwMDAwMDAwMCwidXBkYXRlIjozNjAwMDAwMDAwMDAwfX0=",
          "dependencies": [
            "azurerm_availability_set.availability_set",
            "azurerm_network_interface.nic",
            "azurerm_resource_group.gadige",
            "azurerm_subnet.gadige",
            "azurerm_virtual_network.gadige"
          ]
        }
      ]
    },
    {
      "mode": "managed",
      "type": "azurerm_virtual_network",
      "name": "gadige",
      "provider": "provider[\"registry.terraform.io/hashicorp/azurerm\"]",
      "instances": [
        {
          "schema_version": 0,
          "attributes": {
            "address_space": [
              "10.0.0.0/16"
            ],
            "bgp_community": "",
            "ddos_protection_plan": [],
            "dns_servers": [],
            "flow_timeout_in_minutes": 0,
            "guid": "f76a67a2-f60f-476c-9e52-9bdc93cc57b5",
            "id": "/subscriptions/e35bea4b-678e-4390-b4c2-7274791aa941/resourceGroups/gadige-rg/providers/Microsoft.Network/virtualNetworks/gadige-vn",
            "location": "eastus",
            "name": "gadige-vn",
            "resource_group_name": "gadige-rg",
            "subnet": [
              {
                "address_prefix": "10.0.0.0/24",
                "id": "/subscriptions/e35bea4b-678e-4390-b4c2-7274791aa941/resourceGroups/gadige-rg/providers/Microsoft.Network/virtualNetworks/gadige-vn/subnets/gadige-subnet-0",
                "name": "gadige-subnet-0",
                "security_group": "/subscriptions/e35bea4b-678e-4390-b4c2-7274791aa941/resourceGroups/gadige-rg/providers/Microsoft.Network/networkSecurityGroups/my-nsg"
              },
              {
                "address_prefix": "10.0.1.0/24",
                "id": "/subscriptions/e35bea4b-678e-4390-b4c2-7274791aa941/resourceGroups/gadige-rg/providers/Microsoft.Network/virtualNetworks/gadige-vn/subnets/gadige-subnet-1",
                "name": "gadige-subnet-1",
                "security_group": "/subscriptions/e35bea4b-678e-4390-b4c2-7274791aa941/resourceGroups/gadige-rg/providers/Microsoft.Network/networkSecurityGroups/my-nsg"
              },
              {
                "address_prefix": "10.0.2.0/24",
                "id": "/subscriptions/e35bea4b-678e-4390-b4c2-7274791aa941/resourceGroups/gadige-rg/providers/Microsoft.Network/virtualNetworks/gadige-vn/subnets/gadige-subnet-2",
                "name": "gadige-subnet-2",
                "security_group": "/subscriptions/e35bea4b-678e-4390-b4c2-7274791aa941/resourceGroups/gadige-rg/providers/Microsoft.Network/networkSecurityGroups/my-nsg"
              }
            ],
            "tags": {},
            "timeouts": null,
            "vm_protection_enabled": false
          },
          "sensitive_attributes": [],
          "private": "eyJlMmJmYjczMC1lY2FhLTExZTYtOGY4OC0zNDM2M2JjN2M0YzAiOnsiY3JlYXRlIjoxODAwMDAwMDAwMDAwLCJkZWxldGUiOjE4MDAwMDAwMDAwMDAsInJlYWQiOjMwMDAwMDAwMDAwMCwidXBkYXRlIjoxODAwMDAwMDAwMDAwfX0=",
          "dependencies": [
            "azurerm_resource_group.gadige"
          ]
        }
      ]
    }
  ],
  "check_results": null
}
